// !$*UTF8*$!
{
	archiveVersion = 1;
	classes = {
	};
	objectVersion = 46;
	objects = {

/* Begin PBXBuildFile section */
		1F0EE6A71C9FA4E7000631F0 /* libstdc++.tbd in Frameworks */ = {isa = PBXBuildFile; fileRef = 1F0EE6A61C9FA4E7000631F0 /* libstdc++.tbd */; };
		1F0EE6A91C9FA4F6000631F0 /* libz.tbd in Frameworks */ = {isa = PBXBuildFile; fileRef = 1F0EE6A81C9FA4F6000631F0 /* libz.tbd */; };
		1F223B1D1CD714F3007687F7 /* messages.plist in Resources */ = {isa = PBXBuildFile; fileRef = 1F223B1C1CD714F3007687F7 /* messages.plist */; };
		1F27AE881CE06BB1005A434B /* AlipaySDK.bundle in Resources */ = {isa = PBXBuildFile; fileRef = 1F27AE861CE06BB1005A434B /* AlipaySDK.bundle */; };
		1F27AE891CE06BB1005A434B /* AlipaySDK.framework in Frameworks */ = {isa = PBXBuildFile; fileRef = 1F27AE871CE06BB1005A434B /* AlipaySDK.framework */; };
		1F27AE8B1CE06BFA005A434B /* libc++.tbd in Frameworks */ = {isa = PBXBuildFile; fileRef = 1F27AE8A1CE06BFA005A434B /* libc++.tbd */; };
		1F27AE8D1CE06C3C005A434B /* CoreText.framework in Frameworks */ = {isa = PBXBuildFile; fileRef = 1F27AE8C1CE06C3C005A434B /* CoreText.framework */; };
		1F27AE8E1CE06C48005A434B /* CoreGraphics.framework in Frameworks */ = {isa = PBXBuildFile; fileRef = 280045181C805CA3005F5C2E /* CoreGraphics.framework */; };
		1F27AE901CE06C56005A434B /* UIKit.framework in Frameworks */ = {isa = PBXBuildFile; fileRef = 1F27AE8F1CE06C56005A434B /* UIKit.framework */; };
		1F27AE921CE06C70005A434B /* CFNetwork.framework in Frameworks */ = {isa = PBXBuildFile; fileRef = 1F27AE911CE06C70005A434B /* CFNetwork.framework */; };
		1F27AE941CE06C7E005A434B /* CoreMotion.framework in Frameworks */ = {isa = PBXBuildFile; fileRef = 1F27AE931CE06C7E005A434B /* CoreMotion.framework */; };
		1F27AE9C1CE0EACE005A434B /* mapapi.bundle in Resources */ = {isa = PBXBuildFile; fileRef = 1F27AE9B1CE0EACE005A434B /* mapapi.bundle */; };
		1F35F03D1CD1D7170000DB95 /* AddressBook.framework in Frameworks */ = {isa = PBXBuildFile; fileRef = 1F35F03C1CD1D7170000DB95 /* AddressBook.framework */; };
		1F35F03F1CD1DC580000DB95 /* MessageUI.framework in Frameworks */ = {isa = PBXBuildFile; fileRef = 1F35F03E1CD1DC580000DB95 /* MessageUI.framework */; };
		1F35F0411CD1DC640000DB95 /* AddressBookUI.framework in Frameworks */ = {isa = PBXBuildFile; fileRef = 1F35F0401CD1DC640000DB95 /* AddressBookUI.framework */; };
		1F35F0511CD2336E0000DB95 /* areas.plist in Resources */ = {isa = PBXBuildFile; fileRef = 1F35F0501CD2336E0000DB95 /* areas.plist */; };
		1F3C0A771CBF461300B84FEB /* libPods-Fiu.a in Frameworks */ = {isa = PBXBuildFile; fileRef = 1F3C0A761CBF461300B84FEB /* libPods-Fiu.a */; };
		1F59E5FC1C9ABBA500E96C60 /* Accelerate.framework in Frameworks */ = {isa = PBXBuildFile; fileRef = 1F59E5FB1C9ABBA500E96C60 /* Accelerate.framework */; };
		1F772AB31CF3FC7E0018AE40 /* UMSocialLocalizable.strings in Resources */ = {isa = PBXBuildFile; fileRef = 1F772A941CF3FC7E0018AE40 /* UMSocialLocalizable.strings */; };
		1F772AB41CF3FC7E0018AE40 /* libUMSocial_Sdk_5.2.a in Frameworks */ = {isa = PBXBuildFile; fileRef = 1F772AA21CF3FC7E0018AE40 /* libUMSocial_Sdk_5.2.a */; };
		1F772AB51CF3FC7E0018AE40 /* UMSCommentDetailController.xib in Resources */ = {isa = PBXBuildFile; fileRef = 1F772AA41CF3FC7E0018AE40 /* UMSCommentDetailController.xib */; };
		1F772AB61CF3FC7E0018AE40 /* UMSCommentInputController.xib in Resources */ = {isa = PBXBuildFile; fileRef = 1F772AA51CF3FC7E0018AE40 /* UMSCommentInputController.xib */; };
		1F772AB71CF3FC7E0018AE40 /* UMSCommentInputControlleriPad.xib in Resources */ = {isa = PBXBuildFile; fileRef = 1F772AA61CF3FC7E0018AE40 /* UMSCommentInputControlleriPad.xib */; };
		1F772AB81CF3FC7E0018AE40 /* UMShareEditViewController.xib in Resources */ = {isa = PBXBuildFile; fileRef = 1F772AA71CF3FC7E0018AE40 /* UMShareEditViewController.xib */; };
		1F772AB91CF3FC7E0018AE40 /* UMShareEditViewControlleriPad.xib in Resources */ = {isa = PBXBuildFile; fileRef = 1F772AA81CF3FC7E0018AE40 /* UMShareEditViewControlleriPad.xib */; };
		1F772ABA1CF3FC7E0018AE40 /* UMSLoginViewController.xib in Resources */ = {isa = PBXBuildFile; fileRef = 1F772AA91CF3FC7E0018AE40 /* UMSLoginViewController.xib */; };
		1F772ABB1CF3FC7E0018AE40 /* UMSnsAccountViewController.xib in Resources */ = {isa = PBXBuildFile; fileRef = 1F772AAA1CF3FC7E0018AE40 /* UMSnsAccountViewController.xib */; };
		1F772ABC1CF3FC7E0018AE40 /* UMSShareListController.xib in Resources */ = {isa = PBXBuildFile; fileRef = 1F772AAB1CF3FC7E0018AE40 /* UMSShareListController.xib */; };
		1F772ABD1CF3FC7E0018AE40 /* UMSocialSDKResourcesNew.bundle in Resources */ = {isa = PBXBuildFile; fileRef = 1F772AAC1CF3FC7E0018AE40 /* UMSocialSDKResourcesNew.bundle */; };
		1F772B581CF3FD070018AE40 /* FiuPeople.xib in Resources */ = {isa = PBXBuildFile; fileRef = 1F772AE11CF3FD070018AE40 /* FiuPeople.xib */; };
		1F772B591CF3FD070018AE40 /* FiuPeopleView.m in Sources */ = {isa = PBXBuildFile; fileRef = 1F772AE31CF3FD070018AE40 /* FiuPeopleView.m */; };
		1F772B5A1CF3FD070018AE40 /* ThnGoodsCommentViewController.m in Sources */ = {isa = PBXBuildFile; fileRef = 1F772AFC1CF3FD070018AE40 /* ThnGoodsCommentViewController.m */; };
		1F772B5B1CF3FD070018AE40 /* ChangePwdViewController.m in Sources */ = {isa = PBXBuildFile; fileRef = 1F772B551CF3FD070018AE40 /* ChangePwdViewController.m */; };
		1F772B5C1CF3FD070018AE40 /* ChangePwdViewController.xib in Resources */ = {isa = PBXBuildFile; fileRef = 1F772B561CF3FD070018AE40 /* ChangePwdViewController.xib */; };
		1F772B5E1CF3FD910018AE40 /* AppDelegate.mm in Sources */ = {isa = PBXBuildFile; fileRef = 1F772B5D1CF3FD910018AE40 /* AppDelegate.mm */; };
		1FC6782E1CDB33ED00535162 /* UIView+TYAlertView.m in Sources */ = {isa = PBXBuildFile; fileRef = 1FC6782C1CDB33ED00535162 /* UIView+TYAlertView.m */; };
		280045111C805B78005F5C2E /* CoreLocation.framework in Frameworks */ = {isa = PBXBuildFile; fileRef = 280045101C805B78005F5C2E /* CoreLocation.framework */; };
		280045131C805B82005F5C2E /* QuartzCore.framework in Frameworks */ = {isa = PBXBuildFile; fileRef = 280045121C805B82005F5C2E /* QuartzCore.framework */; };
		280045151C805B8C005F5C2E /* OpenGLES.framework in Frameworks */ = {isa = PBXBuildFile; fileRef = 280045141C805B8C005F5C2E /* OpenGLES.framework */; };
		280045171C805C92005F5C2E /* SystemConfiguration.framework in Frameworks */ = {isa = PBXBuildFile; fileRef = 280045161C805C92005F5C2E /* SystemConfiguration.framework */; };
		2800451B1C805CAC005F5C2E /* Security.framework in Frameworks */ = {isa = PBXBuildFile; fileRef = 2800451A1C805CAC005F5C2E /* Security.framework */; };
		2800451F1C805CCA005F5C2E /* CoreTelephony.framework in Frameworks */ = {isa = PBXBuildFile; fileRef = 2800451E1C805CCA005F5C2E /* CoreTelephony.framework */; };
		D802D7791C821D41007AFA3D /* AssetsLibrary.framework in Frameworks */ = {isa = PBXBuildFile; fileRef = D802D7781C821D41007AFA3D /* AssetsLibrary.framework */; };
		D8035F2F1CB77D0C001920F9 /* UIImage+Helper.m in Sources */ = {isa = PBXBuildFile; fileRef = D8035F2E1CB77D0C001920F9 /* UIImage+Helper.m */; };
		D8035F3B1CB784B3001920F9 /* UILable+Frame.m in Sources */ = {isa = PBXBuildFile; fileRef = D8035F3A1CB784B3001920F9 /* UILable+Frame.m */; };
		D80D415B1CAD1437005D72B1 /* FBNavigationViewController.m in Sources */ = {isa = PBXBuildFile; fileRef = D80D41591CAD1437005D72B1 /* FBNavigationViewController.m */; };
		D80D415E1CAD144D005D72B1 /* UIBarButtonItem+Helper.m in Sources */ = {isa = PBXBuildFile; fileRef = D80D415C1CAD144D005D72B1 /* UIBarButtonItem+Helper.m */; };
		D81281121CAA8532007CF08B /* LaunchScreen.storyboard in Resources */ = {isa = PBXBuildFile; fileRef = D81280171CAA8532007CF08B /* LaunchScreen.storyboard */; };
		D81281131CAA8532007CF08B /* FBViewController.m in Sources */ = {isa = PBXBuildFile; fileRef = D812801C1CAA8532007CF08B /* FBViewController.m */; };
		D81281531CAA8532007CF08B /* FBAPI.m in Sources */ = {isa = PBXBuildFile; fileRef = D81280B21CAA8532007CF08B /* FBAPI.m */; };
		D81281541CAA8532007CF08B /* FBRequest.m in Sources */ = {isa = PBXBuildFile; fileRef = D81280B41CAA8532007CF08B /* FBRequest.m */; };
		D81281551CAA8532007CF08B /* HttpTool.m in Sources */ = {isa = PBXBuildFile; fileRef = D81280B61CAA8532007CF08B /* HttpTool.m */; };
		D81281561CAA8532007CF08B /* NSString+FBMD5.m in Sources */ = {isa = PBXBuildFile; fileRef = D81280B91CAA8532007CF08B /* NSString+FBMD5.m */; };
		D81281571CAA8532007CF08B /* NSString+Helper.m in Sources */ = {isa = PBXBuildFile; fileRef = D81280BB1CAA8532007CF08B /* NSString+Helper.m */; };
		D81281581CAA8532007CF08B /* UIColor+Extension.m in Sources */ = {isa = PBXBuildFile; fileRef = D81280BD1CAA8532007CF08B /* UIColor+Extension.m */; };
		D81281591CAA8532007CF08B /* UIImageView+SDWedImage.m in Sources */ = {isa = PBXBuildFile; fileRef = D81280BF1CAA8532007CF08B /* UIImageView+SDWedImage.m */; };
		D812815A1CAA8532007CF08B /* fineix.xcdatamodeld in Sources */ = {isa = PBXBuildFile; fileRef = D81280C01CAA8532007CF08B /* fineix.xcdatamodeld */; };
		D812815B1CAA8532007CF08B /* Info.plist in Resources */ = {isa = PBXBuildFile; fileRef = D81280C21CAA8532007CF08B /* Info.plist */; };
		D812815C1CAA8532007CF08B /* InfoPlist.strings in Resources */ = {isa = PBXBuildFile; fileRef = D81280C41CAA8532007CF08B /* InfoPlist.strings */; };
		D812815D1CAA8532007CF08B /* Localizable.strings in Resources */ = {isa = PBXBuildFile; fileRef = D81280C61CAA8532007CF08B /* Localizable.strings */; };
		D812815E1CAA8532007CF08B /* main.m in Sources */ = {isa = PBXBuildFile; fileRef = D81280CA1CAA8532007CF08B /* main.m */; };
		D812815F1CAA8532007CF08B /* BaiduMapAPI_Base.framework in Frameworks */ = {isa = PBXBuildFile; fileRef = D81280CD1CAA8532007CF08B /* BaiduMapAPI_Base.framework */; };
		D81281601CAA8532007CF08B /* BaiduMapAPI_Cloud.framework in Frameworks */ = {isa = PBXBuildFile; fileRef = D81280CE1CAA8532007CF08B /* BaiduMapAPI_Cloud.framework */; };
		D81281611CAA8532007CF08B /* BaiduMapAPI_Location.framework in Frameworks */ = {isa = PBXBuildFile; fileRef = D81280CF1CAA8532007CF08B /* BaiduMapAPI_Location.framework */; };
		D81281621CAA8532007CF08B /* BaiduMapAPI_Map.framework in Frameworks */ = {isa = PBXBuildFile; fileRef = D81280D01CAA8532007CF08B /* BaiduMapAPI_Map.framework */; };
		D81281631CAA8532007CF08B /* BaiduMapAPI_Radar.framework in Frameworks */ = {isa = PBXBuildFile; fileRef = D81280D11CAA8532007CF08B /* BaiduMapAPI_Radar.framework */; };
		D81281641CAA8532007CF08B /* BaiduMapAPI_Search.framework in Frameworks */ = {isa = PBXBuildFile; fileRef = D81280D21CAA8532007CF08B /* BaiduMapAPI_Search.framework */; };
		D81281651CAA8532007CF08B /* BaiduMapAPI_Utils.framework in Frameworks */ = {isa = PBXBuildFile; fileRef = D81280D31CAA8532007CF08B /* BaiduMapAPI_Utils.framework */; };
		D81281661CAA8532007CF08B /* JKDBHelper.m in Sources */ = {isa = PBXBuildFile; fileRef = D81280D61CAA8532007CF08B /* JKDBHelper.m */; };
		D81281671CAA8532007CF08B /* JKDBModel.m in Sources */ = {isa = PBXBuildFile; fileRef = D81280D81CAA8532007CF08B /* JKDBModel.m */; };
		D83A64321C8E7765003DB8BB /* Photos.framework in Frameworks */ = {isa = PBXBuildFile; fileRef = D83A64311C8E7765003DB8BB /* Photos.framework */; };
		D83A64331C8E7E93003DB8BB /* AVFoundation.framework in Frameworks */ = {isa = PBXBuildFile; fileRef = D802D7891C844101007AFA3D /* AVFoundation.framework */; };
		D83A64351C8E7EAD003DB8BB /* Foundation.framework in Frameworks */ = {isa = PBXBuildFile; fileRef = D83A64341C8E7EAD003DB8BB /* Foundation.framework */; };
		D83A64371C8E7EBD003DB8BB /* CoreVideo.framework in Frameworks */ = {isa = PBXBuildFile; fileRef = D83A64361C8E7EBD003DB8BB /* CoreVideo.framework */; };
		D83A64391C8E7EC5003DB8BB /* CoreMedia.framework in Frameworks */ = {isa = PBXBuildFile; fileRef = D83A64381C8E7EC5003DB8BB /* CoreMedia.framework */; };
		D83A643B1C8E7ED2003DB8BB /* CoreImage.framework in Frameworks */ = {isa = PBXBuildFile; fileRef = D83A643A1C8E7ED2003DB8BB /* CoreImage.framework */; };
		D87B69BF1CC726BA00199EFE /* FBRollImages.m in Sources */ = {isa = PBXBuildFile; fileRef = D87B69BB1CC726BA00199EFE /* FBRollImages.m */; };
		D87B69C01CC726BA00199EFE /* GroupHeaderView.m in Sources */ = {isa = PBXBuildFile; fileRef = D87B69BD1CC726BA00199EFE /* GroupHeaderView.m */; };
		D87B69E11CC7274900199EFE /* FBMenuView.m in Sources */ = {isa = PBXBuildFile; fileRef = D87B69DF1CC7274900199EFE /* FBMenuView.m */; };
		D8A9AD091CD9CCA900A9FCFB /* Assets.xcassets in Resources */ = {isa = PBXBuildFile; fileRef = D8A9AD081CD9CCA900A9FCFB /* Assets.xcassets */; };
		D8A9ADC91CD9E34600A9FCFB /* FBFootView.m in Sources */ = {isa = PBXBuildFile; fileRef = D8A9ADC81CD9E34600A9FCFB /* FBFootView.m */; };
		D8A9AE401CE304FF00A9FCFB /* NSTimer+Addition.m in Sources */ = {isa = PBXBuildFile; fileRef = D8A9AE3F1CE304FF00A9FCFB /* NSTimer+Addition.m */; };
		D8AEC7511CA8E3A000A868B6 /* libsqlite3.tbd in Frameworks */ = {isa = PBXBuildFile; fileRef = 1F0EE6A41C9FA47B000631F0 /* libsqlite3.tbd */; };
		D8AEC7521CA8E3AE00A868B6 /* libiconv.tbd in Frameworks */ = {isa = PBXBuildFile; fileRef = 1F0EE6A21C9FA43C000631F0 /* libiconv.tbd */; };
		D8AEC7531CA8E3BB00A868B6 /* libstdc++.6.0.9.tbd in Frameworks */ = {isa = PBXBuildFile; fileRef = 280045201C805CD7005F5C2E /* libstdc++.6.0.9.tbd */; };
		D8AEC7541CA8E3C700A868B6 /* libsqlite3.0.tbd in Frameworks */ = {isa = PBXBuildFile; fileRef = 2800451C1C805CBD005F5C2E /* libsqlite3.0.tbd */; };
/* End PBXBuildFile section */

/* Begin PBXFileReference section */
		105868C9EE6A797B288440BF /* Pods-Fiu.release.xcconfig */ = {isa = PBXFileReference; includeInIndex = 1; lastKnownFileType = text.xcconfig; name = "Pods-Fiu.release.xcconfig"; path = "Pods/Target Support Files/Pods-Fiu/Pods-Fiu.release.xcconfig"; sourceTree = "<group>"; };
		1F0EE6A21C9FA43C000631F0 /* libiconv.tbd */ = {isa = PBXFileReference; lastKnownFileType = "sourcecode.text-based-dylib-definition"; name = libiconv.tbd; path = usr/lib/libiconv.tbd; sourceTree = SDKROOT; };
		1F0EE6A41C9FA47B000631F0 /* libsqlite3.tbd */ = {isa = PBXFileReference; lastKnownFileType = "sourcecode.text-based-dylib-definition"; name = libsqlite3.tbd; path = usr/lib/libsqlite3.tbd; sourceTree = SDKROOT; };
		1F0EE6A61C9FA4E7000631F0 /* libstdc++.tbd */ = {isa = PBXFileReference; lastKnownFileType = "sourcecode.text-based-dylib-definition"; name = "libstdc++.tbd"; path = "usr/lib/libstdc++.tbd"; sourceTree = SDKROOT; };
		1F0EE6A81C9FA4F6000631F0 /* libz.tbd */ = {isa = PBXFileReference; lastKnownFileType = "sourcecode.text-based-dylib-definition"; name = libz.tbd; path = usr/lib/libz.tbd; sourceTree = SDKROOT; };
		1F223B1C1CD714F3007687F7 /* messages.plist */ = {isa = PBXFileReference; fileEncoding = 4; lastKnownFileType = text.plist.xml; path = messages.plist; sourceTree = "<group>"; };
		1F27AE861CE06BB1005A434B /* AlipaySDK.bundle */ = {isa = PBXFileReference; lastKnownFileType = "wrapper.plug-in"; path = AlipaySDK.bundle; sourceTree = "<group>"; };
		1F27AE871CE06BB1005A434B /* AlipaySDK.framework */ = {isa = PBXFileReference; lastKnownFileType = wrapper.framework; path = AlipaySDK.framework; sourceTree = "<group>"; };
		1F27AE8A1CE06BFA005A434B /* libc++.tbd */ = {isa = PBXFileReference; lastKnownFileType = "sourcecode.text-based-dylib-definition"; name = "libc++.tbd"; path = "usr/lib/libc++.tbd"; sourceTree = SDKROOT; };
		1F27AE8C1CE06C3C005A434B /* CoreText.framework */ = {isa = PBXFileReference; lastKnownFileType = wrapper.framework; name = CoreText.framework; path = System/Library/Frameworks/CoreText.framework; sourceTree = SDKROOT; };
		1F27AE8F1CE06C56005A434B /* UIKit.framework */ = {isa = PBXFileReference; lastKnownFileType = wrapper.framework; name = UIKit.framework; path = System/Library/Frameworks/UIKit.framework; sourceTree = SDKROOT; };
		1F27AE911CE06C70005A434B /* CFNetwork.framework */ = {isa = PBXFileReference; lastKnownFileType = wrapper.framework; name = CFNetwork.framework; path = System/Library/Frameworks/CFNetwork.framework; sourceTree = SDKROOT; };
		1F27AE931CE06C7E005A434B /* CoreMotion.framework */ = {isa = PBXFileReference; lastKnownFileType = wrapper.framework; name = CoreMotion.framework; path = System/Library/Frameworks/CoreMotion.framework; sourceTree = SDKROOT; };
		1F27AE9B1CE0EACE005A434B /* mapapi.bundle */ = {isa = PBXFileReference; lastKnownFileType = "wrapper.plug-in"; name = mapapi.bundle; path = Fiu/Vendors/BaiduMapSDK/BaiduMapAPI_Map.framework/Resources/mapapi.bundle; sourceTree = "<group>"; };
		1F35F03C1CD1D7170000DB95 /* AddressBook.framework */ = {isa = PBXFileReference; lastKnownFileType = wrapper.framework; name = AddressBook.framework; path = System/Library/Frameworks/AddressBook.framework; sourceTree = SDKROOT; };
		1F35F03E1CD1DC580000DB95 /* MessageUI.framework */ = {isa = PBXFileReference; lastKnownFileType = wrapper.framework; name = MessageUI.framework; path = System/Library/Frameworks/MessageUI.framework; sourceTree = SDKROOT; };
		1F35F0401CD1DC640000DB95 /* AddressBookUI.framework */ = {isa = PBXFileReference; lastKnownFileType = wrapper.framework; name = AddressBookUI.framework; path = System/Library/Frameworks/AddressBookUI.framework; sourceTree = SDKROOT; };
		1F35F0501CD2336E0000DB95 /* areas.plist */ = {isa = PBXFileReference; fileEncoding = 4; lastKnownFileType = text.plist.xml; path = areas.plist; sourceTree = "<group>"; };
		1F3C0A761CBF461300B84FEB /* libPods-Fiu.a */ = {isa = PBXFileReference; lastKnownFileType = archive.ar; name = "libPods-Fiu.a"; path = "../Library/Developer/Xcode/DerivedData/Fiu-cjbswbuyriripaegqmobstwznrnk/Build/Products/Debug-iphonesimulator/libPods-Fiu.a"; sourceTree = "<group>"; };
		1F59E5FB1C9ABBA500E96C60 /* Accelerate.framework */ = {isa = PBXFileReference; lastKnownFileType = wrapper.framework; name = Accelerate.framework; path = System/Library/Frameworks/Accelerate.framework; sourceTree = SDKROOT; };
		1F772A951CF3FC7E0018AE40 /* en */ = {isa = PBXFileReference; lastKnownFileType = text.plist.strings; name = en; path = en.lproj/UMSocialLocalizable.strings; sourceTree = "<group>"; };
		1F772A971CF3FC7E0018AE40 /* UMSocial.h */ = {isa = PBXFileReference; fileEncoding = 4; lastKnownFileType = sourcecode.c.h; path = UMSocial.h; sourceTree = "<group>"; };
		1F772A981CF3FC7E0018AE40 /* UMSocialAccountManager.h */ = {isa = PBXFileReference; fileEncoding = 4; lastKnownFileType = sourcecode.c.h; path = UMSocialAccountManager.h; sourceTree = "<group>"; };
		1F772A991CF3FC7E0018AE40 /* UMSocialBar.h */ = {isa = PBXFileReference; fileEncoding = 4; lastKnownFileType = sourcecode.c.h; path = UMSocialBar.h; sourceTree = "<group>"; };
		1F772A9A1CF3FC7E0018AE40 /* UMSocialConfig.h */ = {isa = PBXFileReference; fileEncoding = 4; lastKnownFileType = sourcecode.c.h; path = UMSocialConfig.h; sourceTree = "<group>"; };
		1F772A9B1CF3FC7E0018AE40 /* UMSocialControllerService.h */ = {isa = PBXFileReference; fileEncoding = 4; lastKnownFileType = sourcecode.c.h; path = UMSocialControllerService.h; sourceTree = "<group>"; };
		1F772A9C1CF3FC7E0018AE40 /* UMSocialControllerServiceComment.h */ = {isa = PBXFileReference; fileEncoding = 4; lastKnownFileType = sourcecode.c.h; path = UMSocialControllerServiceComment.h; sourceTree = "<group>"; };
		1F772A9D1CF3FC7E0018AE40 /* UMSocialData.h */ = {isa = PBXFileReference; fileEncoding = 4; lastKnownFileType = sourcecode.c.h; path = UMSocialData.h; sourceTree = "<group>"; };
		1F772A9E1CF3FC7E0018AE40 /* UMSocialDataService.h */ = {isa = PBXFileReference; fileEncoding = 4; lastKnownFileType = sourcecode.c.h; path = UMSocialDataService.h; sourceTree = "<group>"; };
		1F772A9F1CF3FC7E0018AE40 /* UMSocialSnsData.h */ = {isa = PBXFileReference; fileEncoding = 4; lastKnownFileType = sourcecode.c.h; path = UMSocialSnsData.h; sourceTree = "<group>"; };
		1F772AA01CF3FC7E0018AE40 /* UMSocialSnsPlatformManager.h */ = {isa = PBXFileReference; fileEncoding = 4; lastKnownFileType = sourcecode.c.h; path = UMSocialSnsPlatformManager.h; sourceTree = "<group>"; };
		1F772AA11CF3FC7E0018AE40 /* UMSocialSnsService.h */ = {isa = PBXFileReference; fileEncoding = 4; lastKnownFileType = sourcecode.c.h; path = UMSocialSnsService.h; sourceTree = "<group>"; };
		1F772AA21CF3FC7E0018AE40 /* libUMSocial_Sdk_5.2.a */ = {isa = PBXFileReference; lastKnownFileType = archive.ar; path = libUMSocial_Sdk_5.2.a; sourceTree = "<group>"; };
		1F772AA41CF3FC7E0018AE40 /* UMSCommentDetailController.xib */ = {isa = PBXFileReference; fileEncoding = 4; lastKnownFileType = file.xib; path = UMSCommentDetailController.xib; sourceTree = "<group>"; };
		1F772AA51CF3FC7E0018AE40 /* UMSCommentInputController.xib */ = {isa = PBXFileReference; fileEncoding = 4; lastKnownFileType = file.xib; path = UMSCommentInputController.xib; sourceTree = "<group>"; };
		1F772AA61CF3FC7E0018AE40 /* UMSCommentInputControlleriPad.xib */ = {isa = PBXFileReference; fileEncoding = 4; lastKnownFileType = file.xib; path = UMSCommentInputControlleriPad.xib; sourceTree = "<group>"; };
		1F772AA71CF3FC7E0018AE40 /* UMShareEditViewController.xib */ = {isa = PBXFileReference; fileEncoding = 4; lastKnownFileType = file.xib; path = UMShareEditViewController.xib; sourceTree = "<group>"; };
		1F772AA81CF3FC7E0018AE40 /* UMShareEditViewControlleriPad.xib */ = {isa = PBXFileReference; fileEncoding = 4; lastKnownFileType = file.xib; path = UMShareEditViewControlleriPad.xib; sourceTree = "<group>"; };
		1F772AA91CF3FC7E0018AE40 /* UMSLoginViewController.xib */ = {isa = PBXFileReference; fileEncoding = 4; lastKnownFileType = file.xib; path = UMSLoginViewController.xib; sourceTree = "<group>"; };
		1F772AAA1CF3FC7E0018AE40 /* UMSnsAccountViewController.xib */ = {isa = PBXFileReference; fileEncoding = 4; lastKnownFileType = file.xib; path = UMSnsAccountViewController.xib; sourceTree = "<group>"; };
		1F772AAB1CF3FC7E0018AE40 /* UMSShareListController.xib */ = {isa = PBXFileReference; fileEncoding = 4; lastKnownFileType = file.xib; path = UMSShareListController.xib; sourceTree = "<group>"; };
		1F772AAC1CF3FC7E0018AE40 /* UMSocialSDKResourcesNew.bundle */ = {isa = PBXFileReference; lastKnownFileType = "wrapper.plug-in"; path = UMSocialSDKResourcesNew.bundle; sourceTree = "<group>"; };
		1F772AAD1CF3FC7E0018AE40 /* zh-Hans */ = {isa = PBXFileReference; lastKnownFileType = text.plist.strings; name = "zh-Hans"; path = "zh-Hans.lproj/UMSocialLocalizable.strings"; sourceTree = "<group>"; };
		1F772AB01CF3FC7E0018AE40 /* WeiboSDK+Statistics.h */ = {isa = PBXFileReference; fileEncoding = 4; lastKnownFileType = sourcecode.c.h; path = "WeiboSDK+Statistics.h"; sourceTree = "<group>"; };
		1F772AE11CF3FD070018AE40 /* FiuPeople.xib */ = {isa = PBXFileReference; fileEncoding = 4; lastKnownFileType = file.xib; path = FiuPeople.xib; sourceTree = "<group>"; };
		1F772AE21CF3FD070018AE40 /* FiuPeopleView.h */ = {isa = PBXFileReference; fileEncoding = 4; lastKnownFileType = sourcecode.c.h; path = FiuPeopleView.h; sourceTree = "<group>"; };
		1F772AE31CF3FD070018AE40 /* FiuPeopleView.m */ = {isa = PBXFileReference; fileEncoding = 4; lastKnownFileType = sourcecode.c.objc; path = FiuPeopleView.m; sourceTree = "<group>"; };
		1F772AFB1CF3FD070018AE40 /* ThnGoodsCommentViewController.h */ = {isa = PBXFileReference; fileEncoding = 4; lastKnownFileType = sourcecode.c.h; path = ThnGoodsCommentViewController.h; sourceTree = "<group>"; };
		1F772AFC1CF3FD070018AE40 /* ThnGoodsCommentViewController.m */ = {isa = PBXFileReference; fileEncoding = 4; lastKnownFileType = sourcecode.c.objc; path = ThnGoodsCommentViewController.m; sourceTree = "<group>"; };
		1F772B541CF3FD070018AE40 /* ChangePwdViewController.h */ = {isa = PBXFileReference; fileEncoding = 4; lastKnownFileType = sourcecode.c.h; path = ChangePwdViewController.h; sourceTree = "<group>"; };
		1F772B551CF3FD070018AE40 /* ChangePwdViewController.m */ = {isa = PBXFileReference; fileEncoding = 4; lastKnownFileType = sourcecode.c.objc; path = ChangePwdViewController.m; sourceTree = "<group>"; };
		1F772B561CF3FD070018AE40 /* ChangePwdViewController.xib */ = {isa = PBXFileReference; fileEncoding = 4; lastKnownFileType = file.xib; path = ChangePwdViewController.xib; sourceTree = "<group>"; };
		1F772B5D1CF3FD910018AE40 /* AppDelegate.mm */ = {isa = PBXFileReference; fileEncoding = 4; lastKnownFileType = sourcecode.cpp.objcpp; path = AppDelegate.mm; sourceTree = "<group>"; };
		1FC6782C1CDB33ED00535162 /* UIView+TYAlertView.m */ = {isa = PBXFileReference; fileEncoding = 4; lastKnownFileType = sourcecode.c.objc; path = "UIView+TYAlertView.m"; sourceTree = "<group>"; };
		1FC6782D1CDB33ED00535162 /* UIView+TYAutoLayout.h */ = {isa = PBXFileReference; fileEncoding = 4; lastKnownFileType = sourcecode.c.h; path = "UIView+TYAutoLayout.h"; sourceTree = "<group>"; };
		280045101C805B78005F5C2E /* CoreLocation.framework */ = {isa = PBXFileReference; lastKnownFileType = wrapper.framework; name = CoreLocation.framework; path = System/Library/Frameworks/CoreLocation.framework; sourceTree = SDKROOT; };
		280045121C805B82005F5C2E /* QuartzCore.framework */ = {isa = PBXFileReference; lastKnownFileType = wrapper.framework; name = QuartzCore.framework; path = System/Library/Frameworks/QuartzCore.framework; sourceTree = SDKROOT; };
		280045141C805B8C005F5C2E /* OpenGLES.framework */ = {isa = PBXFileReference; lastKnownFileType = wrapper.framework; name = OpenGLES.framework; path = System/Library/Frameworks/OpenGLES.framework; sourceTree = SDKROOT; };
		280045161C805C92005F5C2E /* SystemConfiguration.framework */ = {isa = PBXFileReference; lastKnownFileType = wrapper.framework; name = SystemConfiguration.framework; path = System/Library/Frameworks/SystemConfiguration.framework; sourceTree = SDKROOT; };
		280045181C805CA3005F5C2E /* CoreGraphics.framework */ = {isa = PBXFileReference; lastKnownFileType = wrapper.framework; name = CoreGraphics.framework; path = System/Library/Frameworks/CoreGraphics.framework; sourceTree = SDKROOT; };
		2800451A1C805CAC005F5C2E /* Security.framework */ = {isa = PBXFileReference; lastKnownFileType = wrapper.framework; name = Security.framework; path = System/Library/Frameworks/Security.framework; sourceTree = SDKROOT; };
		2800451C1C805CBD005F5C2E /* libsqlite3.0.tbd */ = {isa = PBXFileReference; lastKnownFileType = "sourcecode.text-based-dylib-definition"; name = libsqlite3.0.tbd; path = usr/lib/libsqlite3.0.tbd; sourceTree = SDKROOT; };
		2800451E1C805CCA005F5C2E /* CoreTelephony.framework */ = {isa = PBXFileReference; lastKnownFileType = wrapper.framework; name = CoreTelephony.framework; path = System/Library/Frameworks/CoreTelephony.framework; sourceTree = SDKROOT; };
		280045201C805CD7005F5C2E /* libstdc++.6.0.9.tbd */ = {isa = PBXFileReference; lastKnownFileType = "sourcecode.text-based-dylib-definition"; name = "libstdc++.6.0.9.tbd"; path = "usr/lib/libstdc++.6.0.9.tbd"; sourceTree = SDKROOT; };
		800507341C7A9CDD005AF0BE /* Fiu.app */ = {isa = PBXFileReference; explicitFileType = wrapper.application; includeInIndex = 0; path = Fiu.app; sourceTree = BUILT_PRODUCTS_DIR; };
		D802D7781C821D41007AFA3D /* AssetsLibrary.framework */ = {isa = PBXFileReference; lastKnownFileType = wrapper.framework; name = AssetsLibrary.framework; path = System/Library/Frameworks/AssetsLibrary.framework; sourceTree = SDKROOT; };
		D802D7891C844101007AFA3D /* AVFoundation.framework */ = {isa = PBXFileReference; lastKnownFileType = wrapper.framework; name = AVFoundation.framework; path = System/Library/Frameworks/AVFoundation.framework; sourceTree = SDKROOT; };
		D8035F2D1CB77D0C001920F9 /* UIImage+Helper.h */ = {isa = PBXFileReference; fileEncoding = 4; lastKnownFileType = sourcecode.c.h; path = "UIImage+Helper.h"; sourceTree = "<group>"; };
		D8035F2E1CB77D0C001920F9 /* UIImage+Helper.m */ = {isa = PBXFileReference; fileEncoding = 4; lastKnownFileType = sourcecode.c.objc; path = "UIImage+Helper.m"; sourceTree = "<group>"; };
		D8035F391CB784B3001920F9 /* UILable+Frame.h */ = {isa = PBXFileReference; fileEncoding = 4; lastKnownFileType = sourcecode.c.h; path = "UILable+Frame.h"; sourceTree = "<group>"; };
		D8035F3A1CB784B3001920F9 /* UILable+Frame.m */ = {isa = PBXFileReference; fileEncoding = 4; lastKnownFileType = sourcecode.c.objc; path = "UILable+Frame.m"; sourceTree = "<group>"; };
		D80D41591CAD1437005D72B1 /* FBNavigationViewController.m */ = {isa = PBXFileReference; fileEncoding = 4; lastKnownFileType = sourcecode.c.objc; path = FBNavigationViewController.m; sourceTree = "<group>"; };
		D80D415A1CAD1437005D72B1 /* FBNavigationViewController.h */ = {isa = PBXFileReference; fileEncoding = 4; lastKnownFileType = sourcecode.c.h; path = FBNavigationViewController.h; sourceTree = "<group>"; };
		D80D415C1CAD144D005D72B1 /* UIBarButtonItem+Helper.m */ = {isa = PBXFileReference; fileEncoding = 4; lastKnownFileType = sourcecode.c.objc; path = "UIBarButtonItem+Helper.m"; sourceTree = "<group>"; };
		D80D415D1CAD144D005D72B1 /* UIBarButtonItem+Helper.h */ = {isa = PBXFileReference; fileEncoding = 4; lastKnownFileType = sourcecode.c.h; path = "UIBarButtonItem+Helper.h"; sourceTree = "<group>"; };
		D81280141CAA8532007CF08B /* AppDelegate.h */ = {isa = PBXFileReference; fileEncoding = 4; lastKnownFileType = sourcecode.c.h; path = AppDelegate.h; sourceTree = "<group>"; };
		D81280181CAA8532007CF08B /* Base */ = {isa = PBXFileReference; lastKnownFileType = file.storyboard; name = Base; path = Base.lproj/LaunchScreen.storyboard; sourceTree = "<group>"; };
		D812801B1CAA8532007CF08B /* FBViewController.h */ = {isa = PBXFileReference; fileEncoding = 4; lastKnownFileType = sourcecode.c.h; path = FBViewController.h; sourceTree = "<group>"; };
		D812801C1CAA8532007CF08B /* FBViewController.m */ = {isa = PBXFileReference; fileEncoding = 4; lastKnownFileType = sourcecode.c.objc; path = FBViewController.m; sourceTree = "<group>"; };
		D81280AE1CAA8532007CF08B /* FBConfig.h */ = {isa = PBXFileReference; fileEncoding = 4; lastKnownFileType = sourcecode.c.h; path = FBConfig.h; sourceTree = "<group>"; };
		D81280AF1CAA8532007CF08B /* Fiu.h */ = {isa = PBXFileReference; fileEncoding = 4; lastKnownFileType = sourcecode.c.h; path = Fiu.h; sourceTree = "<group>"; };
		D81280B11CAA8532007CF08B /* FBAPI.h */ = {isa = PBXFileReference; fileEncoding = 4; lastKnownFileType = sourcecode.c.h; path = FBAPI.h; sourceTree = "<group>"; };
		D81280B21CAA8532007CF08B /* FBAPI.m */ = {isa = PBXFileReference; fileEncoding = 4; lastKnownFileType = sourcecode.c.objc; path = FBAPI.m; sourceTree = "<group>"; };
		D81280B31CAA8532007CF08B /* FBRequest.h */ = {isa = PBXFileReference; fileEncoding = 4; lastKnownFileType = sourcecode.c.h; path = FBRequest.h; sourceTree = "<group>"; };
		D81280B41CAA8532007CF08B /* FBRequest.m */ = {isa = PBXFileReference; fileEncoding = 4; lastKnownFileType = sourcecode.c.objc; path = FBRequest.m; sourceTree = "<group>"; };
		D81280B51CAA8532007CF08B /* HttpTool.h */ = {isa = PBXFileReference; fileEncoding = 4; lastKnownFileType = sourcecode.c.h; path = HttpTool.h; sourceTree = "<group>"; };
		D81280B61CAA8532007CF08B /* HttpTool.m */ = {isa = PBXFileReference; fileEncoding = 4; lastKnownFileType = sourcecode.c.objc; path = HttpTool.m; sourceTree = "<group>"; };
		D81280B81CAA8532007CF08B /* NSString+FBMD5.h */ = {isa = PBXFileReference; fileEncoding = 4; lastKnownFileType = sourcecode.c.h; path = "NSString+FBMD5.h"; sourceTree = "<group>"; };
		D81280B91CAA8532007CF08B /* NSString+FBMD5.m */ = {isa = PBXFileReference; fileEncoding = 4; lastKnownFileType = sourcecode.c.objc; path = "NSString+FBMD5.m"; sourceTree = "<group>"; };
		D81280BA1CAA8532007CF08B /* NSString+Helper.h */ = {isa = PBXFileReference; fileEncoding = 4; lastKnownFileType = sourcecode.c.h; path = "NSString+Helper.h"; sourceTree = "<group>"; };
		D81280BB1CAA8532007CF08B /* NSString+Helper.m */ = {isa = PBXFileReference; fileEncoding = 4; lastKnownFileType = sourcecode.c.objc; path = "NSString+Helper.m"; sourceTree = "<group>"; };
		D81280BC1CAA8532007CF08B /* UIColor+Extension.h */ = {isa = PBXFileReference; fileEncoding = 4; lastKnownFileType = sourcecode.c.h; path = "UIColor+Extension.h"; sourceTree = "<group>"; };
		D81280BD1CAA8532007CF08B /* UIColor+Extension.m */ = {isa = PBXFileReference; fileEncoding = 4; lastKnownFileType = sourcecode.c.objc; path = "UIColor+Extension.m"; sourceTree = "<group>"; };
		D81280BE1CAA8532007CF08B /* UIImageView+SDWedImage.h */ = {isa = PBXFileReference; fileEncoding = 4; lastKnownFileType = sourcecode.c.h; path = "UIImageView+SDWedImage.h"; sourceTree = "<group>"; };
		D81280BF1CAA8532007CF08B /* UIImageView+SDWedImage.m */ = {isa = PBXFileReference; fileEncoding = 4; lastKnownFileType = sourcecode.c.objc; path = "UIImageView+SDWedImage.m"; sourceTree = "<group>"; };
		D81280C11CAA8532007CF08B /* fineix.xcdatamodel */ = {isa = PBXFileReference; lastKnownFileType = wrapper.xcdatamodel; path = fineix.xcdatamodel; sourceTree = "<group>"; };
		D81280C21CAA8532007CF08B /* Info.plist */ = {isa = PBXFileReference; fileEncoding = 4; lastKnownFileType = text.plist.xml; path = Info.plist; sourceTree = "<group>"; };
		D81280C51CAA8532007CF08B /* en */ = {isa = PBXFileReference; lastKnownFileType = text.plist.strings; name = en; path = en.lproj/InfoPlist.strings; sourceTree = "<group>"; };
		D81280C71CAA8532007CF08B /* en */ = {isa = PBXFileReference; lastKnownFileType = text.plist.strings; name = en; path = en.lproj/Localizable.strings; sourceTree = "<group>"; };
		D81280C81CAA8532007CF08B /* zh-Hans */ = {isa = PBXFileReference; lastKnownFileType = text.plist.strings; name = "zh-Hans"; path = "zh-Hans.lproj/InfoPlist.strings"; sourceTree = "<group>"; };
		D81280C91CAA8532007CF08B /* zh-Hans */ = {isa = PBXFileReference; lastKnownFileType = text.plist.strings; name = "zh-Hans"; path = "zh-Hans.lproj/Localizable.strings"; sourceTree = "<group>"; };
		D81280CA1CAA8532007CF08B /* main.m */ = {isa = PBXFileReference; fileEncoding = 4; lastKnownFileType = sourcecode.c.objc; path = main.m; sourceTree = "<group>"; };
		D81280CD1CAA8532007CF08B /* BaiduMapAPI_Base.framework */ = {isa = PBXFileReference; lastKnownFileType = wrapper.framework; path = BaiduMapAPI_Base.framework; sourceTree = "<group>"; };
		D81280CE1CAA8532007CF08B /* BaiduMapAPI_Cloud.framework */ = {isa = PBXFileReference; lastKnownFileType = wrapper.framework; path = BaiduMapAPI_Cloud.framework; sourceTree = "<group>"; };
		D81280CF1CAA8532007CF08B /* BaiduMapAPI_Location.framework */ = {isa = PBXFileReference; lastKnownFileType = wrapper.framework; path = BaiduMapAPI_Location.framework; sourceTree = "<group>"; };
		D81280D01CAA8532007CF08B /* BaiduMapAPI_Map.framework */ = {isa = PBXFileReference; lastKnownFileType = wrapper.framework; path = BaiduMapAPI_Map.framework; sourceTree = "<group>"; };
		D81280D11CAA8532007CF08B /* BaiduMapAPI_Radar.framework */ = {isa = PBXFileReference; lastKnownFileType = wrapper.framework; path = BaiduMapAPI_Radar.framework; sourceTree = "<group>"; };
		D81280D21CAA8532007CF08B /* BaiduMapAPI_Search.framework */ = {isa = PBXFileReference; lastKnownFileType = wrapper.framework; path = BaiduMapAPI_Search.framework; sourceTree = "<group>"; };
		D81280D31CAA8532007CF08B /* BaiduMapAPI_Utils.framework */ = {isa = PBXFileReference; lastKnownFileType = wrapper.framework; path = BaiduMapAPI_Utils.framework; sourceTree = "<group>"; };
		D81280D51CAA8532007CF08B /* JKDBHelper.h */ = {isa = PBXFileReference; fileEncoding = 4; lastKnownFileType = sourcecode.c.h; path = JKDBHelper.h; sourceTree = "<group>"; };
		D81280D61CAA8532007CF08B /* JKDBHelper.m */ = {isa = PBXFileReference; fileEncoding = 4; lastKnownFileType = sourcecode.c.objc; path = JKDBHelper.m; sourceTree = "<group>"; };
		D81280D71CAA8532007CF08B /* JKDBModel.h */ = {isa = PBXFileReference; fileEncoding = 4; lastKnownFileType = sourcecode.c.h; path = JKDBModel.h; sourceTree = "<group>"; };
		D81280D81CAA8532007CF08B /* JKDBModel.m */ = {isa = PBXFileReference; fileEncoding = 4; lastKnownFileType = sourcecode.c.objc; path = JKDBModel.m; sourceTree = "<group>"; };
		D83A64311C8E7765003DB8BB /* Photos.framework */ = {isa = PBXFileReference; lastKnownFileType = wrapper.framework; name = Photos.framework; path = System/Library/Frameworks/Photos.framework; sourceTree = SDKROOT; };
		D83A64341C8E7EAD003DB8BB /* Foundation.framework */ = {isa = PBXFileReference; lastKnownFileType = wrapper.framework; name = Foundation.framework; path = System/Library/Frameworks/Foundation.framework; sourceTree = SDKROOT; };
		D83A64361C8E7EBD003DB8BB /* CoreVideo.framework */ = {isa = PBXFileReference; lastKnownFileType = wrapper.framework; name = CoreVideo.framework; path = System/Library/Frameworks/CoreVideo.framework; sourceTree = SDKROOT; };
		D83A64381C8E7EC5003DB8BB /* CoreMedia.framework */ = {isa = PBXFileReference; lastKnownFileType = wrapper.framework; name = CoreMedia.framework; path = System/Library/Frameworks/CoreMedia.framework; sourceTree = SDKROOT; };
		D83A643A1C8E7ED2003DB8BB /* CoreImage.framework */ = {isa = PBXFileReference; lastKnownFileType = wrapper.framework; name = CoreImage.framework; path = System/Library/Frameworks/CoreImage.framework; sourceTree = SDKROOT; };
		D87B69BA1CC726BA00199EFE /* FBRollImages.h */ = {isa = PBXFileReference; fileEncoding = 4; lastKnownFileType = sourcecode.c.h; path = FBRollImages.h; sourceTree = "<group>"; };
		D87B69BB1CC726BA00199EFE /* FBRollImages.m */ = {isa = PBXFileReference; fileEncoding = 4; lastKnownFileType = sourcecode.c.objc; path = FBRollImages.m; sourceTree = "<group>"; };
		D87B69BC1CC726BA00199EFE /* GroupHeaderView.h */ = {isa = PBXFileReference; fileEncoding = 4; lastKnownFileType = sourcecode.c.h; path = GroupHeaderView.h; sourceTree = "<group>"; };
		D87B69BD1CC726BA00199EFE /* GroupHeaderView.m */ = {isa = PBXFileReference; fileEncoding = 4; lastKnownFileType = sourcecode.c.objc; path = GroupHeaderView.m; sourceTree = "<group>"; };
		D87B69DF1CC7274900199EFE /* FBMenuView.m */ = {isa = PBXFileReference; fileEncoding = 4; lastKnownFileType = sourcecode.c.objc; path = FBMenuView.m; sourceTree = "<group>"; };
		D87B69E01CC7274900199EFE /* FBMenuView.h */ = {isa = PBXFileReference; fileEncoding = 4; lastKnownFileType = sourcecode.c.h; path = FBMenuView.h; sourceTree = "<group>"; };
		D8A9AD081CD9CCA900A9FCFB /* Assets.xcassets */ = {isa = PBXFileReference; lastKnownFileType = folder.assetcatalog; path = Assets.xcassets; sourceTree = "<group>"; };
		D8A9ADC71CD9E34600A9FCFB /* FBFootView.h */ = {isa = PBXFileReference; fileEncoding = 4; lastKnownFileType = sourcecode.c.h; path = FBFootView.h; sourceTree = "<group>"; };
		D8A9ADC81CD9E34600A9FCFB /* FBFootView.m */ = {isa = PBXFileReference; fileEncoding = 4; lastKnownFileType = sourcecode.c.objc; path = FBFootView.m; sourceTree = "<group>"; };
		D8A9AE3E1CE304FF00A9FCFB /* NSTimer+Addition.h */ = {isa = PBXFileReference; fileEncoding = 4; lastKnownFileType = sourcecode.c.h; path = "NSTimer+Addition.h"; sourceTree = "<group>"; };
		D8A9AE3F1CE304FF00A9FCFB /* NSTimer+Addition.m */ = {isa = PBXFileReference; fileEncoding = 4; lastKnownFileType = sourcecode.c.objc; path = "NSTimer+Addition.m"; sourceTree = "<group>"; };
		E0438B4B24E3F747F761AF4C /* Pods-Fiu.debug.xcconfig */ = {isa = PBXFileReference; includeInIndex = 1; lastKnownFileType = text.xcconfig; name = "Pods-Fiu.debug.xcconfig"; path = "Pods/Target Support Files/Pods-Fiu/Pods-Fiu.debug.xcconfig"; sourceTree = "<group>"; };
/* End PBXFileReference section */

/* Begin PBXFrameworksBuildPhase section */
		800507311C7A9CDD005AF0BE /* Frameworks */ = {
			isa = PBXFrameworksBuildPhase;
			buildActionMask = 2147483647;
			files = (
				1F27AE891CE06BB1005A434B /* AlipaySDK.framework in Frameworks */,
				1F27AE941CE06C7E005A434B /* CoreMotion.framework in Frameworks */,
				1F27AE921CE06C70005A434B /* CFNetwork.framework in Frameworks */,
				D83A64351C8E7EAD003DB8BB /* Foundation.framework in Frameworks */,
				1F27AE901CE06C56005A434B /* UIKit.framework in Frameworks */,
				1F27AE8E1CE06C48005A434B /* CoreGraphics.framework in Frameworks */,
				1F27AE8D1CE06C3C005A434B /* CoreText.framework in Frameworks */,
				280045131C805B82005F5C2E /* QuartzCore.framework in Frameworks */,
				2800451F1C805CCA005F5C2E /* CoreTelephony.framework in Frameworks */,
				280045171C805C92005F5C2E /* SystemConfiguration.framework in Frameworks */,
				1F0EE6A91C9FA4F6000631F0 /* libz.tbd in Frameworks */,
				1F27AE8B1CE06BFA005A434B /* libc++.tbd in Frameworks */,
				1F35F0411CD1DC640000DB95 /* AddressBookUI.framework in Frameworks */,
				1F35F03F1CD1DC580000DB95 /* MessageUI.framework in Frameworks */,
				1F35F03D1CD1D7170000DB95 /* AddressBook.framework in Frameworks */,
				1F3C0A771CBF461300B84FEB /* libPods-Fiu.a in Frameworks */,
				D8AEC7541CA8E3C700A868B6 /* libsqlite3.0.tbd in Frameworks */,
				D8AEC7531CA8E3BB00A868B6 /* libstdc++.6.0.9.tbd in Frameworks */,
				D8AEC7521CA8E3AE00A868B6 /* libiconv.tbd in Frameworks */,
				D8AEC7511CA8E3A000A868B6 /* libsqlite3.tbd in Frameworks */,
				D81281601CAA8532007CF08B /* BaiduMapAPI_Cloud.framework in Frameworks */,
				1F772AB41CF3FC7E0018AE40 /* libUMSocial_Sdk_5.2.a in Frameworks */,
				1F0EE6A71C9FA4E7000631F0 /* libstdc++.tbd in Frameworks */,
				1F59E5FC1C9ABBA500E96C60 /* Accelerate.framework in Frameworks */,
				D81281611CAA8532007CF08B /* BaiduMapAPI_Location.framework in Frameworks */,
				D83A643B1C8E7ED2003DB8BB /* CoreImage.framework in Frameworks */,
				D83A64391C8E7EC5003DB8BB /* CoreMedia.framework in Frameworks */,
				D83A64371C8E7EBD003DB8BB /* CoreVideo.framework in Frameworks */,
				D81281651CAA8532007CF08B /* BaiduMapAPI_Utils.framework in Frameworks */,
				D83A64331C8E7E93003DB8BB /* AVFoundation.framework in Frameworks */,
				D83A64321C8E7765003DB8BB /* Photos.framework in Frameworks */,
				D802D7791C821D41007AFA3D /* AssetsLibrary.framework in Frameworks */,
				2800451B1C805CAC005F5C2E /* Security.framework in Frameworks */,
				D81281621CAA8532007CF08B /* BaiduMapAPI_Map.framework in Frameworks */,
				280045151C805B8C005F5C2E /* OpenGLES.framework in Frameworks */,
				280045111C805B78005F5C2E /* CoreLocation.framework in Frameworks */,
				D812815F1CAA8532007CF08B /* BaiduMapAPI_Base.framework in Frameworks */,
				D81281631CAA8532007CF08B /* BaiduMapAPI_Radar.framework in Frameworks */,
				D81281641CAA8532007CF08B /* BaiduMapAPI_Search.framework in Frameworks */,
			);
			runOnlyForDeploymentPostprocessing = 0;
		};
/* End PBXFrameworksBuildPhase section */

/* Begin PBXGroup section */
		1F27AE851CE06BB1005A434B /* AliPay */ = {
			isa = PBXGroup;
			children = (
				1F27AE861CE06BB1005A434B /* AlipaySDK.bundle */,
				1F27AE871CE06BB1005A434B /* AlipaySDK.framework */,
			);
			path = AliPay;
			sourceTree = "<group>";
		};
		1F35F04F1CD2336E0000DB95 /* Resource */ = {
			isa = PBXGroup;
			children = (
				1F223B1C1CD714F3007687F7 /* messages.plist */,
				1F35F0501CD2336E0000DB95 /* areas.plist */,
			);
			name = Resource;
			path = Fiu/Resource;
			sourceTree = SOURCE_ROOT;
		};
		1F772A931CF3FC7E0018AE40 /* UMSocial_Sdk_5.2 */ = {
			isa = PBXGroup;
			children = (
				1F772A941CF3FC7E0018AE40 /* UMSocialLocalizable.strings */,
				1F772A961CF3FC7E0018AE40 /* Header */,
				1F772AA21CF3FC7E0018AE40 /* libUMSocial_Sdk_5.2.a */,
				1F772AA31CF3FC7E0018AE40 /* SocialSDKXib */,
				1F772AAC1CF3FC7E0018AE40 /* UMSocialSDKResourcesNew.bundle */,
			);
			path = UMSocial_Sdk_5.2;
			sourceTree = "<group>";
		};
		1F772A961CF3FC7E0018AE40 /* Header */ = {
			isa = PBXGroup;
			children = (
				1F772A971CF3FC7E0018AE40 /* UMSocial.h */,
				1F772A981CF3FC7E0018AE40 /* UMSocialAccountManager.h */,
				1F772A991CF3FC7E0018AE40 /* UMSocialBar.h */,
				1F772A9A1CF3FC7E0018AE40 /* UMSocialConfig.h */,
				1F772A9B1CF3FC7E0018AE40 /* UMSocialControllerService.h */,
				1F772A9C1CF3FC7E0018AE40 /* UMSocialControllerServiceComment.h */,
				1F772A9D1CF3FC7E0018AE40 /* UMSocialData.h */,
				1F772A9E1CF3FC7E0018AE40 /* UMSocialDataService.h */,
				1F772A9F1CF3FC7E0018AE40 /* UMSocialSnsData.h */,
				1F772AA01CF3FC7E0018AE40 /* UMSocialSnsPlatformManager.h */,
				1F772AA11CF3FC7E0018AE40 /* UMSocialSnsService.h */,
			);
			path = Header;
			sourceTree = "<group>";
		};
		1F772AA31CF3FC7E0018AE40 /* SocialSDKXib */ = {
			isa = PBXGroup;
			children = (
				1F772AA41CF3FC7E0018AE40 /* UMSCommentDetailController.xib */,
				1F772AA51CF3FC7E0018AE40 /* UMSCommentInputController.xib */,
				1F772AA61CF3FC7E0018AE40 /* UMSCommentInputControlleriPad.xib */,
				1F772AA71CF3FC7E0018AE40 /* UMShareEditViewController.xib */,
				1F772AA81CF3FC7E0018AE40 /* UMShareEditViewControlleriPad.xib */,
				1F772AA91CF3FC7E0018AE40 /* UMSLoginViewController.xib */,
				1F772AAA1CF3FC7E0018AE40 /* UMSnsAccountViewController.xib */,
				1F772AAB1CF3FC7E0018AE40 /* UMSShareListController.xib */,
			);
			path = SocialSDKXib;
			sourceTree = "<group>";
		};
		1F772AAE1CF3FC7E0018AE40 /* UMSocial_Sdk_Extra_Frameworks */ = {
			isa = PBXGroup;
			children = (
				1F772AAF1CF3FC7E0018AE40 /* SinaSSO */,
				1F772AB11CF3FC7E0018AE40 /* TencentOpenAPI */,
				1F772AB21CF3FC7E0018AE40 /* Wechat */,
			);
			path = UMSocial_Sdk_Extra_Frameworks;
			sourceTree = "<group>";
		};
		1F772AAF1CF3FC7E0018AE40 /* SinaSSO */ = {
			isa = PBXGroup;
			children = (
				1F772AB01CF3FC7E0018AE40 /* WeiboSDK+Statistics.h */,
			);
			path = SinaSSO;
			sourceTree = "<group>";
		};
		1F772AB11CF3FC7E0018AE40 /* TencentOpenAPI */ = {
			isa = PBXGroup;
			children = (
			);
			path = TencentOpenAPI;
			sourceTree = "<group>";
		};
		1F772AB21CF3FC7E0018AE40 /* Wechat */ = {
			isa = PBXGroup;
			children = (
			);
			path = Wechat;
			sourceTree = "<group>";
		};
		1F772ABE1CF3FD070018AE40 /* Main */ = {
			isa = PBXGroup;
			children = (
				1F772ABF1CF3FD070018AE40 /* Create */,
				1F772AD41CF3FD070018AE40 /* Discover */,
				1F772AE61CF3FD070018AE40 /* Home */,
				1F772AF61CF3FD070018AE40 /* Mall */,
				1F772B0D1CF3FD070018AE40 /* My */,
				1F772B111CF3FD070018AE40 /* Other */,
			);
			path = Main;
			sourceTree = "<group>";
		};
		1F772ABF1CF3FD070018AE40 /* Create */ = {
			isa = PBXGroup;
			children = (
				1F772AC01CF3FD070018AE40 /* Controller */,
				1F772AC71CF3FD070018AE40 /* Model */,
				1F772ACB1CF3FD070018AE40 /* Other */,
				1F772ACC1CF3FD070018AE40 /* View */,
			);
			path = Create;
			sourceTree = "<group>";
		};
		1F772AC01CF3FD070018AE40 /* Controller */ = {
			isa = PBXGroup;
			children = (
				1F772AC11CF3FD070018AE40 /* Create */,
				1F772AC21CF3FD070018AE40 /* Location */,
				1F772AC31CF3FD070018AE40 /* Mark */,
				1F772AC41CF3FD070018AE40 /* SelectScene */,
				1F772AC51CF3FD070018AE40 /* Tag */,
				1F772AC61CF3FD070018AE40 /* Url */,
			);
			path = Controller;
			sourceTree = "<group>";
		};
		1F772AC11CF3FD070018AE40 /* Create */ = {
			isa = PBXGroup;
			children = (
			);
			path = Create;
			sourceTree = "<group>";
		};
		1F772AC21CF3FD070018AE40 /* Location */ = {
			isa = PBXGroup;
			children = (
			);
			path = Location;
			sourceTree = "<group>";
		};
		1F772AC31CF3FD070018AE40 /* Mark */ = {
			isa = PBXGroup;
			children = (
			);
			path = Mark;
			sourceTree = "<group>";
		};
		1F772AC41CF3FD070018AE40 /* SelectScene */ = {
			isa = PBXGroup;
			children = (
			);
			path = SelectScene;
			sourceTree = "<group>";
		};
		1F772AC51CF3FD070018AE40 /* Tag */ = {
			isa = PBXGroup;
			children = (
			);
			path = Tag;
			sourceTree = "<group>";
		};
		1F772AC61CF3FD070018AE40 /* Url */ = {
			isa = PBXGroup;
			children = (
			);
			path = Url;
			sourceTree = "<group>";
		};
		1F772AC71CF3FD070018AE40 /* Model */ = {
			isa = PBXGroup;
			children = (
				1F772AC81CF3FD070018AE40 /* FindGoods */,
				1F772AC91CF3FD070018AE40 /* Mark */,
				1F772ACA1CF3FD070018AE40 /* Photo */,
			);
			path = Model;
			sourceTree = "<group>";
		};
		1F772AC81CF3FD070018AE40 /* FindGoods */ = {
			isa = PBXGroup;
			children = (
			);
			path = FindGoods;
			sourceTree = "<group>";
		};
		1F772AC91CF3FD070018AE40 /* Mark */ = {
			isa = PBXGroup;
			children = (
			);
			path = Mark;
			sourceTree = "<group>";
		};
		1F772ACA1CF3FD070018AE40 /* Photo */ = {
			isa = PBXGroup;
			children = (
			);
			path = Photo;
			sourceTree = "<group>";
		};
		1F772ACB1CF3FD070018AE40 /* Other */ = {
			isa = PBXGroup;
			children = (
			);
			path = Other;
			sourceTree = "<group>";
		};
		1F772ACC1CF3FD070018AE40 /* View */ = {
			isa = PBXGroup;
			children = (
				1F772ACD1CF3FD070018AE40 /* Creat */,
				1F772ACE1CF3FD070018AE40 /* Mark */,
				1F772ACF1CF3FD070018AE40 /* Release */,
				1F772AD01CF3FD070018AE40 /* SelectScene */,
				1F772AD11CF3FD070018AE40 /* Tag */,
				1F772AD21CF3FD070018AE40 /* Url */,
				1F772AD31CF3FD070018AE40 /* UserAddGoods */,
			);
			path = View;
			sourceTree = "<group>";
		};
		1F772ACD1CF3FD070018AE40 /* Creat */ = {
			isa = PBXGroup;
			children = (
			);
			path = Creat;
			sourceTree = "<group>";
		};
		1F772ACE1CF3FD070018AE40 /* Mark */ = {
			isa = PBXGroup;
			children = (
			);
			path = Mark;
			sourceTree = "<group>";
		};
		1F772ACF1CF3FD070018AE40 /* Release */ = {
			isa = PBXGroup;
			children = (
			);
			path = Release;
			sourceTree = "<group>";
		};
		1F772AD01CF3FD070018AE40 /* SelectScene */ = {
			isa = PBXGroup;
			children = (
			);
			path = SelectScene;
			sourceTree = "<group>";
		};
		1F772AD11CF3FD070018AE40 /* Tag */ = {
			isa = PBXGroup;
			children = (
			);
			path = Tag;
			sourceTree = "<group>";
		};
		1F772AD21CF3FD070018AE40 /* Url */ = {
			isa = PBXGroup;
			children = (
			);
			path = Url;
			sourceTree = "<group>";
		};
		1F772AD31CF3FD070018AE40 /* UserAddGoods */ = {
			isa = PBXGroup;
			children = (
			);
			path = UserAddGoods;
			sourceTree = "<group>";
		};
		1F772AD41CF3FD070018AE40 /* Discover */ = {
			isa = PBXGroup;
			children = (
				1F772AD51CF3FD070018AE40 /* Controller */,
				1F772AD91CF3FD070018AE40 /* Model */,
				1F772ADE1CF3FD070018AE40 /* View */,
			);
			path = Discover;
			sourceTree = "<group>";
		};
		1F772AD51CF3FD070018AE40 /* Controller */ = {
			isa = PBXGroup;
			children = (
				1F772AD61CF3FD070018AE40 /* AllScene */,
				1F772AD71CF3FD070018AE40 /* Discover */,
				1F772AD81CF3FD070018AE40 /* FiuScene */,
			);
			path = Controller;
			sourceTree = "<group>";
		};
		1F772AD61CF3FD070018AE40 /* AllScene */ = {
			isa = PBXGroup;
			children = (
			);
			path = AllScene;
			sourceTree = "<group>";
		};
		1F772AD71CF3FD070018AE40 /* Discover */ = {
			isa = PBXGroup;
			children = (
			);
			path = Discover;
			sourceTree = "<group>";
		};
		1F772AD81CF3FD070018AE40 /* FiuScene */ = {
			isa = PBXGroup;
			children = (
			);
			path = FiuScene;
			sourceTree = "<group>";
		};
		1F772AD91CF3FD070018AE40 /* Model */ = {
			isa = PBXGroup;
			children = (
				1F772ADA1CF3FD070018AE40 /* FiuPeople */,
				1F772ADB1CF3FD070018AE40 /* FiuScene */,
				1F772ADC1CF3FD070018AE40 /* RollImage */,
				1F772ADD1CF3FD070018AE40 /* Tag */,
			);
			path = Model;
			sourceTree = "<group>";
		};
		1F772ADA1CF3FD070018AE40 /* FiuPeople */ = {
			isa = PBXGroup;
			children = (
			);
			path = FiuPeople;
			sourceTree = "<group>";
		};
		1F772ADB1CF3FD070018AE40 /* FiuScene */ = {
			isa = PBXGroup;
			children = (
			);
			path = FiuScene;
			sourceTree = "<group>";
		};
		1F772ADC1CF3FD070018AE40 /* RollImage */ = {
			isa = PBXGroup;
			children = (
			);
			path = RollImage;
			sourceTree = "<group>";
		};
		1F772ADD1CF3FD070018AE40 /* Tag */ = {
			isa = PBXGroup;
			children = (
			);
			path = Tag;
			sourceTree = "<group>";
		};
		1F772ADE1CF3FD070018AE40 /* View */ = {
			isa = PBXGroup;
			children = (
				1F772ADF1CF3FD070018AE40 /* AllScene */,
				1F772AE01CF3FD070018AE40 /* Discover */,
				1F772AE41CF3FD070018AE40 /* FiuScene */,
				1F772AE51CF3FD070018AE40 /* Other */,
			);
			path = View;
			sourceTree = "<group>";
		};
		1F772ADF1CF3FD070018AE40 /* AllScene */ = {
			isa = PBXGroup;
			children = (
			);
			path = AllScene;
			sourceTree = "<group>";
		};
		1F772AE01CF3FD070018AE40 /* Discover */ = {
			isa = PBXGroup;
			children = (
				1F772AE11CF3FD070018AE40 /* FiuPeople.xib */,
				1F772AE21CF3FD070018AE40 /* FiuPeopleView.h */,
				1F772AE31CF3FD070018AE40 /* FiuPeopleView.m */,
			);
			path = Discover;
			sourceTree = "<group>";
		};
		1F772AE41CF3FD070018AE40 /* FiuScene */ = {
			isa = PBXGroup;
			children = (
			);
			path = FiuScene;
			sourceTree = "<group>";
		};
		1F772AE51CF3FD070018AE40 /* Other */ = {
			isa = PBXGroup;
			children = (
			);
			path = Other;
			sourceTree = "<group>";
		};
		1F772AE61CF3FD070018AE40 /* Home */ = {
			isa = PBXGroup;
			children = (
				1F772AE71CF3FD070018AE40 /* Controller */,
				1F772AEC1CF3FD070018AE40 /* Model */,
				1F772AF01CF3FD070018AE40 /* Other */,
				1F772AF11CF3FD070018AE40 /* View */,
			);
			path = Home;
			sourceTree = "<group>";
		};
		1F772AE71CF3FD070018AE40 /* Controller */ = {
			isa = PBXGroup;
			children = (
				1F772AE81CF3FD070018AE40 /* Home */,
				1F772AE91CF3FD070018AE40 /* Scene */,
				1F772AEA1CF3FD070018AE40 /* Share */,
				1F772AEB1CF3FD070018AE40 /* Subscribe */,
			);
			path = Controller;
			sourceTree = "<group>";
		};
		1F772AE81CF3FD070018AE40 /* Home */ = {
			isa = PBXGroup;
			children = (
			);
			path = Home;
			sourceTree = "<group>";
		};
		1F772AE91CF3FD070018AE40 /* Scene */ = {
			isa = PBXGroup;
			children = (
			);
			path = Scene;
			sourceTree = "<group>";
		};
		1F772AEA1CF3FD070018AE40 /* Share */ = {
			isa = PBXGroup;
			children = (
			);
			path = Share;
			sourceTree = "<group>";
		};
		1F772AEB1CF3FD070018AE40 /* Subscribe */ = {
			isa = PBXGroup;
			children = (
			);
			path = Subscribe;
			sourceTree = "<group>";
		};
		1F772AEC1CF3FD070018AE40 /* Model */ = {
			isa = PBXGroup;
			children = (
				1F772AED1CF3FD070018AE40 /* Home */,
				1F772AEE1CF3FD070018AE40 /* LikeUser */,
				1F772AEF1CF3FD070018AE40 /* Scene */,
			);
			path = Model;
			sourceTree = "<group>";
		};
		1F772AED1CF3FD070018AE40 /* Home */ = {
			isa = PBXGroup;
			children = (
			);
			path = Home;
			sourceTree = "<group>";
		};
		1F772AEE1CF3FD070018AE40 /* LikeUser */ = {
			isa = PBXGroup;
			children = (
			);
			path = LikeUser;
			sourceTree = "<group>";
		};
		1F772AEF1CF3FD070018AE40 /* Scene */ = {
			isa = PBXGroup;
			children = (
			);
			path = Scene;
			sourceTree = "<group>";
		};
		1F772AF01CF3FD070018AE40 /* Other */ = {
			isa = PBXGroup;
			children = (
			);
			path = Other;
			sourceTree = "<group>";
		};
		1F772AF11CF3FD070018AE40 /* View */ = {
			isa = PBXGroup;
			children = (
				1F772AF21CF3FD070018AE40 /* Home */,
				1F772AF31CF3FD070018AE40 /* Other */,
				1F772AF41CF3FD070018AE40 /* Scene */,
				1F772AF51CF3FD070018AE40 /* Share */,
			);
			path = View;
			sourceTree = "<group>";
		};
		1F772AF21CF3FD070018AE40 /* Home */ = {
			isa = PBXGroup;
			children = (
			);
			path = Home;
			sourceTree = "<group>";
		};
		1F772AF31CF3FD070018AE40 /* Other */ = {
			isa = PBXGroup;
			children = (
			);
			path = Other;
			sourceTree = "<group>";
		};
		1F772AF41CF3FD070018AE40 /* Scene */ = {
			isa = PBXGroup;
			children = (
			);
			path = Scene;
			sourceTree = "<group>";
		};
		1F772AF51CF3FD070018AE40 /* Share */ = {
			isa = PBXGroup;
			children = (
			);
			path = Share;
			sourceTree = "<group>";
		};
		1F772AF61CF3FD070018AE40 /* Mall */ = {
			isa = PBXGroup;
			children = (
				1F772AF71CF3FD070018AE40 /* Controller */,
				1F772AFF1CF3FD070018AE40 /* Model */,
				1F772B061CF3FD070018AE40 /* View */,
			);
			path = Mall;
			sourceTree = "<group>";
		};
		1F772AF71CF3FD070018AE40 /* Controller */ = {
			isa = PBXGroup;
			children = (
				1F772AF81CF3FD070018AE40 /* Brand */,
				1F772AF91CF3FD070018AE40 /* Category */,
				1F772AFA1CF3FD070018AE40 /* Goods */,
				1F772AFD1CF3FD070018AE40 /* GoodsCar */,
				1F772AFE1CF3FD070018AE40 /* Mall */,
			);
			path = Controller;
			sourceTree = "<group>";
		};
		1F772AF81CF3FD070018AE40 /* Brand */ = {
			isa = PBXGroup;
			children = (
			);
			path = Brand;
			sourceTree = "<group>";
		};
		1F772AF91CF3FD070018AE40 /* Category */ = {
			isa = PBXGroup;
			children = (
			);
			path = Category;
			sourceTree = "<group>";
		};
		1F772AFA1CF3FD070018AE40 /* Goods */ = {
			isa = PBXGroup;
			children = (
				1F772AFB1CF3FD070018AE40 /* ThnGoodsCommentViewController.h */,
				1F772AFC1CF3FD070018AE40 /* ThnGoodsCommentViewController.m */,
			);
			path = Goods;
			sourceTree = "<group>";
		};
		1F772AFD1CF3FD070018AE40 /* GoodsCar */ = {
			isa = PBXGroup;
			children = (
			);
			path = GoodsCar;
			sourceTree = "<group>";
		};
		1F772AFE1CF3FD070018AE40 /* Mall */ = {
			isa = PBXGroup;
			children = (
			);
			path = Mall;
			sourceTree = "<group>";
		};
		1F772AFF1CF3FD070018AE40 /* Model */ = {
			isa = PBXGroup;
			children = (
				1F772B001CF3FD070018AE40 /* Brand */,
				1F772B011CF3FD070018AE40 /* Category */,
				1F772B021CF3FD070018AE40 /* ChildTags */,
				1F772B031CF3FD070018AE40 /* Goods */,
				1F772B041CF3FD070018AE40 /* GoodsCar */,
				1F772B051CF3FD070018AE40 /* Order */,
			);
			path = Model;
			sourceTree = "<group>";
		};
		1F772B001CF3FD070018AE40 /* Brand */ = {
			isa = PBXGroup;
			children = (
			);
			path = Brand;
			sourceTree = "<group>";
		};
		1F772B011CF3FD070018AE40 /* Category */ = {
			isa = PBXGroup;
			children = (
			);
			path = Category;
			sourceTree = "<group>";
		};
		1F772B021CF3FD070018AE40 /* ChildTags */ = {
			isa = PBXGroup;
			children = (
			);
			path = ChildTags;
			sourceTree = "<group>";
		};
		1F772B031CF3FD070018AE40 /* Goods */ = {
			isa = PBXGroup;
			children = (
			);
			path = Goods;
			sourceTree = "<group>";
		};
		1F772B041CF3FD070018AE40 /* GoodsCar */ = {
			isa = PBXGroup;
			children = (
			);
			path = GoodsCar;
			sourceTree = "<group>";
		};
		1F772B051CF3FD070018AE40 /* Order */ = {
			isa = PBXGroup;
			children = (
			);
			path = Order;
			sourceTree = "<group>";
		};
		1F772B061CF3FD070018AE40 /* View */ = {
			isa = PBXGroup;
			children = (
				1F772B071CF3FD070018AE40 /* Brand */,
				1F772B081CF3FD070018AE40 /* Category */,
				1F772B091CF3FD070018AE40 /* CollectionViewCell */,
				1F772B0A1CF3FD070018AE40 /* GoodsCar */,
				1F772B0B1CF3FD070018AE40 /* Order */,
				1F772B0C1CF3FD070018AE40 /* TableViewCell */,
			);
			path = View;
			sourceTree = "<group>";
		};
		1F772B071CF3FD070018AE40 /* Brand */ = {
			isa = PBXGroup;
			children = (
			);
			path = Brand;
			sourceTree = "<group>";
		};
		1F772B081CF3FD070018AE40 /* Category */ = {
			isa = PBXGroup;
			children = (
			);
			path = Category;
			sourceTree = "<group>";
		};
		1F772B091CF3FD070018AE40 /* CollectionViewCell */ = {
			isa = PBXGroup;
			children = (
			);
			path = CollectionViewCell;
			sourceTree = "<group>";
		};
		1F772B0A1CF3FD070018AE40 /* GoodsCar */ = {
			isa = PBXGroup;
			children = (
			);
			path = GoodsCar;
			sourceTree = "<group>";
		};
		1F772B0B1CF3FD070018AE40 /* Order */ = {
			isa = PBXGroup;
			children = (
			);
			path = Order;
			sourceTree = "<group>";
		};
		1F772B0C1CF3FD070018AE40 /* TableViewCell */ = {
			isa = PBXGroup;
			children = (
			);
			path = TableViewCell;
			sourceTree = "<group>";
		};
		1F772B0D1CF3FD070018AE40 /* My */ = {
			isa = PBXGroup;
			children = (
				1F772B0E1CF3FD070018AE40 /* Controller */,
				1F772B0F1CF3FD070018AE40 /* model */,
				1F772B101CF3FD070018AE40 /* view */,
			);
			path = My;
			sourceTree = "<group>";
		};
		1F772B0E1CF3FD070018AE40 /* Controller */ = {
			isa = PBXGroup;
			children = (
			);
			path = Controller;
			sourceTree = "<group>";
		};
		1F772B0F1CF3FD070018AE40 /* model */ = {
			isa = PBXGroup;
			children = (
			);
			path = model;
			sourceTree = "<group>";
		};
		1F772B101CF3FD070018AE40 /* view */ = {
			isa = PBXGroup;
			children = (
			);
			path = view;
			sourceTree = "<group>";
		};
		1F772B111CF3FD070018AE40 /* Other */ = {
			isa = PBXGroup;
			children = (
				1F772B121CF3FD070018AE40 /* Bonus */,
				1F772B161CF3FD070018AE40 /* Certification */,
				1F772B1B1CF3FD070018AE40 /* DeliveryAddress */,
				1F772B1F1CF3FD070018AE40 /* DirectMessages */,
				1F772B231CF3FD070018AE40 /* Integral */,
				1F772B271CF3FD070018AE40 /* Launch */,
				1F772B291CF3FD070018AE40 /* Location */,
				1F772B2D1CF3FD070018AE40 /* LoginRegister */,
				1F772B341CF3FD070018AE40 /* Message */,
				1F772B381CF3FD070018AE40 /* NearScenario */,
				1F772B3C1CF3FD070018AE40 /* OderInfo */,
				1F772B401CF3FD070018AE40 /* Pay */,
				1F772B431CF3FD070018AE40 /* Public */,
				1F772B4D1CF3FD070018AE40 /* ReceiveDetailedInformation */,
				1F772B501CF3FD070018AE40 /* Search */,
				1F772B531CF3FD070018AE40 /* Setting */,
				1F772B571CF3FD070018AE40 /* TabBar */,
			);
			path = Other;
			sourceTree = "<group>";
		};
		1F772B121CF3FD070018AE40 /* Bonus */ = {
			isa = PBXGroup;
			children = (
				1F772B131CF3FD070018AE40 /* Controller */,
				1F772B141CF3FD070018AE40 /* Model */,
				1F772B151CF3FD070018AE40 /* View */,
			);
			path = Bonus;
			sourceTree = "<group>";
		};
		1F772B131CF3FD070018AE40 /* Controller */ = {
			isa = PBXGroup;
			children = (
			);
			path = Controller;
			sourceTree = "<group>";
		};
		1F772B141CF3FD070018AE40 /* Model */ = {
			isa = PBXGroup;
			children = (
			);
			path = Model;
			sourceTree = "<group>";
		};
		1F772B151CF3FD070018AE40 /* View */ = {
			isa = PBXGroup;
			children = (
			);
			path = View;
			sourceTree = "<group>";
		};
		1F772B161CF3FD070018AE40 /* Certification */ = {
			isa = PBXGroup;
			children = (
				1F772B171CF3FD070018AE40 /* Controller */,
				1F772B181CF3FD070018AE40 /* Model */,
				1F772B191CF3FD070018AE40 /* Other */,
				1F772B1A1CF3FD070018AE40 /* View */,
			);
			path = Certification;
			sourceTree = "<group>";
		};
		1F772B171CF3FD070018AE40 /* Controller */ = {
			isa = PBXGroup;
			children = (
			);
			path = Controller;
			sourceTree = "<group>";
		};
		1F772B181CF3FD070018AE40 /* Model */ = {
			isa = PBXGroup;
			children = (
			);
			path = Model;
			sourceTree = "<group>";
		};
		1F772B191CF3FD070018AE40 /* Other */ = {
			isa = PBXGroup;
			children = (
			);
			path = Other;
			sourceTree = "<group>";
		};
		1F772B1A1CF3FD070018AE40 /* View */ = {
			isa = PBXGroup;
			children = (
			);
			path = View;
			sourceTree = "<group>";
		};
		1F772B1B1CF3FD070018AE40 /* DeliveryAddress */ = {
			isa = PBXGroup;
			children = (
				1F772B1C1CF3FD070018AE40 /* Controller */,
				1F772B1D1CF3FD070018AE40 /* Model */,
				1F772B1E1CF3FD070018AE40 /* View */,
			);
			path = DeliveryAddress;
			sourceTree = "<group>";
		};
		1F772B1C1CF3FD070018AE40 /* Controller */ = {
			isa = PBXGroup;
			children = (
			);
			path = Controller;
			sourceTree = "<group>";
		};
		1F772B1D1CF3FD070018AE40 /* Model */ = {
			isa = PBXGroup;
			children = (
			);
			path = Model;
			sourceTree = "<group>";
		};
		1F772B1E1CF3FD070018AE40 /* View */ = {
			isa = PBXGroup;
			children = (
			);
			path = View;
			sourceTree = "<group>";
		};
		1F772B1F1CF3FD070018AE40 /* DirectMessages */ = {
			isa = PBXGroup;
			children = (
				1F772B201CF3FD070018AE40 /* Controller */,
				1F772B211CF3FD070018AE40 /* Model */,
				1F772B221CF3FD070018AE40 /* View */,
			);
			path = DirectMessages;
			sourceTree = "<group>";
		};
		1F772B201CF3FD070018AE40 /* Controller */ = {
			isa = PBXGroup;
			children = (
			);
			path = Controller;
			sourceTree = "<group>";
		};
		1F772B211CF3FD070018AE40 /* Model */ = {
			isa = PBXGroup;
			children = (
			);
			path = Model;
			sourceTree = "<group>";
		};
		1F772B221CF3FD070018AE40 /* View */ = {
			isa = PBXGroup;
			children = (
			);
			path = View;
			sourceTree = "<group>";
		};
		1F772B231CF3FD070018AE40 /* Integral */ = {
			isa = PBXGroup;
			children = (
				1F772B241CF3FD070018AE40 /* Controller */,
				1F772B251CF3FD070018AE40 /* Model */,
				1F772B261CF3FD070018AE40 /* View */,
			);
			path = Integral;
			sourceTree = "<group>";
		};
		1F772B241CF3FD070018AE40 /* Controller */ = {
			isa = PBXGroup;
			children = (
			);
			path = Controller;
			sourceTree = "<group>";
		};
		1F772B251CF3FD070018AE40 /* Model */ = {
			isa = PBXGroup;
			children = (
			);
			path = Model;
			sourceTree = "<group>";
		};
		1F772B261CF3FD070018AE40 /* View */ = {
			isa = PBXGroup;
			children = (
			);
			path = View;
			sourceTree = "<group>";
		};
		1F772B271CF3FD070018AE40 /* Launch */ = {
			isa = PBXGroup;
			children = (
				1F772B281CF3FD070018AE40 /* Controlloer */,
			);
			path = Launch;
			sourceTree = "<group>";
		};
		1F772B281CF3FD070018AE40 /* Controlloer */ = {
			isa = PBXGroup;
			children = (
			);
			path = Controlloer;
			sourceTree = "<group>";
		};
		1F772B291CF3FD070018AE40 /* Location */ = {
			isa = PBXGroup;
			children = (
				1F772B2A1CF3FD070018AE40 /* Controller */,
				1F772B2B1CF3FD070018AE40 /* Model */,
				1F772B2C1CF3FD070018AE40 /* View */,
			);
			path = Location;
			sourceTree = "<group>";
		};
		1F772B2A1CF3FD070018AE40 /* Controller */ = {
			isa = PBXGroup;
			children = (
			);
			path = Controller;
			sourceTree = "<group>";
		};
		1F772B2B1CF3FD070018AE40 /* Model */ = {
			isa = PBXGroup;
			children = (
			);
			path = Model;
			sourceTree = "<group>";
		};
		1F772B2C1CF3FD070018AE40 /* View */ = {
			isa = PBXGroup;
			children = (
			);
			path = View;
			sourceTree = "<group>";
		};
		1F772B2D1CF3FD070018AE40 /* LoginRegister */ = {
			isa = PBXGroup;
			children = (
				1F772B2E1CF3FD070018AE40 /* Controller */,
				1F772B2F1CF3FD070018AE40 /* Model */,
				1F772B321CF3FD070018AE40 /* Other */,
				1F772B331CF3FD070018AE40 /* View */,
			);
			path = LoginRegister;
			sourceTree = "<group>";
		};
		1F772B2E1CF3FD070018AE40 /* Controller */ = {
			isa = PBXGroup;
			children = (
			);
			path = Controller;
			sourceTree = "<group>";
		};
		1F772B2F1CF3FD070018AE40 /* Model */ = {
			isa = PBXGroup;
			children = (
				1F772B301CF3FD070018AE40 /* DBModel */,
				1F772B311CF3FD070018AE40 /* RecommendedScenarioModel */,
			);
			path = Model;
			sourceTree = "<group>";
		};
		1F772B301CF3FD070018AE40 /* DBModel */ = {
			isa = PBXGroup;
			children = (
			);
			path = DBModel;
			sourceTree = "<group>";
		};
		1F772B311CF3FD070018AE40 /* RecommendedScenarioModel */ = {
			isa = PBXGroup;
			children = (
			);
			path = RecommendedScenarioModel;
			sourceTree = "<group>";
		};
		1F772B321CF3FD070018AE40 /* Other */ = {
			isa = PBXGroup;
			children = (
			);
			path = Other;
			sourceTree = "<group>";
		};
		1F772B331CF3FD070018AE40 /* View */ = {
			isa = PBXGroup;
			children = (
			);
			path = View;
			sourceTree = "<group>";
		};
		1F772B341CF3FD070018AE40 /* Message */ = {
			isa = PBXGroup;
			children = (
				1F772B351CF3FD070018AE40 /* Controller */,
				1F772B361CF3FD070018AE40 /* Model */,
				1F772B371CF3FD070018AE40 /* View */,
			);
			path = Message;
			sourceTree = "<group>";
		};
		1F772B351CF3FD070018AE40 /* Controller */ = {
			isa = PBXGroup;
			children = (
			);
			path = Controller;
			sourceTree = "<group>";
		};
		1F772B361CF3FD070018AE40 /* Model */ = {
			isa = PBXGroup;
			children = (
			);
			path = Model;
			sourceTree = "<group>";
		};
		1F772B371CF3FD070018AE40 /* View */ = {
			isa = PBXGroup;
			children = (
			);
			path = View;
			sourceTree = "<group>";
		};
		1F772B381CF3FD070018AE40 /* NearScenario */ = {
			isa = PBXGroup;
			children = (
				1F772B391CF3FD070018AE40 /* Controller */,
				1F772B3A1CF3FD070018AE40 /* Model */,
				1F772B3B1CF3FD070018AE40 /* View */,
			);
			path = NearScenario;
			sourceTree = "<group>";
		};
		1F772B391CF3FD070018AE40 /* Controller */ = {
			isa = PBXGroup;
			children = (
			);
			path = Controller;
			sourceTree = "<group>";
		};
		1F772B3A1CF3FD070018AE40 /* Model */ = {
			isa = PBXGroup;
			children = (
			);
			path = Model;
			sourceTree = "<group>";
		};
		1F772B3B1CF3FD070018AE40 /* View */ = {
			isa = PBXGroup;
			children = (
			);
			path = View;
			sourceTree = "<group>";
		};
		1F772B3C1CF3FD070018AE40 /* OderInfo */ = {
			isa = PBXGroup;
			children = (
				1F772B3D1CF3FD070018AE40 /* Controller */,
				1F772B3E1CF3FD070018AE40 /* Model */,
				1F772B3F1CF3FD070018AE40 /* View */,
			);
			path = OderInfo;
			sourceTree = "<group>";
		};
		1F772B3D1CF3FD070018AE40 /* Controller */ = {
			isa = PBXGroup;
			children = (
			);
			path = Controller;
			sourceTree = "<group>";
		};
		1F772B3E1CF3FD070018AE40 /* Model */ = {
			isa = PBXGroup;
			children = (
			);
			path = Model;
			sourceTree = "<group>";
		};
		1F772B3F1CF3FD070018AE40 /* View */ = {
			isa = PBXGroup;
			children = (
			);
			path = View;
			sourceTree = "<group>";
		};
		1F772B401CF3FD070018AE40 /* Pay */ = {
			isa = PBXGroup;
			children = (
				1F772B411CF3FD070018AE40 /* Controller */,
				1F772B421CF3FD070018AE40 /* Model */,
			);
			path = Pay;
			sourceTree = "<group>";
		};
		1F772B411CF3FD070018AE40 /* Controller */ = {
			isa = PBXGroup;
			children = (
			);
			path = Controller;
			sourceTree = "<group>";
		};
		1F772B421CF3FD070018AE40 /* Model */ = {
			isa = PBXGroup;
			children = (
			);
			path = Model;
			sourceTree = "<group>";
		};
		1F772B431CF3FD070018AE40 /* Public */ = {
			isa = PBXGroup;
			children = (
				1F772B441CF3FD070018AE40 /* Alert */,
				1F772B461CF3FD070018AE40 /* Comment */,
				1F772B4A1CF3FD070018AE40 /* Report */,
				1F772B4C1CF3FD070018AE40 /* ShareView */,
			);
			path = Public;
			sourceTree = "<group>";
		};
		1F772B441CF3FD070018AE40 /* Alert */ = {
			isa = PBXGroup;
			children = (
				1F772B451CF3FD070018AE40 /* Controller */,
			);
			path = Alert;
			sourceTree = "<group>";
		};
		1F772B451CF3FD070018AE40 /* Controller */ = {
			isa = PBXGroup;
			children = (
			);
			path = Controller;
			sourceTree = "<group>";
		};
		1F772B461CF3FD070018AE40 /* Comment */ = {
			isa = PBXGroup;
			children = (
				1F772B471CF3FD070018AE40 /* Controller */,
				1F772B481CF3FD070018AE40 /* Model */,
				1F772B491CF3FD070018AE40 /* View */,
			);
			path = Comment;
			sourceTree = "<group>";
		};
		1F772B471CF3FD070018AE40 /* Controller */ = {
			isa = PBXGroup;
			children = (
			);
			path = Controller;
			sourceTree = "<group>";
		};
		1F772B481CF3FD070018AE40 /* Model */ = {
			isa = PBXGroup;
			children = (
			);
			path = Model;
			sourceTree = "<group>";
		};
		1F772B491CF3FD070018AE40 /* View */ = {
			isa = PBXGroup;
			children = (
			);
			path = View;
			sourceTree = "<group>";
		};
		1F772B4A1CF3FD070018AE40 /* Report */ = {
			isa = PBXGroup;
			children = (
				1F772B4B1CF3FD070018AE40 /* Controller */,
			);
			path = Report;
			sourceTree = "<group>";
		};
		1F772B4B1CF3FD070018AE40 /* Controller */ = {
			isa = PBXGroup;
			children = (
			);
			path = Controller;
			sourceTree = "<group>";
		};
		1F772B4C1CF3FD070018AE40 /* ShareView */ = {
			isa = PBXGroup;
			children = (
			);
			path = ShareView;
			sourceTree = "<group>";
		};
		1F772B4D1CF3FD070018AE40 /* ReceiveDetailedInformation */ = {
			isa = PBXGroup;
			children = (
				1F772B4E1CF3FD070018AE40 /* Controller */,
				1F772B4F1CF3FD070018AE40 /* View */,
			);
			path = ReceiveDetailedInformation;
			sourceTree = "<group>";
		};
		1F772B4E1CF3FD070018AE40 /* Controller */ = {
			isa = PBXGroup;
			children = (
			);
			path = Controller;
			sourceTree = "<group>";
		};
		1F772B4F1CF3FD070018AE40 /* View */ = {
			isa = PBXGroup;
			children = (
			);
			path = View;
			sourceTree = "<group>";
		};
		1F772B501CF3FD070018AE40 /* Search */ = {
			isa = PBXGroup;
			children = (
				1F772B511CF3FD070018AE40 /* Controller */,
				1F772B521CF3FD070018AE40 /* View */,
			);
			path = Search;
			sourceTree = "<group>";
		};
		1F772B511CF3FD070018AE40 /* Controller */ = {
			isa = PBXGroup;
			children = (
			);
			path = Controller;
			sourceTree = "<group>";
		};
		1F772B521CF3FD070018AE40 /* View */ = {
			isa = PBXGroup;
			children = (
			);
			path = View;
			sourceTree = "<group>";
		};
		1F772B531CF3FD070018AE40 /* Setting */ = {
			isa = PBXGroup;
			children = (
				1F772B541CF3FD070018AE40 /* ChangePwdViewController.h */,
				1F772B551CF3FD070018AE40 /* ChangePwdViewController.m */,
				1F772B561CF3FD070018AE40 /* ChangePwdViewController.xib */,
			);
			path = Setting;
			sourceTree = "<group>";
		};
		1F772B571CF3FD070018AE40 /* TabBar */ = {
			isa = PBXGroup;
			children = (
			);
			path = TabBar;
			sourceTree = "<group>";
		};
		40FF7B08F78941EBD75F7965 /* Pods */ = {
			isa = PBXGroup;
			children = (
				E0438B4B24E3F747F761AF4C /* Pods-Fiu.debug.xcconfig */,
				105868C9EE6A797B288440BF /* Pods-Fiu.release.xcconfig */,
			);
			name = Pods;
			sourceTree = "<group>";
		};
		4121957EDE4D4049941B2B88 /* Frameworks */ = {
			isa = PBXGroup;
			children = (
				1F27AE931CE06C7E005A434B /* CoreMotion.framework */,
				1F27AE911CE06C70005A434B /* CFNetwork.framework */,
				1F27AE8F1CE06C56005A434B /* UIKit.framework */,
				1F27AE8C1CE06C3C005A434B /* CoreText.framework */,
				1F27AE8A1CE06BFA005A434B /* libc++.tbd */,
				1F35F0401CD1DC640000DB95 /* AddressBookUI.framework */,
				1F35F03E1CD1DC580000DB95 /* MessageUI.framework */,
				1F35F03C1CD1D7170000DB95 /* AddressBook.framework */,
				1F3C0A761CBF461300B84FEB /* libPods-Fiu.a */,
				1F0EE6A81C9FA4F6000631F0 /* libz.tbd */,
				1F0EE6A61C9FA4E7000631F0 /* libstdc++.tbd */,
				1F0EE6A41C9FA47B000631F0 /* libsqlite3.tbd */,
				1F0EE6A21C9FA43C000631F0 /* libiconv.tbd */,
				1F59E5FB1C9ABBA500E96C60 /* Accelerate.framework */,
				D83A643A1C8E7ED2003DB8BB /* CoreImage.framework */,
				D83A64381C8E7EC5003DB8BB /* CoreMedia.framework */,
				D83A64361C8E7EBD003DB8BB /* CoreVideo.framework */,
				D83A64341C8E7EAD003DB8BB /* Foundation.framework */,
				D83A64311C8E7765003DB8BB /* Photos.framework */,
				D802D7891C844101007AFA3D /* AVFoundation.framework */,
				D802D7781C821D41007AFA3D /* AssetsLibrary.framework */,
				280045201C805CD7005F5C2E /* libstdc++.6.0.9.tbd */,
				2800451E1C805CCA005F5C2E /* CoreTelephony.framework */,
				2800451C1C805CBD005F5C2E /* libsqlite3.0.tbd */,
				2800451A1C805CAC005F5C2E /* Security.framework */,
				280045181C805CA3005F5C2E /* CoreGraphics.framework */,
				280045161C805C92005F5C2E /* SystemConfiguration.framework */,
				280045141C805B8C005F5C2E /* OpenGLES.framework */,
				280045121C805B82005F5C2E /* QuartzCore.framework */,
				280045101C805B78005F5C2E /* CoreLocation.framework */,
			);
			name = Frameworks;
			sourceTree = "<group>";
		};
		8005072B1C7A9CDD005AF0BE = {
			isa = PBXGroup;
			children = (
				1F27AE9B1CE0EACE005A434B /* mapapi.bundle */,
				D81280131CAA8532007CF08B /* Fiu */,
				800507351C7A9CDD005AF0BE /* Products */,
				4121957EDE4D4049941B2B88 /* Frameworks */,
				40FF7B08F78941EBD75F7965 /* Pods */,
			);
			sourceTree = "<group>";
		};
		800507351C7A9CDD005AF0BE /* Products */ = {
			isa = PBXGroup;
			children = (
				800507341C7A9CDD005AF0BE /* Fiu.app */,
			);
			name = Products;
			sourceTree = "<group>";
		};
		D81280131CAA8532007CF08B /* Fiu */ = {
			isa = PBXGroup;
			children = (
				D81280191CAA8532007CF08B /* Classes */,
				D81280AC1CAA8532007CF08B /* Expand */,
				D81280CB1CAA8532007CF08B /* Vendors */,
				1F35F04F1CD2336E0000DB95 /* Resource */,
				D81280C31CAA8532007CF08B /* International */,
				D81280141CAA8532007CF08B /* AppDelegate.h */,
				1F772B5D1CF3FD910018AE40 /* AppDelegate.mm */,
				D81280171CAA8532007CF08B /* LaunchScreen.storyboard */,
				D8A9AD081CD9CCA900A9FCFB /* Assets.xcassets */,
				D81280C01CAA8532007CF08B /* fineix.xcdatamodeld */,
				D81280C21CAA8532007CF08B /* Info.plist */,
				D81280CA1CAA8532007CF08B /* main.m */,
			);
			path = Fiu;
			sourceTree = "<group>";
		};
		D81280191CAA8532007CF08B /* Classes */ = {
			isa = PBXGroup;
			children = (
				1F772ABE1CF3FD070018AE40 /* Main */,
				D812801A1CAA8532007CF08B /* BaseClass */,
			);
			path = Classes;
			sourceTree = "<group>";
		};
		D812801A1CAA8532007CF08B /* BaseClass */ = {
			isa = PBXGroup;
			children = (
				D80D415A1CAD1437005D72B1 /* FBNavigationViewController.h */,
				D80D41591CAD1437005D72B1 /* FBNavigationViewController.m */,
				D812801B1CAA8532007CF08B /* FBViewController.h */,
				D812801C1CAA8532007CF08B /* FBViewController.m */,
			);
			path = BaseClass;
			sourceTree = "<group>";
		};
		D81280AC1CAA8532007CF08B /* Expand */ = {
			isa = PBXGroup;
			children = (
				D87B69B91CC726BA00199EFE /* Category */,
				D87B69BE1CC726BA00199EFE /* DataBase */,
				D81280AD1CAA8532007CF08B /* Macro */,
				D81280B01CAA8532007CF08B /* Network */,
				D81280B71CAA8532007CF08B /* Tool */,
			);
			path = Expand;
			sourceTree = "<group>";
		};
		D81280AD1CAA8532007CF08B /* Macro */ = {
			isa = PBXGroup;
			children = (
				D81280AE1CAA8532007CF08B /* FBConfig.h */,
				D81280AF1CAA8532007CF08B /* Fiu.h */,
			);
			path = Macro;
			sourceTree = "<group>";
		};
		D81280B01CAA8532007CF08B /* Network */ = {
			isa = PBXGroup;
			children = (
				D81280B11CAA8532007CF08B /* FBAPI.h */,
				D81280B21CAA8532007CF08B /* FBAPI.m */,
				D81280B31CAA8532007CF08B /* FBRequest.h */,
				D81280B41CAA8532007CF08B /* FBRequest.m */,
				D81280B51CAA8532007CF08B /* HttpTool.h */,
				D81280B61CAA8532007CF08B /* HttpTool.m */,
			);
			path = Network;
			sourceTree = "<group>";
		};
		D81280B71CAA8532007CF08B /* Tool */ = {
			isa = PBXGroup;
			children = (
				1FC6782C1CDB33ED00535162 /* UIView+TYAlertView.m */,
				1FC6782D1CDB33ED00535162 /* UIView+TYAutoLayout.h */,
				D8035F2D1CB77D0C001920F9 /* UIImage+Helper.h */,
				D8035F2E1CB77D0C001920F9 /* UIImage+Helper.m */,
				D80D415D1CAD144D005D72B1 /* UIBarButtonItem+Helper.h */,
				D80D415C1CAD144D005D72B1 /* UIBarButtonItem+Helper.m */,
				D81280B81CAA8532007CF08B /* NSString+FBMD5.h */,
				D81280B91CAA8532007CF08B /* NSString+FBMD5.m */,
				D81280BA1CAA8532007CF08B /* NSString+Helper.h */,
				D81280BB1CAA8532007CF08B /* NSString+Helper.m */,
				D81280BC1CAA8532007CF08B /* UIColor+Extension.h */,
				D81280BD1CAA8532007CF08B /* UIColor+Extension.m */,
				D81280BE1CAA8532007CF08B /* UIImageView+SDWedImage.h */,
				D81280BF1CAA8532007CF08B /* UIImageView+SDWedImage.m */,
				D8035F391CB784B3001920F9 /* UILable+Frame.h */,
				D8035F3A1CB784B3001920F9 /* UILable+Frame.m */,
				D8A9AE3E1CE304FF00A9FCFB /* NSTimer+Addition.h */,
				D8A9AE3F1CE304FF00A9FCFB /* NSTimer+Addition.m */,
			);
			path = Tool;
			sourceTree = "<group>";
		};
		D81280C31CAA8532007CF08B /* International */ = {
			isa = PBXGroup;
			children = (
				D81280C41CAA8532007CF08B /* InfoPlist.strings */,
				D81280C61CAA8532007CF08B /* Localizable.strings */,
			);
			path = International;
			sourceTree = "<group>";
		};
		D81280CB1CAA8532007CF08B /* Vendors */ = {
			isa = PBXGroup;
			children = (
				1F772A931CF3FC7E0018AE40 /* UMSocial_Sdk_5.2 */,
				1F772AAE1CF3FC7E0018AE40 /* UMSocial_Sdk_Extra_Frameworks */,
				1F27AE851CE06BB1005A434B /* AliPay */,
				D81280CC1CAA8532007CF08B /* BaiduMapSDK */,
				D81280D41CAA8532007CF08B /* DBModel */,
			);
			path = Vendors;
			sourceTree = "<group>";
		};
		D81280CC1CAA8532007CF08B /* BaiduMapSDK */ = {
			isa = PBXGroup;
			children = (
				D81280CD1CAA8532007CF08B /* BaiduMapAPI_Base.framework */,
				D81280CE1CAA8532007CF08B /* BaiduMapAPI_Cloud.framework */,
				D81280CF1CAA8532007CF08B /* BaiduMapAPI_Location.framework */,
				D81280D01CAA8532007CF08B /* BaiduMapAPI_Map.framework */,
				D81280D11CAA8532007CF08B /* BaiduMapAPI_Radar.framework */,
				D81280D21CAA8532007CF08B /* BaiduMapAPI_Search.framework */,
				D81280D31CAA8532007CF08B /* BaiduMapAPI_Utils.framework */,
			);
			path = BaiduMapSDK;
			sourceTree = "<group>";
		};
		D81280D41CAA8532007CF08B /* DBModel */ = {
			isa = PBXGroup;
			children = (
				D81280D51CAA8532007CF08B /* JKDBHelper.h */,
				D81280D61CAA8532007CF08B /* JKDBHelper.m */,
				D81280D71CAA8532007CF08B /* JKDBModel.h */,
				D81280D81CAA8532007CF08B /* JKDBModel.m */,
			);
			path = DBModel;
			sourceTree = "<group>";
		};
		D87B69B91CC726BA00199EFE /* Category */ = {
			isa = PBXGroup;
			children = (
				D8A9ADC71CD9E34600A9FCFB /* FBFootView.h */,
				D8A9ADC81CD9E34600A9FCFB /* FBFootView.m */,
				D87B69E01CC7274900199EFE /* FBMenuView.h */,
				D87B69DF1CC7274900199EFE /* FBMenuView.m */,
				D87B69BA1CC726BA00199EFE /* FBRollImages.h */,
				D87B69BB1CC726BA00199EFE /* FBRollImages.m */,
				D87B69BC1CC726BA00199EFE /* GroupHeaderView.h */,
				D87B69BD1CC726BA00199EFE /* GroupHeaderView.m */,
			);
			path = Category;
			sourceTree = "<group>";
		};
		D87B69BE1CC726BA00199EFE /* DataBase */ = {
			isa = PBXGroup;
			children = (
			);
			path = DataBase;
			sourceTree = "<group>";
		};
/* End PBXGroup section */

/* Begin PBXNativeTarget section */
		800507331C7A9CDD005AF0BE /* Fiu */ = {
			isa = PBXNativeTarget;
			buildConfigurationList = 8005074E1C7A9CDD005AF0BE /* Build configuration list for PBXNativeTarget "Fiu" */;
			buildPhases = (
				7FCF39AA77DCC3588513F560 /* Check Pods Manifest.lock */,
				800507301C7A9CDD005AF0BE /* Sources */,
				800507311C7A9CDD005AF0BE /* Frameworks */,
				800507321C7A9CDD005AF0BE /* Resources */,
				F2B768E18F650286324CD0B8 /* Embed Pods Frameworks */,
				394BDE2E8ED241B92F81AAFD /* Copy Pods Resources */,
			);
			buildRules = (
			);
			dependencies = (
			);
			name = Fiu;
			productName = fineix;
			productReference = 800507341C7A9CDD005AF0BE /* Fiu.app */;
			productType = "com.apple.product-type.application";
		};
/* End PBXNativeTarget section */

/* Begin PBXProject section */
		8005072C1C7A9CDD005AF0BE /* Project object */ = {
			isa = PBXProject;
			attributes = {
				LastUpgradeCheck = 0720;
				ORGANIZATIONNAME = taihuoniao;
				TargetAttributes = {
					800507331C7A9CDD005AF0BE = {
						CreatedOnToolsVersion = 7.2.1;
						DevelopmentTeam = QNKEA2Q4R9;
					};
				};
			};
			buildConfigurationList = 8005072F1C7A9CDD005AF0BE /* Build configuration list for PBXProject "Fiu" */;
			compatibilityVersion = "Xcode 3.2";
			developmentRegion = English;
			hasScannedForEncodings = 0;
			knownRegions = (
				en,
				Base,
				"zh-Hans",
			);
			mainGroup = 8005072B1C7A9CDD005AF0BE;
			productRefGroup = 800507351C7A9CDD005AF0BE /* Products */;
			projectDirPath = "";
			projectRoot = "";
			targets = (
				800507331C7A9CDD005AF0BE /* Fiu */,
			);
		};
/* End PBXProject section */

/* Begin PBXResourcesBuildPhase section */
		800507321C7A9CDD005AF0BE /* Resources */ = {
			isa = PBXResourcesBuildPhase;
			buildActionMask = 2147483647;
			files = (
				1F772AB81CF3FC7E0018AE40 /* UMShareEditViewController.xib in Resources */,
				1F223B1D1CD714F3007687F7 /* messages.plist in Resources */,
				1F772AB61CF3FC7E0018AE40 /* UMSCommentInputController.xib in Resources */,
				1F772B581CF3FD070018AE40 /* FiuPeople.xib in Resources */,
				1F27AE881CE06BB1005A434B /* AlipaySDK.bundle in Resources */,
				1F772ABB1CF3FC7E0018AE40 /* UMSnsAccountViewController.xib in Resources */,
				D81281121CAA8532007CF08B /* LaunchScreen.storyboard in Resources */,
				D8A9AD091CD9CCA900A9FCFB /* Assets.xcassets in Resources */,
				1F35F0511CD2336E0000DB95 /* areas.plist in Resources */,
				1F772ABC1CF3FC7E0018AE40 /* UMSShareListController.xib in Resources */,
				1F772AB71CF3FC7E0018AE40 /* UMSCommentInputControlleriPad.xib in Resources */,
				1F772ABD1CF3FC7E0018AE40 /* UMSocialSDKResourcesNew.bundle in Resources */,
				1F772ABA1CF3FC7E0018AE40 /* UMSLoginViewController.xib in Resources */,
				D812815B1CAA8532007CF08B /* Info.plist in Resources */,
				1F772B5C1CF3FD070018AE40 /* ChangePwdViewController.xib in Resources */,
				D812815D1CAA8532007CF08B /* Localizable.strings in Resources */,
				1F772AB31CF3FC7E0018AE40 /* UMSocialLocalizable.strings in Resources */,
				1F772AB51CF3FC7E0018AE40 /* UMSCommentDetailController.xib in Resources */,
				1F27AE9C1CE0EACE005A434B /* mapapi.bundle in Resources */,
				1F772AB91CF3FC7E0018AE40 /* UMShareEditViewControlleriPad.xib in Resources */,
				D812815C1CAA8532007CF08B /* InfoPlist.strings in Resources */,
			);
			runOnlyForDeploymentPostprocessing = 0;
		};
/* End PBXResourcesBuildPhase section */

/* Begin PBXShellScriptBuildPhase section */
		394BDE2E8ED241B92F81AAFD /* Copy Pods Resources */ = {
			isa = PBXShellScriptBuildPhase;
			buildActionMask = 2147483647;
			files = (
			);
			inputPaths = (
			);
			name = "Copy Pods Resources";
			outputPaths = (
			);
			runOnlyForDeploymentPostprocessing = 0;
			shellPath = /bin/sh;
			shellScript = "\"${SRCROOT}/Pods/Target Support Files/Pods-Fiu/Pods-Fiu-resources.sh\"\n";
			showEnvVarsInLog = 0;
		};
		7FCF39AA77DCC3588513F560 /* Check Pods Manifest.lock */ = {
			isa = PBXShellScriptBuildPhase;
			buildActionMask = 2147483647;
			files = (
			);
			inputPaths = (
			);
			name = "Check Pods Manifest.lock";
			outputPaths = (
			);
			runOnlyForDeploymentPostprocessing = 0;
			shellPath = /bin/sh;
			shellScript = "diff \"${PODS_ROOT}/../Podfile.lock\" \"${PODS_ROOT}/Manifest.lock\" > /dev/null\nif [[ $? != 0 ]] ; then\n    cat << EOM\nerror: The sandbox is not in sync with the Podfile.lock. Run 'pod install' or update your CocoaPods installation.\nEOM\n    exit 1\nfi\n";
			showEnvVarsInLog = 0;
		};
		F2B768E18F650286324CD0B8 /* Embed Pods Frameworks */ = {
			isa = PBXShellScriptBuildPhase;
			buildActionMask = 2147483647;
			files = (
			);
			inputPaths = (
			);
			name = "Embed Pods Frameworks";
			outputPaths = (
			);
			runOnlyForDeploymentPostprocessing = 0;
			shellPath = /bin/sh;
			shellScript = "\"${SRCROOT}/Pods/Target Support Files/Pods-Fiu/Pods-Fiu-frameworks.sh\"\n";
			showEnvVarsInLog = 0;
		};
/* End PBXShellScriptBuildPhase section */

/* Begin PBXSourcesBuildPhase section */
		800507301C7A9CDD005AF0BE /* Sources */ = {
			isa = PBXSourcesBuildPhase;
			buildActionMask = 2147483647;
			files = (
				D81281581CAA8532007CF08B /* UIColor+Extension.m in Sources */,
				D81281531CAA8532007CF08B /* FBAPI.m in Sources */,
				D81281131CAA8532007CF08B /* FBViewController.m in Sources */,
				D80D415B1CAD1437005D72B1 /* FBNavigationViewController.m in Sources */,
				D80D415E1CAD144D005D72B1 /* UIBarButtonItem+Helper.m in Sources */,
				D8A9AE401CE304FF00A9FCFB /* NSTimer+Addition.m in Sources */,
				1F772B5E1CF3FD910018AE40 /* AppDelegate.mm in Sources */,
				1F772B591CF3FD070018AE40 /* FiuPeopleView.m in Sources */,
				D812815A1CAA8532007CF08B /* fineix.xcdatamodeld in Sources */,
				D81281591CAA8532007CF08B /* UIImageView+SDWedImage.m in Sources */,
				D81281541CAA8532007CF08B /* FBRequest.m in Sources */,
				D8A9ADC91CD9E34600A9FCFB /* FBFootView.m in Sources */,
				D81281661CAA8532007CF08B /* JKDBHelper.m in Sources */,
				D81281561CAA8532007CF08B /* NSString+FBMD5.m in Sources */,
				D812815E1CAA8532007CF08B /* main.m in Sources */,
				D87B69E11CC7274900199EFE /* FBMenuView.m in Sources */,
				D87B69BF1CC726BA00199EFE /* FBRollImages.m in Sources */,
				1FC6782E1CDB33ED00535162 /* UIView+TYAlertView.m in Sources */,
				1F772B5A1CF3FD070018AE40 /* ThnGoodsCommentViewController.m in Sources */,
				D81281671CAA8532007CF08B /* JKDBModel.m in Sources */,
				D87B69C01CC726BA00199EFE /* GroupHeaderView.m in Sources */,
				D81281551CAA8532007CF08B /* HttpTool.m in Sources */,
				D8035F2F1CB77D0C001920F9 /* UIImage+Helper.m in Sources */,
				1F772B5B1CF3FD070018AE40 /* ChangePwdViewController.m in Sources */,
				D8035F3B1CB784B3001920F9 /* UILable+Frame.m in Sources */,
				D81281571CAA8532007CF08B /* NSString+Helper.m in Sources */,
			);
			runOnlyForDeploymentPostprocessing = 0;
		};
/* End PBXSourcesBuildPhase section */

/* Begin PBXVariantGroup section */
		1F772A941CF3FC7E0018AE40 /* UMSocialLocalizable.strings */ = {
			isa = PBXVariantGroup;
			children = (
				1F772A951CF3FC7E0018AE40 /* en */,
				1F772AAD1CF3FC7E0018AE40 /* zh-Hans */,
			);
			name = UMSocialLocalizable.strings;
			sourceTree = "<group>";
		};
		D81280171CAA8532007CF08B /* LaunchScreen.storyboard */ = {
			isa = PBXVariantGroup;
			children = (
				D81280181CAA8532007CF08B /* Base */,
			);
			name = LaunchScreen.storyboard;
			sourceTree = "<group>";
		};
		D81280C41CAA8532007CF08B /* InfoPlist.strings */ = {
			isa = PBXVariantGroup;
			children = (
				D81280C51CAA8532007CF08B /* en */,
				D81280C81CAA8532007CF08B /* zh-Hans */,
			);
			name = InfoPlist.strings;
			sourceTree = "<group>";
		};
		D81280C61CAA8532007CF08B /* Localizable.strings */ = {
			isa = PBXVariantGroup;
			children = (
				D81280C71CAA8532007CF08B /* en */,
				D81280C91CAA8532007CF08B /* zh-Hans */,
			);
			name = Localizable.strings;
			sourceTree = "<group>";
		};
/* End PBXVariantGroup section */

/* Begin XCBuildConfiguration section */
		8005074C1C7A9CDD005AF0BE /* Debug */ = {
			isa = XCBuildConfiguration;
			buildSettings = {
				ALWAYS_SEARCH_USER_PATHS = NO;
				CLANG_CXX_LANGUAGE_STANDARD = "gnu++0x";
				CLANG_CXX_LIBRARY = "libc++";
				CLANG_ENABLE_MODULES = YES;
				CLANG_ENABLE_OBJC_ARC = YES;
				CLANG_WARN_BOOL_CONVERSION = YES;
				CLANG_WARN_CONSTANT_CONVERSION = YES;
				CLANG_WARN_DIRECT_OBJC_ISA_USAGE = YES_ERROR;
				CLANG_WARN_EMPTY_BODY = YES;
				CLANG_WARN_ENUM_CONVERSION = YES;
				CLANG_WARN_INT_CONVERSION = YES;
				CLANG_WARN_OBJC_ROOT_CLASS = YES_ERROR;
				CLANG_WARN_UNREACHABLE_CODE = YES;
				CLANG_WARN__DUPLICATE_METHOD_MATCH = YES;
				CODE_SIGN_IDENTITY = "iPhone Developer: Xiaoyi Tian (65JXH7V6N9)";
				"CODE_SIGN_IDENTITY[sdk=iphoneos*]" = "iPhone Developer: Xiaoyi Tian (65JXH7V6N9)";
				COPY_PHASE_STRIP = NO;
				DEBUG_INFORMATION_FORMAT = dwarf;
				ENABLE_STRICT_OBJC_MSGSEND = YES;
				ENABLE_TESTABILITY = YES;
				GCC_C_LANGUAGE_STANDARD = gnu99;
				GCC_DYNAMIC_NO_PIC = NO;
				GCC_NO_COMMON_BLOCKS = YES;
				GCC_OPTIMIZATION_LEVEL = 0;
				GCC_PREPROCESSOR_DEFINITIONS = (
					"DEBUG=1",
					"$(inherited)",
				);
				GCC_WARN_64_TO_32_BIT_CONVERSION = YES;
				GCC_WARN_ABOUT_RETURN_TYPE = YES_ERROR;
				GCC_WARN_UNDECLARED_SELECTOR = YES;
				GCC_WARN_UNINITIALIZED_AUTOS = YES_AGGRESSIVE;
				GCC_WARN_UNUSED_FUNCTION = YES;
				GCC_WARN_UNUSED_VARIABLE = YES;
				IPHONEOS_DEPLOYMENT_TARGET = 9.2;
				MTL_ENABLE_DEBUG_INFO = YES;
				ONLY_ACTIVE_ARCH = YES;
				PROVISIONING_PROFILE = "5b29b37c-aff0-4f5d-9cfe-ce8fc658ba8d";
				SDKROOT = iphoneos;
			};
			name = Debug;
		};
		8005074D1C7A9CDD005AF0BE /* Release */ = {
			isa = XCBuildConfiguration;
			buildSettings = {
				ALWAYS_SEARCH_USER_PATHS = NO;
				CLANG_CXX_LANGUAGE_STANDARD = "gnu++0x";
				CLANG_CXX_LIBRARY = "libc++";
				CLANG_ENABLE_MODULES = YES;
				CLANG_ENABLE_OBJC_ARC = YES;
				CLANG_WARN_BOOL_CONVERSION = YES;
				CLANG_WARN_CONSTANT_CONVERSION = YES;
				CLANG_WARN_DIRECT_OBJC_ISA_USAGE = YES_ERROR;
				CLANG_WARN_EMPTY_BODY = YES;
				CLANG_WARN_ENUM_CONVERSION = YES;
				CLANG_WARN_INT_CONVERSION = YES;
				CLANG_WARN_OBJC_ROOT_CLASS = YES_ERROR;
				CLANG_WARN_UNREACHABLE_CODE = YES;
				CLANG_WARN__DUPLICATE_METHOD_MATCH = YES;
				CODE_SIGN_IDENTITY = "iPhone Developer: Xiaoyi Tian (65JXH7V6N9)";
				"CODE_SIGN_IDENTITY[sdk=iphoneos*]" = "iPhone Developer: Xiaoyi Tian (65JXH7V6N9)";
				COPY_PHASE_STRIP = NO;
				DEBUG_INFORMATION_FORMAT = "dwarf-with-dsym";
				ENABLE_NS_ASSERTIONS = NO;
				ENABLE_STRICT_OBJC_MSGSEND = YES;
				GCC_C_LANGUAGE_STANDARD = gnu99;
				GCC_NO_COMMON_BLOCKS = YES;
				GCC_WARN_64_TO_32_BIT_CONVERSION = YES;
				GCC_WARN_ABOUT_RETURN_TYPE = YES_ERROR;
				GCC_WARN_UNDECLARED_SELECTOR = YES;
				GCC_WARN_UNINITIALIZED_AUTOS = YES_AGGRESSIVE;
				GCC_WARN_UNUSED_FUNCTION = YES;
				GCC_WARN_UNUSED_VARIABLE = YES;
				IPHONEOS_DEPLOYMENT_TARGET = 9.2;
				MTL_ENABLE_DEBUG_INFO = NO;
				PROVISIONING_PROFILE = "5b29b37c-aff0-4f5d-9cfe-ce8fc658ba8d";
				SDKROOT = iphoneos;
				VALIDATE_PRODUCT = YES;
			};
			name = Release;
		};
		8005074F1C7A9CDD005AF0BE /* Debug */ = {
			isa = XCBuildConfiguration;
			baseConfigurationReference = E0438B4B24E3F747F761AF4C /* Pods-Fiu.debug.xcconfig */;
			buildSettings = {
				ASSETCATALOG_COMPILER_APPICON_NAME = AppIcon;
				ASSETCATALOG_COMPILER_LAUNCHIMAGE_NAME = LaunchImage;
				CODE_SIGN_IDENTITY = "iPhone Developer: Xiaoyi Tian (65JXH7V6N9)";
				"CODE_SIGN_IDENTITY[sdk=iphoneos*]" = "iPhone Developer: Xiaoyi Tian (65JXH7V6N9)";
				ENABLE_BITCODE = NO;
				FRAMEWORK_SEARCH_PATHS = (
					"$(inherited)",
					"$(PROJECT_DIR)/fineix/Vendors/BaiduMapSDK",
					"$(PROJECT_DIR)/fineix/Vendors/UMSocial_Sdk_Extra_Frameworks/TencentOpenAPI",
					"$(PROJECT_DIR)/Fiu/Vendors/BaiduMapSDK",
					"$(PROJECT_DIR)/Fiu/Vendors/UMSocial_Sdk_Extra_Frameworks/TencentOpenAPI",
					"$(PROJECT_DIR)/Fiu/Vendors/AliPay",
				);
				GCC_INPUT_FILETYPE = sourcecode.cpp.objcpp;
				INFOPLIST_FILE = Fiu/Info.plist;
				IPHONEOS_DEPLOYMENT_TARGET = 8.0;
				LD_RUNPATH_SEARCH_PATHS = "$(inherited) @executable_path/Frameworks";
				LIBRARY_SEARCH_PATHS = (
					"$(inherited)",
					"$(PROJECT_DIR)/fineix/Vendors/UMSocial_Sdk_5.0.1",
					"$(PROJECT_DIR)/fineix/Vendors/UMSocial_Sdk_Extra_Frameworks/SinaSSO",
					"$(PROJECT_DIR)/fineix/Vendors/UMSocial_Sdk_Extra_Frameworks/TencentOpenAPI",
					"$(PROJECT_DIR)/fineix/Vendors/UMSocial_Sdk_Extra_Frameworks/Wechat",
					"$(PROJECT_DIR)/Fiu/Vendors/UMSocial_Sdk_5.0.1",
					"$(PROJECT_DIR)/Fiu/Vendors/UMSocial_Sdk_Extra_Frameworks/SinaSSO",
					"$(PROJECT_DIR)/Fiu/Vendors/UMSocial_Sdk_Extra_Frameworks/TencentOpenAPI",
					"$(PROJECT_DIR)/Fiu/Vendors/UMSocial_Sdk_Extra_Frameworks/Wechat",
					"$(PROJECT_DIR)/Fiu/Vendors/UMSocial_Sdk_5.2",
				);
				OTHER_LIBTOOLFLAGS = "";
				PRODUCT_BUNDLE_IDENTIFIER = com.THN.fineix;
				PRODUCT_NAME = Fiu;
				PROVISIONING_PROFILE = "5b29b37c-aff0-4f5d-9cfe-ce8fc658ba8d";
				USER_HEADER_SEARCH_PATHS = "$(SRCROOT)";
			};
			name = Debug;
		};
		800507501C7A9CDD005AF0BE /* Release */ = {
			isa = XCBuildConfiguration;
			baseConfigurationReference = 105868C9EE6A797B288440BF /* Pods-Fiu.release.xcconfig */;
			buildSettings = {
				ASSETCATALOG_COMPILER_APPICON_NAME = AppIcon;
				ASSETCATALOG_COMPILER_LAUNCHIMAGE_NAME = LaunchImage;
				CODE_SIGN_IDENTITY = "iPhone Developer: Xiaoyi Tian (65JXH7V6N9)";
				"CODE_SIGN_IDENTITY[sdk=iphoneos*]" = "iPhone Developer: Xiaoyi Tian (65JXH7V6N9)";
				ENABLE_BITCODE = NO;
				FRAMEWORK_SEARCH_PATHS = (
					"$(inherited)",
					"$(PROJECT_DIR)/fineix/Vendors/BaiduMapSDK",
					"$(PROJECT_DIR)/fineix/Vendors/UMSocial_Sdk_Extra_Frameworks/TencentOpenAPI",
					"$(PROJECT_DIR)/Fiu/Vendors/BaiduMapSDK",
					"$(PROJECT_DIR)/Fiu/Vendors/UMSocial_Sdk_Extra_Frameworks/TencentOpenAPI",
					"$(PROJECT_DIR)/Fiu/Vendors/AliPay",
				);
				GCC_INPUT_FILETYPE = sourcecode.cpp.objcpp;
				INFOPLIST_FILE = Fiu/Info.plist;
				IPHONEOS_DEPLOYMENT_TARGET = 8.0;
				LD_RUNPATH_SEARCH_PATHS = "$(inherited) @executable_path/Frameworks";
				LIBRARY_SEARCH_PATHS = (
					"$(inherited)",
					"$(PROJECT_DIR)/fineix/Vendors/UMSocial_Sdk_5.0.1",
					"$(PROJECT_DIR)/fineix/Vendors/UMSocial_Sdk_Extra_Frameworks/SinaSSO",
					"$(PROJECT_DIR)/fineix/Vendors/UMSocial_Sdk_Extra_Frameworks/TencentOpenAPI",
					"$(PROJECT_DIR)/fineix/Vendors/UMSocial_Sdk_Extra_Frameworks/Wechat",
					"$(PROJECT_DIR)/Fiu/Vendors/UMSocial_Sdk_5.0.1",
					"$(PROJECT_DIR)/Fiu/Vendors/UMSocial_Sdk_Extra_Frameworks/SinaSSO",
					"$(PROJECT_DIR)/Fiu/Vendors/UMSocial_Sdk_Extra_Frameworks/TencentOpenAPI",
					"$(PROJECT_DIR)/Fiu/Vendors/UMSocial_Sdk_Extra_Frameworks/Wechat",
					"$(PROJECT_DIR)/Fiu/Vendors/UMSocial_Sdk_5.2",
				);
				OTHER_LIBTOOLFLAGS = "";
				PRODUCT_BUNDLE_IDENTIFIER = com.THN.fineix;
				PRODUCT_NAME = Fiu;
				PROVISIONING_PROFILE = "5b29b37c-aff0-4f5d-9cfe-ce8fc658ba8d";
				USER_HEADER_SEARCH_PATHS = "$(SRCROOT)";
			};
			name = Release;
		};
/* End XCBuildConfiguration section */

/* Begin XCConfigurationList section */
		8005072F1C7A9CDD005AF0BE /* Build configuration list for PBXProject "Fiu" */ = {
			isa = XCConfigurationList;
			buildConfigurations = (
				8005074C1C7A9CDD005AF0BE /* Debug */,
				8005074D1C7A9CDD005AF0BE /* Release */,
			);
			defaultConfigurationIsVisible = 0;
			defaultConfigurationName = Release;
		};
		8005074E1C7A9CDD005AF0BE /* Build configuration list for PBXNativeTarget "Fiu" */ = {
			isa = XCConfigurationList;
			buildConfigurations = (
				8005074F1C7A9CDD005AF0BE /* Debug */,
				800507501C7A9CDD005AF0BE /* Release */,
			);
			defaultConfigurationIsVisible = 0;
			defaultConfigurationName = Release;
		};
/* End XCConfigurationList section */

/* Begin XCVersionGroup section */
		D81280C01CAA8532007CF08B /* fineix.xcdatamodeld */ = {
			isa = XCVersionGroup;
			children = (
				D81280C11CAA8532007CF08B /* fineix.xcdatamodel */,
			);
			currentVersion = D81280C11CAA8532007CF08B /* fineix.xcdatamodel */;
			path = fineix.xcdatamodeld;
			sourceTree = "<group>";
			versionGroupType = wrapper.xcdatamodel;
		};
/* End XCVersionGroup section */
	};
	rootObject = 8005072C1C7A9CDD005AF0BE /* Project object */;
}
