// !$*UTF8*$!
{
	archiveVersion = 1;
	classes = {
	};
	objectVersion = 46;
	objects = {

/* Begin PBXBuildFile section */
		1FB14C781C96AD3C00319276 /* FBSearchLocationViewController.m in Sources */ = {isa = PBXBuildFile; fileRef = 1FB14C761C96AD3C00319276 /* FBSearchLocationViewController.m */; };
		1FB14C791C96AD3C00319276 /* FBSearchLocationViewController.xib in Resources */ = {isa = PBXBuildFile; fileRef = 1FB14C771C96AD3C00319276 /* FBSearchLocationViewController.xib */; };
		1FB14C7D1C96AFE200319276 /* MBProgressHUD.m in Sources */ = {isa = PBXBuildFile; fileRef = 1FB14C7C1C96AFE200319276 /* MBProgressHUD.m */; };
		280044FA1C80582D005F5C2E /* BaiduMapAPI_Base.framework in Frameworks */ = {isa = PBXBuildFile; fileRef = 280044F31C80582D005F5C2E /* BaiduMapAPI_Base.framework */; };
		280044FB1C80582D005F5C2E /* BaiduMapAPI_Cloud.framework in Frameworks */ = {isa = PBXBuildFile; fileRef = 280044F41C80582D005F5C2E /* BaiduMapAPI_Cloud.framework */; };
		280044FC1C80582D005F5C2E /* BaiduMapAPI_Location.framework in Frameworks */ = {isa = PBXBuildFile; fileRef = 280044F51C80582D005F5C2E /* BaiduMapAPI_Location.framework */; };
		280044FD1C80582D005F5C2E /* BaiduMapAPI_Map.framework in Frameworks */ = {isa = PBXBuildFile; fileRef = 280044F61C80582D005F5C2E /* BaiduMapAPI_Map.framework */; };
		280044FE1C80582D005F5C2E /* BaiduMapAPI_Radar.framework in Frameworks */ = {isa = PBXBuildFile; fileRef = 280044F71C80582D005F5C2E /* BaiduMapAPI_Radar.framework */; };
		280044FF1C80582D005F5C2E /* BaiduMapAPI_Search.framework in Frameworks */ = {isa = PBXBuildFile; fileRef = 280044F81C80582D005F5C2E /* BaiduMapAPI_Search.framework */; };
		280045001C80582D005F5C2E /* BaiduMapAPI_Utils.framework in Frameworks */ = {isa = PBXBuildFile; fileRef = 280044F91C80582D005F5C2E /* BaiduMapAPI_Utils.framework */; };
		280045111C805B78005F5C2E /* CoreLocation.framework in Frameworks */ = {isa = PBXBuildFile; fileRef = 280045101C805B78005F5C2E /* CoreLocation.framework */; };
		280045131C805B82005F5C2E /* QuartzCore.framework in Frameworks */ = {isa = PBXBuildFile; fileRef = 280045121C805B82005F5C2E /* QuartzCore.framework */; };
		280045151C805B8C005F5C2E /* OpenGLES.framework in Frameworks */ = {isa = PBXBuildFile; fileRef = 280045141C805B8C005F5C2E /* OpenGLES.framework */; };
		280045171C805C92005F5C2E /* SystemConfiguration.framework in Frameworks */ = {isa = PBXBuildFile; fileRef = 280045161C805C92005F5C2E /* SystemConfiguration.framework */; };
		280045191C805CA3005F5C2E /* CoreGraphics.framework in Frameworks */ = {isa = PBXBuildFile; fileRef = 280045181C805CA3005F5C2E /* CoreGraphics.framework */; };
		2800451B1C805CAC005F5C2E /* Security.framework in Frameworks */ = {isa = PBXBuildFile; fileRef = 2800451A1C805CAC005F5C2E /* Security.framework */; };
		2800451D1C805CBD005F5C2E /* libsqlite3.0.tbd in Frameworks */ = {isa = PBXBuildFile; fileRef = 2800451C1C805CBD005F5C2E /* libsqlite3.0.tbd */; };
		2800451F1C805CCA005F5C2E /* CoreTelephony.framework in Frameworks */ = {isa = PBXBuildFile; fileRef = 2800451E1C805CCA005F5C2E /* CoreTelephony.framework */; };
		280045211C805CD7005F5C2E /* libstdc++.6.0.9.tbd in Frameworks */ = {isa = PBXBuildFile; fileRef = 280045201C805CD7005F5C2E /* libstdc++.6.0.9.tbd */; };
		280045381C8060CE005F5C2E /* mapapi.bundle in Resources */ = {isa = PBXBuildFile; fileRef = 280045371C8060CE005F5C2E /* mapapi.bundle */; };
		55D67234CCA76FD2485B1ED6 /* libPods.a in Frameworks */ = {isa = PBXBuildFile; fileRef = 0AC77CC62D3A6B8A760E3C5C /* libPods.a */; };
		800507391C7A9CDD005AF0BE /* main.m in Sources */ = {isa = PBXBuildFile; fileRef = 800507381C7A9CDD005AF0BE /* main.m */; };
		8005073C1C7A9CDD005AF0BE /* AppDelegate.mm in Sources */ = {isa = PBXBuildFile; fileRef = 8005073B1C7A9CDD005AF0BE /* AppDelegate.mm */; };
		800507451C7A9CDD005AF0BE /* fineix.xcdatamodeld in Sources */ = {isa = PBXBuildFile; fileRef = 800507431C7A9CDD005AF0BE /* fineix.xcdatamodeld */; };
		800507471C7A9CDD005AF0BE /* Assets.xcassets in Resources */ = {isa = PBXBuildFile; fileRef = 800507461C7A9CDD005AF0BE /* Assets.xcassets */; };
		8005074A1C7A9CDD005AF0BE /* LaunchScreen.storyboard in Resources */ = {isa = PBXBuildFile; fileRef = 800507481C7A9CDD005AF0BE /* LaunchScreen.storyboard */; };
		D802D7791C821D41007AFA3D /* AssetsLibrary.framework in Frameworks */ = {isa = PBXBuildFile; fileRef = D802D7781C821D41007AFA3D /* AssetsLibrary.framework */; };
		D82399B61C8D6EAD007428D1 /* FBFiltersCollectionViewCell.m in Sources */ = {isa = PBXBuildFile; fileRef = D82399AF1C8D6EAD007428D1 /* FBFiltersCollectionViewCell.m */; };
		D82399B71C8D6EAD007428D1 /* FiltersView.m in Sources */ = {isa = PBXBuildFile; fileRef = D82399B01C8D6EAD007428D1 /* FiltersView.m */; };
		D82399B81C8D6EAD007428D1 /* CameraView.m in Sources */ = {isa = PBXBuildFile; fileRef = D82399B31C8D6EAD007428D1 /* CameraView.m */; };
		D82399C91C8D6EB5007428D1 /* CropImageViewController.m in Sources */ = {isa = PBXBuildFile; fileRef = D82399B91C8D6EB5007428D1 /* CropImageViewController.m */; };
		D82399CA1C8D6EB5007428D1 /* ReleaseViewController.m in Sources */ = {isa = PBXBuildFile; fileRef = D82399BA1C8D6EB5007428D1 /* ReleaseViewController.m */; };
		D82399CB1C8D6EB5007428D1 /* FiltersViewController.m in Sources */ = {isa = PBXBuildFile; fileRef = D82399BB1C8D6EB5007428D1 /* FiltersViewController.m */; };
		D82399CD1C8D6EB5007428D1 /* MarkGoodsViewController.m in Sources */ = {isa = PBXBuildFile; fileRef = D82399BE1C8D6EB5007428D1 /* MarkGoodsViewController.m */; };
		D82399CE1C8D6EB5007428D1 /* AddUrlViewController.m in Sources */ = {isa = PBXBuildFile; fileRef = D82399BF1C8D6EB5007428D1 /* AddUrlViewController.m */; };
		D82399CF1C8D6EB5007428D1 /* PictureToolViewController.m in Sources */ = {isa = PBXBuildFile; fileRef = D82399C51C8D6EB5007428D1 /* PictureToolViewController.m */; };
		D82399D01C8D6EB5007428D1 /* ClipImageViewController.m in Sources */ = {isa = PBXBuildFile; fileRef = D82399C61C8D6EB5007428D1 /* ClipImageViewController.m */; };
		D82399D31C8D6EBC007428D1 /* FBFilters.m in Sources */ = {isa = PBXBuildFile; fileRef = D82399D21C8D6EBC007428D1 /* FBFilters.m */; };
		D82DAF991C82026700E0650B /* FBPictureCollectionViewCell.m in Sources */ = {isa = PBXBuildFile; fileRef = D82DAF981C82026700E0650B /* FBPictureCollectionViewCell.m */; };
		D8368FCD1C85A67700673306 /* CropImageView.m in Sources */ = {isa = PBXBuildFile; fileRef = D8368FCC1C85A67700673306 /* CropImageView.m */; };
		D83A64321C8E7765003DB8BB /* Photos.framework in Frameworks */ = {isa = PBXBuildFile; fileRef = D83A64311C8E7765003DB8BB /* Photos.framework */; };
		D83A64331C8E7E93003DB8BB /* AVFoundation.framework in Frameworks */ = {isa = PBXBuildFile; fileRef = D802D7891C844101007AFA3D /* AVFoundation.framework */; };
		D83A64351C8E7EAD003DB8BB /* Foundation.framework in Frameworks */ = {isa = PBXBuildFile; fileRef = D83A64341C8E7EAD003DB8BB /* Foundation.framework */; };
		D83A64371C8E7EBD003DB8BB /* CoreVideo.framework in Frameworks */ = {isa = PBXBuildFile; fileRef = D83A64361C8E7EBD003DB8BB /* CoreVideo.framework */; };
		D83A64391C8E7EC5003DB8BB /* CoreMedia.framework in Frameworks */ = {isa = PBXBuildFile; fileRef = D83A64381C8E7EC5003DB8BB /* CoreMedia.framework */; };
		D83A643B1C8E7ED2003DB8BB /* CoreImage.framework in Frameworks */ = {isa = PBXBuildFile; fileRef = D83A643A1C8E7ED2003DB8BB /* CoreImage.framework */; };
		D859B7981C91803400685CF6 /* ScenceMessageView.m in Sources */ = {isa = PBXBuildFile; fileRef = D859B7971C91803400685CF6 /* ScenceMessageView.m */; };
		D859B79B1C926DBC00685CF6 /* PictureView.m in Sources */ = {isa = PBXBuildFile; fileRef = D859B79A1C926DBC00685CF6 /* PictureView.m */; };
		D859B7A31C92A5C300685CF6 /* ScenceAddMoreView.m in Sources */ = {isa = PBXBuildFile; fileRef = D859B7A21C92A5C300685CF6 /* ScenceAddMoreView.m */; };
		D8BFA5F31C820F3600F5C1B7 /* FBPhoto.m in Sources */ = {isa = PBXBuildFile; fileRef = D8BFA5F21C820F3600F5C1B7 /* FBPhoto.m */; };
		D8BFA5F61C8211DE00F5C1B7 /* FBLoadPhoto.m in Sources */ = {isa = PBXBuildFile; fileRef = D8BFA5F51C8211DE00F5C1B7 /* FBLoadPhoto.m */; };
		D8D8B64D1C80ABFF00DD6BBE /* FBPictureViewController.m in Sources */ = {isa = PBXBuildFile; fileRef = D8D8B64C1C80ABFF00DD6BBE /* FBPictureViewController.m */; };
		D8D8B6501C80AF9F00DD6BBE /* CreateViewController.m in Sources */ = {isa = PBXBuildFile; fileRef = D8D8B64F1C80AF9F00DD6BBE /* CreateViewController.m */; };
		D8D8B6531C80B8DF00DD6BBE /* FBFootView.m in Sources */ = {isa = PBXBuildFile; fileRef = D8D8B6521C80B8DF00DD6BBE /* FBFootView.m */; };
		D8E3E3AE1C8FCCB6000CA536 /* FBViewController.m in Sources */ = {isa = PBXBuildFile; fileRef = D8E3E3AD1C8FCCB6000CA536 /* FBViewController.m */; };
		D8EFC57A1C801E8C0002509D /* FBNavigationViewController.m in Sources */ = {isa = PBXBuildFile; fileRef = D8EFC5791C801E8C0002509D /* FBNavigationViewController.m */; };
		D8EFC5811C8024500002509D /* UIColor+Extension.m in Sources */ = {isa = PBXBuildFile; fileRef = D8EFC57B1C8024500002509D /* UIColor+Extension.m */; };
		D8EFC5821C8024500002509D /* HttpTool.m in Sources */ = {isa = PBXBuildFile; fileRef = D8EFC57D1C8024500002509D /* HttpTool.m */; };
		D8EFC5831C8024500002509D /* UIImageView+SDWedImage.m in Sources */ = {isa = PBXBuildFile; fileRef = D8EFC57F1C8024500002509D /* UIImageView+SDWedImage.m */; };
		D8EFC5871C802B6C0002509D /* FBTabBarController.m in Sources */ = {isa = PBXBuildFile; fileRef = D8EFC5861C802B6C0002509D /* FBTabBarController.m */; };
		D8EFC58A1C802D300002509D /* HomeViewController.m in Sources */ = {isa = PBXBuildFile; fileRef = D8EFC5891C802D300002509D /* HomeViewController.m */; };
		D8EFC5991C802DD40002509D /* DiscoverViewController.m in Sources */ = {isa = PBXBuildFile; fileRef = D8EFC5981C802DD40002509D /* DiscoverViewController.m */; };
		D8EFC59F1C802DF20002509D /* MallViewController.m in Sources */ = {isa = PBXBuildFile; fileRef = D8EFC59E1C802DF20002509D /* MallViewController.m */; };
		D8EFC5A31C802E3D0002509D /* MyViewController.m in Sources */ = {isa = PBXBuildFile; fileRef = D8EFC5A11C802E3D0002509D /* MyViewController.m */; };
		D8EFC5A41C802E3D0002509D /* MyViewController.xib in Resources */ = {isa = PBXBuildFile; fileRef = D8EFC5A21C802E3D0002509D /* MyViewController.xib */; };
		D8EFC5A91C80326E0002509D /* FBTabBar.m in Sources */ = {isa = PBXBuildFile; fileRef = D8EFC5A81C80326E0002509D /* FBTabBar.m */; };
		D8FC11D71C9669AF009D7AFE /* PhotoAlbumsView.m in Sources */ = {isa = PBXBuildFile; fileRef = D8FC11D61C9669AF009D7AFE /* PhotoAlbumsView.m */; };
		D8FC11DA1C966A48009D7AFE /* PhotoAlbumsTableViewCell.m in Sources */ = {isa = PBXBuildFile; fileRef = D8FC11D91C966A48009D7AFE /* PhotoAlbumsTableViewCell.m */; };
/* End PBXBuildFile section */

/* Begin PBXFileReference section */
		0AC77CC62D3A6B8A760E3C5C /* libPods.a */ = {isa = PBXFileReference; explicitFileType = archive.ar; includeInIndex = 0; path = libPods.a; sourceTree = BUILT_PRODUCTS_DIR; };
		1FB14C751C96AD3C00319276 /* FBSearchLocationViewController.h */ = {isa = PBXFileReference; fileEncoding = 4; lastKnownFileType = sourcecode.c.h; path = FBSearchLocationViewController.h; sourceTree = "<group>"; };
		1FB14C761C96AD3C00319276 /* FBSearchLocationViewController.m */ = {isa = PBXFileReference; fileEncoding = 4; lastKnownFileType = sourcecode.c.objc; path = FBSearchLocationViewController.m; sourceTree = "<group>"; };
		1FB14C771C96AD3C00319276 /* FBSearchLocationViewController.xib */ = {isa = PBXFileReference; fileEncoding = 4; lastKnownFileType = file.xib; path = FBSearchLocationViewController.xib; sourceTree = "<group>"; };
		1FB14C7B1C96AFE200319276 /* MBProgressHUD.h */ = {isa = PBXFileReference; fileEncoding = 4; lastKnownFileType = sourcecode.c.h; path = MBProgressHUD.h; sourceTree = "<group>"; };
		1FB14C7C1C96AFE200319276 /* MBProgressHUD.m */ = {isa = PBXFileReference; fileEncoding = 4; lastKnownFileType = sourcecode.c.objc; path = MBProgressHUD.m; sourceTree = "<group>"; };
		280044F31C80582D005F5C2E /* BaiduMapAPI_Base.framework */ = {isa = PBXFileReference; lastKnownFileType = wrapper.framework; path = BaiduMapAPI_Base.framework; sourceTree = "<group>"; };
		280044F41C80582D005F5C2E /* BaiduMapAPI_Cloud.framework */ = {isa = PBXFileReference; lastKnownFileType = wrapper.framework; path = BaiduMapAPI_Cloud.framework; sourceTree = "<group>"; };
		280044F51C80582D005F5C2E /* BaiduMapAPI_Location.framework */ = {isa = PBXFileReference; lastKnownFileType = wrapper.framework; path = BaiduMapAPI_Location.framework; sourceTree = "<group>"; };
		280044F61C80582D005F5C2E /* BaiduMapAPI_Map.framework */ = {isa = PBXFileReference; lastKnownFileType = wrapper.framework; path = BaiduMapAPI_Map.framework; sourceTree = "<group>"; };
		280044F71C80582D005F5C2E /* BaiduMapAPI_Radar.framework */ = {isa = PBXFileReference; lastKnownFileType = wrapper.framework; path = BaiduMapAPI_Radar.framework; sourceTree = "<group>"; };
		280044F81C80582D005F5C2E /* BaiduMapAPI_Search.framework */ = {isa = PBXFileReference; lastKnownFileType = wrapper.framework; path = BaiduMapAPI_Search.framework; sourceTree = "<group>"; };
		280044F91C80582D005F5C2E /* BaiduMapAPI_Utils.framework */ = {isa = PBXFileReference; lastKnownFileType = wrapper.framework; path = BaiduMapAPI_Utils.framework; sourceTree = "<group>"; };
		280045101C805B78005F5C2E /* CoreLocation.framework */ = {isa = PBXFileReference; lastKnownFileType = wrapper.framework; name = CoreLocation.framework; path = System/Library/Frameworks/CoreLocation.framework; sourceTree = SDKROOT; };
		280045121C805B82005F5C2E /* QuartzCore.framework */ = {isa = PBXFileReference; lastKnownFileType = wrapper.framework; name = QuartzCore.framework; path = System/Library/Frameworks/QuartzCore.framework; sourceTree = SDKROOT; };
		280045141C805B8C005F5C2E /* OpenGLES.framework */ = {isa = PBXFileReference; lastKnownFileType = wrapper.framework; name = OpenGLES.framework; path = System/Library/Frameworks/OpenGLES.framework; sourceTree = SDKROOT; };
		280045161C805C92005F5C2E /* SystemConfiguration.framework */ = {isa = PBXFileReference; lastKnownFileType = wrapper.framework; name = SystemConfiguration.framework; path = System/Library/Frameworks/SystemConfiguration.framework; sourceTree = SDKROOT; };
		280045181C805CA3005F5C2E /* CoreGraphics.framework */ = {isa = PBXFileReference; lastKnownFileType = wrapper.framework; name = CoreGraphics.framework; path = System/Library/Frameworks/CoreGraphics.framework; sourceTree = SDKROOT; };
		2800451A1C805CAC005F5C2E /* Security.framework */ = {isa = PBXFileReference; lastKnownFileType = wrapper.framework; name = Security.framework; path = System/Library/Frameworks/Security.framework; sourceTree = SDKROOT; };
		2800451C1C805CBD005F5C2E /* libsqlite3.0.tbd */ = {isa = PBXFileReference; lastKnownFileType = "sourcecode.text-based-dylib-definition"; name = libsqlite3.0.tbd; path = usr/lib/libsqlite3.0.tbd; sourceTree = SDKROOT; };
		2800451E1C805CCA005F5C2E /* CoreTelephony.framework */ = {isa = PBXFileReference; lastKnownFileType = wrapper.framework; name = CoreTelephony.framework; path = System/Library/Frameworks/CoreTelephony.framework; sourceTree = SDKROOT; };
		280045201C805CD7005F5C2E /* libstdc++.6.0.9.tbd */ = {isa = PBXFileReference; lastKnownFileType = "sourcecode.text-based-dylib-definition"; name = "libstdc++.6.0.9.tbd"; path = "usr/lib/libstdc++.6.0.9.tbd"; sourceTree = SDKROOT; };
		280045371C8060CE005F5C2E /* mapapi.bundle */ = {isa = PBXFileReference; lastKnownFileType = "wrapper.plug-in"; name = mapapi.bundle; path = BaiduMapAPI_Map.framework/Resources/mapapi.bundle; sourceTree = "<group>"; };
		800507341C7A9CDD005AF0BE /* fineix.app */ = {isa = PBXFileReference; explicitFileType = wrapper.application; includeInIndex = 0; path = fineix.app; sourceTree = BUILT_PRODUCTS_DIR; };
		800507381C7A9CDD005AF0BE /* main.m */ = {isa = PBXFileReference; lastKnownFileType = sourcecode.c.objc; path = main.m; sourceTree = "<group>"; };
		8005073A1C7A9CDD005AF0BE /* AppDelegate.h */ = {isa = PBXFileReference; lastKnownFileType = sourcecode.c.h; path = AppDelegate.h; sourceTree = "<group>"; };
		8005073B1C7A9CDD005AF0BE /* AppDelegate.mm */ = {isa = PBXFileReference; lastKnownFileType = sourcecode.cpp.objcpp; path = AppDelegate.mm; sourceTree = "<group>"; };
		800507441C7A9CDD005AF0BE /* fineix.xcdatamodel */ = {isa = PBXFileReference; lastKnownFileType = wrapper.xcdatamodel; path = fineix.xcdatamodel; sourceTree = "<group>"; };
		800507461C7A9CDD005AF0BE /* Assets.xcassets */ = {isa = PBXFileReference; lastKnownFileType = folder.assetcatalog; path = Assets.xcassets; sourceTree = "<group>"; };
		800507491C7A9CDD005AF0BE /* Base */ = {isa = PBXFileReference; lastKnownFileType = file.storyboard; name = Base; path = Base.lproj/LaunchScreen.storyboard; sourceTree = "<group>"; };
		8005074B1C7A9CDD005AF0BE /* Info.plist */ = {isa = PBXFileReference; lastKnownFileType = text.plist.xml; path = Info.plist; sourceTree = "<group>"; };
		B4C4D9FF10AA9DA389828C7D /* Pods.debug.xcconfig */ = {isa = PBXFileReference; includeInIndex = 1; lastKnownFileType = text.xcconfig; name = Pods.debug.xcconfig; path = "Pods/Target Support Files/Pods/Pods.debug.xcconfig"; sourceTree = "<group>"; };
		BA7E5463E540D9166EC06720 /* Pods.release.xcconfig */ = {isa = PBXFileReference; includeInIndex = 1; lastKnownFileType = text.xcconfig; name = Pods.release.xcconfig; path = "Pods/Target Support Files/Pods/Pods.release.xcconfig"; sourceTree = "<group>"; };
		D802D7781C821D41007AFA3D /* AssetsLibrary.framework */ = {isa = PBXFileReference; lastKnownFileType = wrapper.framework; name = AssetsLibrary.framework; path = System/Library/Frameworks/AssetsLibrary.framework; sourceTree = SDKROOT; };
		D802D7891C844101007AFA3D /* AVFoundation.framework */ = {isa = PBXFileReference; lastKnownFileType = wrapper.framework; name = AVFoundation.framework; path = System/Library/Frameworks/AVFoundation.framework; sourceTree = SDKROOT; };
		D82399AF1C8D6EAD007428D1 /* FBFiltersCollectionViewCell.m */ = {isa = PBXFileReference; fileEncoding = 4; lastKnownFileType = sourcecode.c.objc; path = FBFiltersCollectionViewCell.m; sourceTree = "<group>"; };
		D82399B01C8D6EAD007428D1 /* FiltersView.m */ = {isa = PBXFileReference; fileEncoding = 4; lastKnownFileType = sourcecode.c.objc; path = FiltersView.m; sourceTree = "<group>"; };
		D82399B11C8D6EAD007428D1 /* FiltersView.h */ = {isa = PBXFileReference; fileEncoding = 4; lastKnownFileType = sourcecode.c.h; path = FiltersView.h; sourceTree = "<group>"; };
		D82399B21C8D6EAD007428D1 /* FBFiltersCollectionViewCell.h */ = {isa = PBXFileReference; fileEncoding = 4; lastKnownFileType = sourcecode.c.h; path = FBFiltersCollectionViewCell.h; sourceTree = "<group>"; };
		D82399B31C8D6EAD007428D1 /* CameraView.m */ = {isa = PBXFileReference; fileEncoding = 4; lastKnownFileType = sourcecode.c.objc; path = CameraView.m; sourceTree = "<group>"; };
		D82399B41C8D6EAD007428D1 /* CameraView.h */ = {isa = PBXFileReference; fileEncoding = 4; lastKnownFileType = sourcecode.c.h; path = CameraView.h; sourceTree = "<group>"; };
		D82399B91C8D6EB5007428D1 /* CropImageViewController.m */ = {isa = PBXFileReference; fileEncoding = 4; lastKnownFileType = sourcecode.c.objc; path = CropImageViewController.m; sourceTree = "<group>"; };
		D82399BA1C8D6EB5007428D1 /* ReleaseViewController.m */ = {isa = PBXFileReference; fileEncoding = 4; lastKnownFileType = sourcecode.c.objc; path = ReleaseViewController.m; sourceTree = "<group>"; };
		D82399BB1C8D6EB5007428D1 /* FiltersViewController.m */ = {isa = PBXFileReference; fileEncoding = 4; lastKnownFileType = sourcecode.c.objc; path = FiltersViewController.m; sourceTree = "<group>"; };
		D82399BC1C8D6EB5007428D1 /* FiltersViewController.h */ = {isa = PBXFileReference; fileEncoding = 4; lastKnownFileType = sourcecode.c.h; path = FiltersViewController.h; sourceTree = "<group>"; };
		D82399BE1C8D6EB5007428D1 /* MarkGoodsViewController.m */ = {isa = PBXFileReference; fileEncoding = 4; lastKnownFileType = sourcecode.c.objc; path = MarkGoodsViewController.m; sourceTree = "<group>"; };
		D82399BF1C8D6EB5007428D1 /* AddUrlViewController.m */ = {isa = PBXFileReference; fileEncoding = 4; lastKnownFileType = sourcecode.c.objc; path = AddUrlViewController.m; sourceTree = "<group>"; };
		D82399C01C8D6EB5007428D1 /* ReleaseViewController.h */ = {isa = PBXFileReference; fileEncoding = 4; lastKnownFileType = sourcecode.c.h; path = ReleaseViewController.h; sourceTree = "<group>"; };
		D82399C21C8D6EB5007428D1 /* AddUrlViewController.h */ = {isa = PBXFileReference; fileEncoding = 4; lastKnownFileType = sourcecode.c.h; path = AddUrlViewController.h; sourceTree = "<group>"; };
		D82399C31C8D6EB5007428D1 /* MarkGoodsViewController.h */ = {isa = PBXFileReference; fileEncoding = 4; lastKnownFileType = sourcecode.c.h; path = MarkGoodsViewController.h; sourceTree = "<group>"; };
		D82399C41C8D6EB5007428D1 /* ClipImageViewController.h */ = {isa = PBXFileReference; fileEncoding = 4; lastKnownFileType = sourcecode.c.h; path = ClipImageViewController.h; sourceTree = "<group>"; };
		D82399C51C8D6EB5007428D1 /* PictureToolViewController.m */ = {isa = PBXFileReference; fileEncoding = 4; lastKnownFileType = sourcecode.c.objc; path = PictureToolViewController.m; sourceTree = "<group>"; };
		D82399C61C8D6EB5007428D1 /* ClipImageViewController.m */ = {isa = PBXFileReference; fileEncoding = 4; lastKnownFileType = sourcecode.c.objc; path = ClipImageViewController.m; sourceTree = "<group>"; };
		D82399C71C8D6EB5007428D1 /* CropImageViewController.h */ = {isa = PBXFileReference; fileEncoding = 4; lastKnownFileType = sourcecode.c.h; path = CropImageViewController.h; sourceTree = "<group>"; };
		D82399C81C8D6EB5007428D1 /* PictureToolViewController.h */ = {isa = PBXFileReference; fileEncoding = 4; lastKnownFileType = sourcecode.c.h; path = PictureToolViewController.h; sourceTree = "<group>"; };
		D82399D11C8D6EBC007428D1 /* FBFilters.h */ = {isa = PBXFileReference; fileEncoding = 4; lastKnownFileType = sourcecode.c.h; path = FBFilters.h; sourceTree = "<group>"; };
		D82399D21C8D6EBC007428D1 /* FBFilters.m */ = {isa = PBXFileReference; fileEncoding = 4; lastKnownFileType = sourcecode.c.objc; path = FBFilters.m; sourceTree = "<group>"; };
		D82DAF971C82026700E0650B /* FBPictureCollectionViewCell.h */ = {isa = PBXFileReference; fileEncoding = 4; lastKnownFileType = sourcecode.c.h; path = FBPictureCollectionViewCell.h; sourceTree = "<group>"; };
		D82DAF981C82026700E0650B /* FBPictureCollectionViewCell.m */ = {isa = PBXFileReference; fileEncoding = 4; lastKnownFileType = sourcecode.c.objc; path = FBPictureCollectionViewCell.m; sourceTree = "<group>"; };
		D8368FCB1C85A67700673306 /* CropImageView.h */ = {isa = PBXFileReference; fileEncoding = 4; lastKnownFileType = sourcecode.c.h; path = CropImageView.h; sourceTree = "<group>"; };
		D8368FCC1C85A67700673306 /* CropImageView.m */ = {isa = PBXFileReference; fileEncoding = 4; lastKnownFileType = sourcecode.c.objc; path = CropImageView.m; sourceTree = "<group>"; };
		D83A64311C8E7765003DB8BB /* Photos.framework */ = {isa = PBXFileReference; lastKnownFileType = wrapper.framework; name = Photos.framework; path = System/Library/Frameworks/Photos.framework; sourceTree = SDKROOT; };
		D83A64341C8E7EAD003DB8BB /* Foundation.framework */ = {isa = PBXFileReference; lastKnownFileType = wrapper.framework; name = Foundation.framework; path = System/Library/Frameworks/Foundation.framework; sourceTree = SDKROOT; };
		D83A64361C8E7EBD003DB8BB /* CoreVideo.framework */ = {isa = PBXFileReference; lastKnownFileType = wrapper.framework; name = CoreVideo.framework; path = System/Library/Frameworks/CoreVideo.framework; sourceTree = SDKROOT; };
		D83A64381C8E7EC5003DB8BB /* CoreMedia.framework */ = {isa = PBXFileReference; lastKnownFileType = wrapper.framework; name = CoreMedia.framework; path = System/Library/Frameworks/CoreMedia.framework; sourceTree = SDKROOT; };
		D83A643A1C8E7ED2003DB8BB /* CoreImage.framework */ = {isa = PBXFileReference; lastKnownFileType = wrapper.framework; name = CoreImage.framework; path = System/Library/Frameworks/CoreImage.framework; sourceTree = SDKROOT; };
		D859B7961C91803400685CF6 /* ScenceMessageView.h */ = {isa = PBXFileReference; fileEncoding = 4; lastKnownFileType = sourcecode.c.h; path = ScenceMessageView.h; sourceTree = "<group>"; };
		D859B7971C91803400685CF6 /* ScenceMessageView.m */ = {isa = PBXFileReference; fileEncoding = 4; lastKnownFileType = sourcecode.c.objc; path = ScenceMessageView.m; sourceTree = "<group>"; };
		D859B7991C926DBC00685CF6 /* PictureView.h */ = {isa = PBXFileReference; fileEncoding = 4; lastKnownFileType = sourcecode.c.h; path = PictureView.h; sourceTree = "<group>"; };
		D859B79A1C926DBC00685CF6 /* PictureView.m */ = {isa = PBXFileReference; fileEncoding = 4; lastKnownFileType = sourcecode.c.objc; path = PictureView.m; sourceTree = "<group>"; };
		D859B7A11C92A5C300685CF6 /* ScenceAddMoreView.h */ = {isa = PBXFileReference; fileEncoding = 4; lastKnownFileType = sourcecode.c.h; path = ScenceAddMoreView.h; sourceTree = "<group>"; };
		D859B7A21C92A5C300685CF6 /* ScenceAddMoreView.m */ = {isa = PBXFileReference; fileEncoding = 4; lastKnownFileType = sourcecode.c.objc; path = ScenceAddMoreView.m; sourceTree = "<group>"; };
		D8BFA5F11C820F3600F5C1B7 /* FBPhoto.h */ = {isa = PBXFileReference; fileEncoding = 4; lastKnownFileType = sourcecode.c.h; path = FBPhoto.h; sourceTree = "<group>"; };
		D8BFA5F21C820F3600F5C1B7 /* FBPhoto.m */ = {isa = PBXFileReference; fileEncoding = 4; lastKnownFileType = sourcecode.c.objc; path = FBPhoto.m; sourceTree = "<group>"; };
		D8BFA5F41C8211DE00F5C1B7 /* FBLoadPhoto.h */ = {isa = PBXFileReference; fileEncoding = 4; lastKnownFileType = sourcecode.c.h; path = FBLoadPhoto.h; sourceTree = "<group>"; };
		D8BFA5F51C8211DE00F5C1B7 /* FBLoadPhoto.m */ = {isa = PBXFileReference; fileEncoding = 4; lastKnownFileType = sourcecode.c.objc; path = FBLoadPhoto.m; sourceTree = "<group>"; };
		D8D8B64B1C80ABFF00DD6BBE /* FBPictureViewController.h */ = {isa = PBXFileReference; fileEncoding = 4; lastKnownFileType = sourcecode.c.h; path = FBPictureViewController.h; sourceTree = "<group>"; };
		D8D8B64C1C80ABFF00DD6BBE /* FBPictureViewController.m */ = {isa = PBXFileReference; fileEncoding = 4; lastKnownFileType = sourcecode.c.objc; path = FBPictureViewController.m; sourceTree = "<group>"; };
		D8D8B64E1C80AF9F00DD6BBE /* CreateViewController.h */ = {isa = PBXFileReference; fileEncoding = 4; lastKnownFileType = sourcecode.c.h; path = CreateViewController.h; sourceTree = "<group>"; };
		D8D8B64F1C80AF9F00DD6BBE /* CreateViewController.m */ = {isa = PBXFileReference; fileEncoding = 4; lastKnownFileType = sourcecode.c.objc; path = CreateViewController.m; sourceTree = "<group>"; };
		D8D8B6511C80B8DF00DD6BBE /* FBFootView.h */ = {isa = PBXFileReference; fileEncoding = 4; lastKnownFileType = sourcecode.c.h; path = FBFootView.h; sourceTree = "<group>"; };
		D8D8B6521C80B8DF00DD6BBE /* FBFootView.m */ = {isa = PBXFileReference; fileEncoding = 4; lastKnownFileType = sourcecode.c.objc; path = FBFootView.m; sourceTree = "<group>"; };
		D8E3E3AC1C8FCCB6000CA536 /* FBViewController.h */ = {isa = PBXFileReference; fileEncoding = 4; lastKnownFileType = sourcecode.c.h; path = FBViewController.h; sourceTree = "<group>"; };
		D8E3E3AD1C8FCCB6000CA536 /* FBViewController.m */ = {isa = PBXFileReference; fileEncoding = 4; lastKnownFileType = sourcecode.c.objc; path = FBViewController.m; sourceTree = "<group>"; };
		D8EFC5781C801E8C0002509D /* FBNavigationViewController.h */ = {isa = PBXFileReference; fileEncoding = 4; lastKnownFileType = sourcecode.c.h; path = FBNavigationViewController.h; sourceTree = "<group>"; };
		D8EFC5791C801E8C0002509D /* FBNavigationViewController.m */ = {isa = PBXFileReference; fileEncoding = 4; lastKnownFileType = sourcecode.c.objc; path = FBNavigationViewController.m; sourceTree = "<group>"; };
		D8EFC57B1C8024500002509D /* UIColor+Extension.m */ = {isa = PBXFileReference; fileEncoding = 4; lastKnownFileType = sourcecode.c.objc; path = "UIColor+Extension.m"; sourceTree = "<group>"; };
		D8EFC57C1C8024500002509D /* UIImageView+SDWedImage.h */ = {isa = PBXFileReference; fileEncoding = 4; lastKnownFileType = sourcecode.c.h; path = "UIImageView+SDWedImage.h"; sourceTree = "<group>"; };
		D8EFC57D1C8024500002509D /* HttpTool.m */ = {isa = PBXFileReference; fileEncoding = 4; lastKnownFileType = sourcecode.c.objc; path = HttpTool.m; sourceTree = "<group>"; };
		D8EFC57E1C8024500002509D /* HttpTool.h */ = {isa = PBXFileReference; fileEncoding = 4; lastKnownFileType = sourcecode.c.h; path = HttpTool.h; sourceTree = "<group>"; };
		D8EFC57F1C8024500002509D /* UIImageView+SDWedImage.m */ = {isa = PBXFileReference; fileEncoding = 4; lastKnownFileType = sourcecode.c.objc; path = "UIImageView+SDWedImage.m"; sourceTree = "<group>"; };
		D8EFC5801C8024500002509D /* UIColor+Extension.h */ = {isa = PBXFileReference; fileEncoding = 4; lastKnownFileType = sourcecode.c.h; path = "UIColor+Extension.h"; sourceTree = "<group>"; };
		D8EFC5841C80257F0002509D /* Fineix.h */ = {isa = PBXFileReference; lastKnownFileType = sourcecode.c.h; path = Fineix.h; sourceTree = "<group>"; };
		D8EFC5851C802B6C0002509D /* FBTabBarController.h */ = {isa = PBXFileReference; fileEncoding = 4; lastKnownFileType = sourcecode.c.h; path = FBTabBarController.h; sourceTree = "<group>"; };
		D8EFC5861C802B6C0002509D /* FBTabBarController.m */ = {isa = PBXFileReference; fileEncoding = 4; lastKnownFileType = sourcecode.c.objc; path = FBTabBarController.m; sourceTree = "<group>"; };
		D8EFC5881C802D300002509D /* HomeViewController.h */ = {isa = PBXFileReference; fileEncoding = 4; lastKnownFileType = sourcecode.c.h; path = HomeViewController.h; sourceTree = "<group>"; };
		D8EFC5891C802D300002509D /* HomeViewController.m */ = {isa = PBXFileReference; fileEncoding = 4; lastKnownFileType = sourcecode.c.objc; path = HomeViewController.m; sourceTree = "<group>"; };
		D8EFC5971C802DD40002509D /* DiscoverViewController.h */ = {isa = PBXFileReference; fileEncoding = 4; lastKnownFileType = sourcecode.c.h; path = DiscoverViewController.h; sourceTree = "<group>"; };
		D8EFC5981C802DD40002509D /* DiscoverViewController.m */ = {isa = PBXFileReference; fileEncoding = 4; lastKnownFileType = sourcecode.c.objc; path = DiscoverViewController.m; sourceTree = "<group>"; };
		D8EFC59D1C802DF20002509D /* MallViewController.h */ = {isa = PBXFileReference; fileEncoding = 4; lastKnownFileType = sourcecode.c.h; path = MallViewController.h; sourceTree = "<group>"; };
		D8EFC59E1C802DF20002509D /* MallViewController.m */ = {isa = PBXFileReference; fileEncoding = 4; lastKnownFileType = sourcecode.c.objc; path = MallViewController.m; sourceTree = "<group>"; };
		D8EFC5A01C802E3D0002509D /* MyViewController.h */ = {isa = PBXFileReference; fileEncoding = 4; lastKnownFileType = sourcecode.c.h; path = MyViewController.h; sourceTree = "<group>"; };
		D8EFC5A11C802E3D0002509D /* MyViewController.m */ = {isa = PBXFileReference; fileEncoding = 4; lastKnownFileType = sourcecode.c.objc; path = MyViewController.m; sourceTree = "<group>"; };
		D8EFC5A21C802E3D0002509D /* MyViewController.xib */ = {isa = PBXFileReference; fileEncoding = 4; lastKnownFileType = file.xib; path = MyViewController.xib; sourceTree = "<group>"; };
		D8EFC5A71C80326E0002509D /* FBTabBar.h */ = {isa = PBXFileReference; fileEncoding = 4; lastKnownFileType = sourcecode.c.h; path = FBTabBar.h; sourceTree = "<group>"; };
		D8EFC5A81C80326E0002509D /* FBTabBar.m */ = {isa = PBXFileReference; fileEncoding = 4; lastKnownFileType = sourcecode.c.objc; path = FBTabBar.m; sourceTree = "<group>"; };
		D8FC11D51C9669AF009D7AFE /* PhotoAlbumsView.h */ = {isa = PBXFileReference; fileEncoding = 4; lastKnownFileType = sourcecode.c.h; path = PhotoAlbumsView.h; sourceTree = "<group>"; };
		D8FC11D61C9669AF009D7AFE /* PhotoAlbumsView.m */ = {isa = PBXFileReference; fileEncoding = 4; lastKnownFileType = sourcecode.c.objc; path = PhotoAlbumsView.m; sourceTree = "<group>"; };
		D8FC11D81C966A48009D7AFE /* PhotoAlbumsTableViewCell.h */ = {isa = PBXFileReference; fileEncoding = 4; lastKnownFileType = sourcecode.c.h; path = PhotoAlbumsTableViewCell.h; sourceTree = "<group>"; };
		D8FC11D91C966A48009D7AFE /* PhotoAlbumsTableViewCell.m */ = {isa = PBXFileReference; fileEncoding = 4; lastKnownFileType = sourcecode.c.objc; path = PhotoAlbumsTableViewCell.m; sourceTree = "<group>"; };
/* End PBXFileReference section */

/* Begin PBXFrameworksBuildPhase section */
		800507311C7A9CDD005AF0BE /* Frameworks */ = {
			isa = PBXFrameworksBuildPhase;
			buildActionMask = 2147483647;
			files = (
				280045131C805B82005F5C2E /* QuartzCore.framework in Frameworks */,
				280045191C805CA3005F5C2E /* CoreGraphics.framework in Frameworks */,
				D83A643B1C8E7ED2003DB8BB /* CoreImage.framework in Frameworks */,
				D83A64391C8E7EC5003DB8BB /* CoreMedia.framework in Frameworks */,
				D83A64371C8E7EBD003DB8BB /* CoreVideo.framework in Frameworks */,
				D83A64351C8E7EAD003DB8BB /* Foundation.framework in Frameworks */,
				D83A64331C8E7E93003DB8BB /* AVFoundation.framework in Frameworks */,
				D83A64321C8E7765003DB8BB /* Photos.framework in Frameworks */,
				D802D7791C821D41007AFA3D /* AssetsLibrary.framework in Frameworks */,
				280045211C805CD7005F5C2E /* libstdc++.6.0.9.tbd in Frameworks */,
				2800451F1C805CCA005F5C2E /* CoreTelephony.framework in Frameworks */,
				2800451D1C805CBD005F5C2E /* libsqlite3.0.tbd in Frameworks */,
				2800451B1C805CAC005F5C2E /* Security.framework in Frameworks */,
				280045171C805C92005F5C2E /* SystemConfiguration.framework in Frameworks */,
				280045151C805B8C005F5C2E /* OpenGLES.framework in Frameworks */,
				280045111C805B78005F5C2E /* CoreLocation.framework in Frameworks */,
				55D67234CCA76FD2485B1ED6 /* libPods.a in Frameworks */,
				280044FE1C80582D005F5C2E /* BaiduMapAPI_Radar.framework in Frameworks */,
				280044FA1C80582D005F5C2E /* BaiduMapAPI_Base.framework in Frameworks */,
				280044FB1C80582D005F5C2E /* BaiduMapAPI_Cloud.framework in Frameworks */,
				280045001C80582D005F5C2E /* BaiduMapAPI_Utils.framework in Frameworks */,
				280044FD1C80582D005F5C2E /* BaiduMapAPI_Map.framework in Frameworks */,
				280044FC1C80582D005F5C2E /* BaiduMapAPI_Location.framework in Frameworks */,
				280044FF1C80582D005F5C2E /* BaiduMapAPI_Search.framework in Frameworks */,
			);
			runOnlyForDeploymentPostprocessing = 0;
		};
/* End PBXFrameworksBuildPhase section */

/* Begin PBXGroup section */
		1FB14C7A1C96AD4600319276 /* Public */ = {
			isa = PBXGroup;
			children = (
				1FB14C751C96AD3C00319276 /* FBSearchLocationViewController.h */,
				1FB14C761C96AD3C00319276 /* FBSearchLocationViewController.m */,
				1FB14C771C96AD3C00319276 /* FBSearchLocationViewController.xib */,
			);
			name = Public;
			sourceTree = "<group>";
		};
		1FB14C7E1C96AFEA00319276 /* MBProgressHUD */ = {
			isa = PBXGroup;
			children = (
				1FB14C7B1C96AFE200319276 /* MBProgressHUD.h */,
				1FB14C7C1C96AFE200319276 /* MBProgressHUD.m */,
			);
			name = MBProgressHUD;
			sourceTree = "<group>";
		};
		280044F11C8057E6005F5C2E /* Vendors */ = {
			isa = PBXGroup;
			children = (
				1FB14C7E1C96AFEA00319276 /* MBProgressHUD */,
				280044F21C80582D005F5C2E /* BaiduMapSDK */,
			);
			path = Vendors;
			sourceTree = "<group>";
		};
		280044F21C80582D005F5C2E /* BaiduMapSDK */ = {
			isa = PBXGroup;
			children = (
				280045371C8060CE005F5C2E /* mapapi.bundle */,
				280044F31C80582D005F5C2E /* BaiduMapAPI_Base.framework */,
				280044F41C80582D005F5C2E /* BaiduMapAPI_Cloud.framework */,
				280044F51C80582D005F5C2E /* BaiduMapAPI_Location.framework */,
				280044F61C80582D005F5C2E /* BaiduMapAPI_Map.framework */,
				280044F71C80582D005F5C2E /* BaiduMapAPI_Radar.framework */,
				280044F81C80582D005F5C2E /* BaiduMapAPI_Search.framework */,
				280044F91C80582D005F5C2E /* BaiduMapAPI_Utils.framework */,
			);
			path = BaiduMapSDK;
			sourceTree = "<group>";
		};
		4121957EDE4D4049941B2B88 /* Frameworks */ = {
			isa = PBXGroup;
			children = (
				D83A643A1C8E7ED2003DB8BB /* CoreImage.framework */,
				D83A64381C8E7EC5003DB8BB /* CoreMedia.framework */,
				D83A64361C8E7EBD003DB8BB /* CoreVideo.framework */,
				D83A64341C8E7EAD003DB8BB /* Foundation.framework */,
				D83A64311C8E7765003DB8BB /* Photos.framework */,
				D802D7891C844101007AFA3D /* AVFoundation.framework */,
				D802D7781C821D41007AFA3D /* AssetsLibrary.framework */,
				280045201C805CD7005F5C2E /* libstdc++.6.0.9.tbd */,
				2800451E1C805CCA005F5C2E /* CoreTelephony.framework */,
				2800451C1C805CBD005F5C2E /* libsqlite3.0.tbd */,
				2800451A1C805CAC005F5C2E /* Security.framework */,
				280045181C805CA3005F5C2E /* CoreGraphics.framework */,
				280045161C805C92005F5C2E /* SystemConfiguration.framework */,
				280045141C805B8C005F5C2E /* OpenGLES.framework */,
				280045121C805B82005F5C2E /* QuartzCore.framework */,
				280045101C805B78005F5C2E /* CoreLocation.framework */,
				0AC77CC62D3A6B8A760E3C5C /* libPods.a */,
			);
			name = Frameworks;
			sourceTree = "<group>";
		};
		5A9B22B44B8292690633DD3B /* Pods */ = {
			isa = PBXGroup;
			children = (
				B4C4D9FF10AA9DA389828C7D /* Pods.debug.xcconfig */,
				BA7E5463E540D9166EC06720 /* Pods.release.xcconfig */,
			);
			name = Pods;
			sourceTree = "<group>";
		};
		8005072B1C7A9CDD005AF0BE = {
			isa = PBXGroup;
			children = (
				800507361C7A9CDD005AF0BE /* fineix */,
				800507351C7A9CDD005AF0BE /* Products */,
				5A9B22B44B8292690633DD3B /* Pods */,
				4121957EDE4D4049941B2B88 /* Frameworks */,
			);
			sourceTree = "<group>";
		};
		800507351C7A9CDD005AF0BE /* Products */ = {
			isa = PBXGroup;
			children = (
				800507341C7A9CDD005AF0BE /* fineix.app */,
			);
			name = Products;
			sourceTree = "<group>";
		};
		800507361C7A9CDD005AF0BE /* fineix */ = {
			isa = PBXGroup;
			children = (
				D8EFC5611C801BE40002509D /* Classes */,
				D8EFC56F1C801BE40002509D /* Expand */,
				280044F11C8057E6005F5C2E /* Vendors */,
				8005073A1C7A9CDD005AF0BE /* AppDelegate.h */,
				8005073B1C7A9CDD005AF0BE /* AppDelegate.mm */,
				800507461C7A9CDD005AF0BE /* Assets.xcassets */,
				800507431C7A9CDD005AF0BE /* fineix.xcdatamodeld */,
				800507371C7A9CDD005AF0BE /* Supporting Files */,
			);
			path = fineix;
			sourceTree = "<group>";
		};
		800507371C7A9CDD005AF0BE /* Supporting Files */ = {
			isa = PBXGroup;
			children = (
				800507381C7A9CDD005AF0BE /* main.m */,
				800507481C7A9CDD005AF0BE /* LaunchScreen.storyboard */,
				8005074B1C7A9CDD005AF0BE /* Info.plist */,
			);
			name = "Supporting Files";
			sourceTree = "<group>";
		};
		D82FC3CC1C820EF300DCAA7C /* Other */ = {
			isa = PBXGroup;
			children = (
				D82399D11C8D6EBC007428D1 /* FBFilters.h */,
				D82399D21C8D6EBC007428D1 /* FBFilters.m */,
				D8BFA5F11C820F3600F5C1B7 /* FBPhoto.h */,
				D8BFA5F21C820F3600F5C1B7 /* FBPhoto.m */,
				D8BFA5F41C8211DE00F5C1B7 /* FBLoadPhoto.h */,
				D8BFA5F51C8211DE00F5C1B7 /* FBLoadPhoto.m */,
			);
			path = Other;
			sourceTree = "<group>";
		};
		D8D8B64A1C80ABEC00DD6BBE /* Picture */ = {
			isa = PBXGroup;
			children = (
				D8D8B64B1C80ABFF00DD6BBE /* FBPictureViewController.h */,
				D8D8B64C1C80ABFF00DD6BBE /* FBPictureViewController.m */,
			);
			path = Picture;
			sourceTree = "<group>";
		};
		D8E3E3AB1C8FCCB6000CA536 /* BaseClass */ = {
			isa = PBXGroup;
			children = (
				D8E3E3AC1C8FCCB6000CA536 /* FBViewController.h */,
				D8E3E3AD1C8FCCB6000CA536 /* FBViewController.m */,
			);
			path = BaseClass;
			sourceTree = "<group>";
		};
		D8EFC5611C801BE40002509D /* Classes */ = {
			isa = PBXGroup;
			children = (
				D8E3E3AB1C8FCCB6000CA536 /* BaseClass */,
				D8EFC5621C801BE40002509D /* Main */,
			);
			path = Classes;
			sourceTree = "<group>";
		};
		D8EFC5621C801BE40002509D /* Main */ = {
			isa = PBXGroup;
			children = (
				D8EFC5651C801BE40002509D /* Home */,
				D8EFC5641C801BE40002509D /* Discover */,
				D8EFC5631C801BE40002509D /* Create */,
				D8EFC5691C801BE40002509D /* Mall */,
				D8EFC56A1C801BE40002509D /* My */,
				D8EFC56B1C801BE40002509D /* Other */,
			);
			path = Main;
			sourceTree = "<group>";
		};
		D8EFC5631C801BE40002509D /* Create */ = {
			isa = PBXGroup;
			children = (
				D82FC3CC1C820EF300DCAA7C /* Other */,
				D8EFC58E1C802DAD0002509D /* Controller */,
				D8EFC58F1C802DAD0002509D /* Model */,
				D8EFC5901C802DAD0002509D /* View */,
			);
			path = Create;
			sourceTree = "<group>";
		};
		D8EFC5641C801BE40002509D /* Discover */ = {
			isa = PBXGroup;
			children = (
				D8EFC58B1C802DA50002509D /* Controller */,
				D8EFC58C1C802DA50002509D /* Model */,
				D8EFC58D1C802DA50002509D /* View */,
			);
			path = Discover;
			sourceTree = "<group>";
		};
		D8EFC5651C801BE40002509D /* Home */ = {
			isa = PBXGroup;
			children = (
				D8EFC5661C801BE40002509D /* Controller */,
				D8EFC5671C801BE40002509D /* Model */,
				D8EFC5681C801BE40002509D /* View */,
			);
			path = Home;
			sourceTree = "<group>";
		};
		D8EFC5661C801BE40002509D /* Controller */ = {
			isa = PBXGroup;
			children = (
				D8EFC5881C802D300002509D /* HomeViewController.h */,
				D8EFC5891C802D300002509D /* HomeViewController.m */,
			);
			path = Controller;
			sourceTree = "<group>";
		};
		D8EFC5671C801BE40002509D /* Model */ = {
			isa = PBXGroup;
			children = (
			);
			path = Model;
			sourceTree = "<group>";
		};
		D8EFC5681C801BE40002509D /* View */ = {
			isa = PBXGroup;
			children = (
			);
			path = View;
			sourceTree = "<group>";
		};
		D8EFC5691C801BE40002509D /* Mall */ = {
			isa = PBXGroup;
			children = (
				D8EFC5911C802DB50002509D /* Controller */,
				D8EFC5921C802DB50002509D /* Model */,
				D8EFC5931C802DB50002509D /* View */,
			);
			path = Mall;
			sourceTree = "<group>";
		};
		D8EFC56A1C801BE40002509D /* My */ = {
			isa = PBXGroup;
			children = (
				D8EFC5941C802DBE0002509D /* Controller */,
				D8EFC5951C802DBE0002509D /* Model */,
				D8EFC5961C802DBE0002509D /* View */,
			);
			path = My;
			sourceTree = "<group>";
		};
		D8EFC56B1C801BE40002509D /* Other */ = {
			isa = PBXGroup;
			children = (
				1FB14C7A1C96AD4600319276 /* Public */,
				D8D8B64A1C80ABEC00DD6BBE /* Picture */,
				D8EFC56C1C801BE40002509D /* Navigation */,
				D8EFC56E1C801BE40002509D /* TabBar */,
			);
			path = Other;
			sourceTree = "<group>";
		};
		D8EFC56C1C801BE40002509D /* Navigation */ = {
			isa = PBXGroup;
			children = (
				D8EFC5781C801E8C0002509D /* FBNavigationViewController.h */,
				D8EFC5791C801E8C0002509D /* FBNavigationViewController.m */,
			);
			path = Navigation;
			sourceTree = "<group>";
		};
		D8EFC56E1C801BE40002509D /* TabBar */ = {
			isa = PBXGroup;
			children = (
				D8EFC5851C802B6C0002509D /* FBTabBarController.h */,
				D8EFC5861C802B6C0002509D /* FBTabBarController.m */,
				D8EFC5A71C80326E0002509D /* FBTabBar.h */,
				D8EFC5A81C80326E0002509D /* FBTabBar.m */,
			);
			path = TabBar;
			sourceTree = "<group>";
		};
		D8EFC56F1C801BE40002509D /* Expand */ = {
			isa = PBXGroup;
			children = (
				D8EFC5701C801BE40002509D /* DataBase */,
				D8EFC5711C801BE40002509D /* Macro */,
				D8EFC5721C801BE40002509D /* Network */,
				D8EFC5731C801BE40002509D /* Tool */,
			);
			path = Expand;
			sourceTree = "<group>";
		};
		D8EFC5701C801BE40002509D /* DataBase */ = {
			isa = PBXGroup;
			children = (
			);
			path = DataBase;
			sourceTree = "<group>";
		};
		D8EFC5711C801BE40002509D /* Macro */ = {
			isa = PBXGroup;
			children = (
				D8EFC5841C80257F0002509D /* Fineix.h */,
			);
			path = Macro;
			sourceTree = "<group>";
		};
		D8EFC5721C801BE40002509D /* Network */ = {
			isa = PBXGroup;
			children = (
			);
			path = Network;
			sourceTree = "<group>";
		};
		D8EFC5731C801BE40002509D /* Tool */ = {
			isa = PBXGroup;
			children = (
				D8EFC5801C8024500002509D /* UIColor+Extension.h */,
				D8EFC57B1C8024500002509D /* UIColor+Extension.m */,
				D8EFC57C1C8024500002509D /* UIImageView+SDWedImage.h */,
				D8EFC57F1C8024500002509D /* UIImageView+SDWedImage.m */,
				D8EFC57E1C8024500002509D /* HttpTool.h */,
				D8EFC57D1C8024500002509D /* HttpTool.m */,
			);
			path = Tool;
			sourceTree = "<group>";
		};
		D8EFC58B1C802DA50002509D /* Controller */ = {
			isa = PBXGroup;
			children = (
				D8EFC5971C802DD40002509D /* DiscoverViewController.h */,
				D8EFC5981C802DD40002509D /* DiscoverViewController.m */,
			);
			path = Controller;
			sourceTree = "<group>";
		};
		D8EFC58C1C802DA50002509D /* Model */ = {
			isa = PBXGroup;
			children = (
			);
			path = Model;
			sourceTree = "<group>";
		};
		D8EFC58D1C802DA50002509D /* View */ = {
			isa = PBXGroup;
			children = (
			);
			path = View;
			sourceTree = "<group>";
		};
		D8EFC58E1C802DAD0002509D /* Controller */ = {
			isa = PBXGroup;
			children = (
				D82399C31C8D6EB5007428D1 /* MarkGoodsViewController.h */,
				D82399BE1C8D6EB5007428D1 /* MarkGoodsViewController.m */,
				D82399C21C8D6EB5007428D1 /* AddUrlViewController.h */,
				D82399BF1C8D6EB5007428D1 /* AddUrlViewController.m */,
				D82399C01C8D6EB5007428D1 /* ReleaseViewController.h */,
				D82399BA1C8D6EB5007428D1 /* ReleaseViewController.m */,
				D82399BC1C8D6EB5007428D1 /* FiltersViewController.h */,
				D82399BB1C8D6EB5007428D1 /* FiltersViewController.m */,
				D82399C41C8D6EB5007428D1 /* ClipImageViewController.h */,
				D82399C61C8D6EB5007428D1 /* ClipImageViewController.m */,
				D82399C71C8D6EB5007428D1 /* CropImageViewController.h */,
				D82399B91C8D6EB5007428D1 /* CropImageViewController.m */,
				D8D8B64E1C80AF9F00DD6BBE /* CreateViewController.h */,
				D8D8B64F1C80AF9F00DD6BBE /* CreateViewController.m */,
				D82399C81C8D6EB5007428D1 /* PictureToolViewController.h */,
				D82399C51C8D6EB5007428D1 /* PictureToolViewController.m */,
			);
			path = Controller;
			sourceTree = "<group>";
		};
		D8EFC58F1C802DAD0002509D /* Model */ = {
			isa = PBXGroup;
			children = (
			);
			path = Model;
			sourceTree = "<group>";
		};
		D8EFC5901C802DAD0002509D /* View */ = {
			isa = PBXGroup;
			children = (
				D859B7991C926DBC00685CF6 /* PictureView.h */,
				D859B79A1C926DBC00685CF6 /* PictureView.m */,
				D82399B41C8D6EAD007428D1 /* CameraView.h */,
				D82399B31C8D6EAD007428D1 /* CameraView.m */,
				D8FC11D51C9669AF009D7AFE /* PhotoAlbumsView.h */,
				D8FC11D61C9669AF009D7AFE /* PhotoAlbumsView.m */,
				D8FC11D81C966A48009D7AFE /* PhotoAlbumsTableViewCell.h */,
				D8FC11D91C966A48009D7AFE /* PhotoAlbumsTableViewCell.m */,
				D82399B21C8D6EAD007428D1 /* FBFiltersCollectionViewCell.h */,
				D82399AF1C8D6EAD007428D1 /* FBFiltersCollectionViewCell.m */,
				D82399B11C8D6EAD007428D1 /* FiltersView.h */,
				D82399B01C8D6EAD007428D1 /* FiltersView.m */,
				D82DAF971C82026700E0650B /* FBPictureCollectionViewCell.h */,
				D82DAF981C82026700E0650B /* FBPictureCollectionViewCell.m */,
				D8368FCB1C85A67700673306 /* CropImageView.h */,
				D8368FCC1C85A67700673306 /* CropImageView.m */,
				D8D8B6511C80B8DF00DD6BBE /* FBFootView.h */,
				D8D8B6521C80B8DF00DD6BBE /* FBFootView.m */,
				D859B7961C91803400685CF6 /* ScenceMessageView.h */,
				D859B7971C91803400685CF6 /* ScenceMessageView.m */,
				D859B7A11C92A5C300685CF6 /* ScenceAddMoreView.h */,
				D859B7A21C92A5C300685CF6 /* ScenceAddMoreView.m */,
			);
			path = View;
			sourceTree = "<group>";
		};
		D8EFC5911C802DB50002509D /* Controller */ = {
			isa = PBXGroup;
			children = (
				D8EFC59D1C802DF20002509D /* MallViewController.h */,
				D8EFC59E1C802DF20002509D /* MallViewController.m */,
			);
			path = Controller;
			sourceTree = "<group>";
		};
		D8EFC5921C802DB50002509D /* Model */ = {
			isa = PBXGroup;
			children = (
			);
			path = Model;
			sourceTree = "<group>";
		};
		D8EFC5931C802DB50002509D /* View */ = {
			isa = PBXGroup;
			children = (
			);
			path = View;
			sourceTree = "<group>";
		};
		D8EFC5941C802DBE0002509D /* Controller */ = {
			isa = PBXGroup;
			children = (
				D8EFC5A01C802E3D0002509D /* MyViewController.h */,
				D8EFC5A11C802E3D0002509D /* MyViewController.m */,
				D8EFC5A21C802E3D0002509D /* MyViewController.xib */,
			);
			path = Controller;
			sourceTree = "<group>";
		};
		D8EFC5951C802DBE0002509D /* Model */ = {
			isa = PBXGroup;
			children = (
			);
			path = Model;
			sourceTree = "<group>";
		};
		D8EFC5961C802DBE0002509D /* View */ = {
			isa = PBXGroup;
			children = (
			);
			path = View;
			sourceTree = "<group>";
		};
/* End PBXGroup section */

/* Begin PBXNativeTarget section */
		800507331C7A9CDD005AF0BE /* fineix */ = {
			isa = PBXNativeTarget;
			buildConfigurationList = 8005074E1C7A9CDD005AF0BE /* Build configuration list for PBXNativeTarget "fineix" */;
			buildPhases = (
				5B0046B35EA55605032674EF /* Check Pods Manifest.lock */,
				800507301C7A9CDD005AF0BE /* Sources */,
				800507311C7A9CDD005AF0BE /* Frameworks */,
				800507321C7A9CDD005AF0BE /* Resources */,
				64F71C1459E6969F153DEA5F /* Embed Pods Frameworks */,
				08B89841461E596EA239601E /* Copy Pods Resources */,
			);
			buildRules = (
			);
			dependencies = (
			);
			name = fineix;
			productName = fineix;
			productReference = 800507341C7A9CDD005AF0BE /* fineix.app */;
			productType = "com.apple.product-type.application";
		};
/* End PBXNativeTarget section */

/* Begin PBXProject section */
		8005072C1C7A9CDD005AF0BE /* Project object */ = {
			isa = PBXProject;
			attributes = {
				LastUpgradeCheck = 0720;
				ORGANIZATIONNAME = taihuoniao;
				TargetAttributes = {
					800507331C7A9CDD005AF0BE = {
						CreatedOnToolsVersion = 7.2.1;
						DevelopmentTeam = QNKEA2Q4R9;
					};
				};
			};
			buildConfigurationList = 8005072F1C7A9CDD005AF0BE /* Build configuration list for PBXProject "fineix" */;
			compatibilityVersion = "Xcode 3.2";
			developmentRegion = English;
			hasScannedForEncodings = 0;
			knownRegions = (
				en,
				Base,
			);
			mainGroup = 8005072B1C7A9CDD005AF0BE;
			productRefGroup = 800507351C7A9CDD005AF0BE /* Products */;
			projectDirPath = "";
			projectRoot = "";
			targets = (
				800507331C7A9CDD005AF0BE /* fineix */,
			);
		};
/* End PBXProject section */

/* Begin PBXResourcesBuildPhase section */
		800507321C7A9CDD005AF0BE /* Resources */ = {
			isa = PBXResourcesBuildPhase;
			buildActionMask = 2147483647;
			files = (
				280045381C8060CE005F5C2E /* mapapi.bundle in Resources */,
				8005074A1C7A9CDD005AF0BE /* LaunchScreen.storyboard in Resources */,
				D8EFC5A41C802E3D0002509D /* MyViewController.xib in Resources */,
				1FB14C791C96AD3C00319276 /* FBSearchLocationViewController.xib in Resources */,
				800507471C7A9CDD005AF0BE /* Assets.xcassets in Resources */,
			);
			runOnlyForDeploymentPostprocessing = 0;
		};
/* End PBXResourcesBuildPhase section */

/* Begin PBXShellScriptBuildPhase section */
		08B89841461E596EA239601E /* Copy Pods Resources */ = {
			isa = PBXShellScriptBuildPhase;
			buildActionMask = 2147483647;
			files = (
			);
			inputPaths = (
			);
			name = "Copy Pods Resources";
			outputPaths = (
			);
			runOnlyForDeploymentPostprocessing = 0;
			shellPath = /bin/sh;
			shellScript = "\"${SRCROOT}/Pods/Target Support Files/Pods/Pods-resources.sh\"\n";
			showEnvVarsInLog = 0;
		};
		5B0046B35EA55605032674EF /* Check Pods Manifest.lock */ = {
			isa = PBXShellScriptBuildPhase;
			buildActionMask = 2147483647;
			files = (
			);
			inputPaths = (
			);
			name = "Check Pods Manifest.lock";
			outputPaths = (
			);
			runOnlyForDeploymentPostprocessing = 0;
			shellPath = /bin/sh;
			shellScript = "diff \"${PODS_ROOT}/../Podfile.lock\" \"${PODS_ROOT}/Manifest.lock\" > /dev/null\nif [[ $? != 0 ]] ; then\n    cat << EOM\nerror: The sandbox is not in sync with the Podfile.lock. Run 'pod install' or update your CocoaPods installation.\nEOM\n    exit 1\nfi\n";
			showEnvVarsInLog = 0;
		};
		64F71C1459E6969F153DEA5F /* Embed Pods Frameworks */ = {
			isa = PBXShellScriptBuildPhase;
			buildActionMask = 2147483647;
			files = (
			);
			inputPaths = (
			);
			name = "Embed Pods Frameworks";
			outputPaths = (
			);
			runOnlyForDeploymentPostprocessing = 0;
			shellPath = /bin/sh;
			shellScript = "\"${SRCROOT}/Pods/Target Support Files/Pods/Pods-frameworks.sh\"\n";
			showEnvVarsInLog = 0;
		};
/* End PBXShellScriptBuildPhase section */

/* Begin PBXSourcesBuildPhase section */
		800507301C7A9CDD005AF0BE /* Sources */ = {
			isa = PBXSourcesBuildPhase;
			buildActionMask = 2147483647;
			files = (
				D8EFC59F1C802DF20002509D /* MallViewController.m in Sources */,
				D82399D31C8D6EBC007428D1 /* FBFilters.m in Sources */,
				8005073C1C7A9CDD005AF0BE /* AppDelegate.mm in Sources */,
				D82399B61C8D6EAD007428D1 /* FBFiltersCollectionViewCell.m in Sources */,
				D8D8B6531C80B8DF00DD6BBE /* FBFootView.m in Sources */,
				D82399CE1C8D6EB5007428D1 /* AddUrlViewController.m in Sources */,
				D82399CA1C8D6EB5007428D1 /* ReleaseViewController.m in Sources */,
				D8D8B6501C80AF9F00DD6BBE /* CreateViewController.m in Sources */,
				D859B7A31C92A5C300685CF6 /* ScenceAddMoreView.m in Sources */,
				D8D8B64D1C80ABFF00DD6BBE /* FBPictureViewController.m in Sources */,
				800507451C7A9CDD005AF0BE /* fineix.xcdatamodeld in Sources */,
				D8EFC5811C8024500002509D /* UIColor+Extension.m in Sources */,
				D8FC11DA1C966A48009D7AFE /* PhotoAlbumsTableViewCell.m in Sources */,
				D8EFC57A1C801E8C0002509D /* FBNavigationViewController.m in Sources */,
				D8FC11D71C9669AF009D7AFE /* PhotoAlbumsView.m in Sources */,
				D8BFA5F31C820F3600F5C1B7 /* FBPhoto.m in Sources */,
				D82399B81C8D6EAD007428D1 /* CameraView.m in Sources */,
				800507391C7A9CDD005AF0BE /* main.m in Sources */,
				D8EFC5991C802DD40002509D /* DiscoverViewController.m in Sources */,
				D82399C91C8D6EB5007428D1 /* CropImageViewController.m in Sources */,
				D8E3E3AE1C8FCCB6000CA536 /* FBViewController.m in Sources */,
				D8EFC58A1C802D300002509D /* HomeViewController.m in Sources */,
				1FB14C7D1C96AFE200319276 /* MBProgressHUD.m in Sources */,
				D8368FCD1C85A67700673306 /* CropImageView.m in Sources */,
				D8EFC5821C8024500002509D /* HttpTool.m in Sources */,
				D8EFC5831C8024500002509D /* UIImageView+SDWedImage.m in Sources */,
				D82DAF991C82026700E0650B /* FBPictureCollectionViewCell.m in Sources */,
				D8EFC5871C802B6C0002509D /* FBTabBarController.m in Sources */,
				D82399CD1C8D6EB5007428D1 /* MarkGoodsViewController.m in Sources */,
				D82399CF1C8D6EB5007428D1 /* PictureToolViewController.m in Sources */,
				D8BFA5F61C8211DE00F5C1B7 /* FBLoadPhoto.m in Sources */,
				D8EFC5A31C802E3D0002509D /* MyViewController.m in Sources */,
				D82399CB1C8D6EB5007428D1 /* FiltersViewController.m in Sources */,
				D859B79B1C926DBC00685CF6 /* PictureView.m in Sources */,
				D82399B71C8D6EAD007428D1 /* FiltersView.m in Sources */,
				D859B7981C91803400685CF6 /* ScenceMessageView.m in Sources */,
				D82399D01C8D6EB5007428D1 /* ClipImageViewController.m in Sources */,
				D8EFC5A91C80326E0002509D /* FBTabBar.m in Sources */,
				1FB14C781C96AD3C00319276 /* FBSearchLocationViewController.m in Sources */,
			);
			runOnlyForDeploymentPostprocessing = 0;
		};
/* End PBXSourcesBuildPhase section */

/* Begin PBXVariantGroup section */
		800507481C7A9CDD005AF0BE /* LaunchScreen.storyboard */ = {
			isa = PBXVariantGroup;
			children = (
				800507491C7A9CDD005AF0BE /* Base */,
			);
			name = LaunchScreen.storyboard;
			sourceTree = "<group>";
		};
/* End PBXVariantGroup section */

/* Begin XCBuildConfiguration section */
		8005074C1C7A9CDD005AF0BE /* Debug */ = {
			isa = XCBuildConfiguration;
			buildSettings = {
				ALWAYS_SEARCH_USER_PATHS = NO;
				CLANG_CXX_LANGUAGE_STANDARD = "gnu++0x";
				CLANG_CXX_LIBRARY = "libc++";
				CLANG_ENABLE_MODULES = YES;
				CLANG_ENABLE_OBJC_ARC = YES;
				CLANG_WARN_BOOL_CONVERSION = YES;
				CLANG_WARN_CONSTANT_CONVERSION = YES;
				CLANG_WARN_DIRECT_OBJC_ISA_USAGE = YES_ERROR;
				CLANG_WARN_EMPTY_BODY = YES;
				CLANG_WARN_ENUM_CONVERSION = YES;
				CLANG_WARN_INT_CONVERSION = YES;
				CLANG_WARN_OBJC_ROOT_CLASS = YES_ERROR;
				CLANG_WARN_UNREACHABLE_CODE = YES;
				CLANG_WARN__DUPLICATE_METHOD_MATCH = YES;
				CODE_SIGN_IDENTITY = "iPhone Developer: Xiaoyi Tian (65JXH7V6N9)";
				"CODE_SIGN_IDENTITY[sdk=iphoneos*]" = "iPhone Developer: Xiaoyi Tian (65JXH7V6N9)";
				COPY_PHASE_STRIP = NO;
				DEBUG_INFORMATION_FORMAT = dwarf;
				ENABLE_STRICT_OBJC_MSGSEND = YES;
				ENABLE_TESTABILITY = YES;
				GCC_C_LANGUAGE_STANDARD = gnu99;
				GCC_DYNAMIC_NO_PIC = NO;
				GCC_NO_COMMON_BLOCKS = YES;
				GCC_OPTIMIZATION_LEVEL = 0;
				GCC_PREPROCESSOR_DEFINITIONS = (
					"DEBUG=1",
					"$(inherited)",
				);
				GCC_WARN_64_TO_32_BIT_CONVERSION = YES;
				GCC_WARN_ABOUT_RETURN_TYPE = YES_ERROR;
				GCC_WARN_UNDECLARED_SELECTOR = YES;
				GCC_WARN_UNINITIALIZED_AUTOS = YES_AGGRESSIVE;
				GCC_WARN_UNUSED_FUNCTION = YES;
				GCC_WARN_UNUSED_VARIABLE = YES;
				IPHONEOS_DEPLOYMENT_TARGET = 9.2;
				MTL_ENABLE_DEBUG_INFO = YES;
				ONLY_ACTIVE_ARCH = YES;
				SDKROOT = iphoneos;
			};
			name = Debug;
		};
		8005074D1C7A9CDD005AF0BE /* Release */ = {
			isa = XCBuildConfiguration;
			buildSettings = {
				ALWAYS_SEARCH_USER_PATHS = NO;
				CLANG_CXX_LANGUAGE_STANDARD = "gnu++0x";
				CLANG_CXX_LIBRARY = "libc++";
				CLANG_ENABLE_MODULES = YES;
				CLANG_ENABLE_OBJC_ARC = YES;
				CLANG_WARN_BOOL_CONVERSION = YES;
				CLANG_WARN_CONSTANT_CONVERSION = YES;
				CLANG_WARN_DIRECT_OBJC_ISA_USAGE = YES_ERROR;
				CLANG_WARN_EMPTY_BODY = YES;
				CLANG_WARN_ENUM_CONVERSION = YES;
				CLANG_WARN_INT_CONVERSION = YES;
				CLANG_WARN_OBJC_ROOT_CLASS = YES_ERROR;
				CLANG_WARN_UNREACHABLE_CODE = YES;
				CLANG_WARN__DUPLICATE_METHOD_MATCH = YES;
				CODE_SIGN_IDENTITY = "iPhone Developer: Xiaoyi Tian (65JXH7V6N9)";
				"CODE_SIGN_IDENTITY[sdk=iphoneos*]" = "iPhone Developer: Xiaoyi Tian (65JXH7V6N9)";
				COPY_PHASE_STRIP = NO;
				DEBUG_INFORMATION_FORMAT = "dwarf-with-dsym";
				ENABLE_NS_ASSERTIONS = NO;
				ENABLE_STRICT_OBJC_MSGSEND = YES;
				GCC_C_LANGUAGE_STANDARD = gnu99;
				GCC_NO_COMMON_BLOCKS = YES;
				GCC_WARN_64_TO_32_BIT_CONVERSION = YES;
				GCC_WARN_ABOUT_RETURN_TYPE = YES_ERROR;
				GCC_WARN_UNDECLARED_SELECTOR = YES;
				GCC_WARN_UNINITIALIZED_AUTOS = YES_AGGRESSIVE;
				GCC_WARN_UNUSED_FUNCTION = YES;
				GCC_WARN_UNUSED_VARIABLE = YES;
				IPHONEOS_DEPLOYMENT_TARGET = 9.2;
				MTL_ENABLE_DEBUG_INFO = NO;
				SDKROOT = iphoneos;
				VALIDATE_PRODUCT = YES;
			};
			name = Release;
		};
		8005074F1C7A9CDD005AF0BE /* Debug */ = {
			isa = XCBuildConfiguration;
			baseConfigurationReference = B4C4D9FF10AA9DA389828C7D /* Pods.debug.xcconfig */;
			buildSettings = {
				ASSETCATALOG_COMPILER_APPICON_NAME = AppIcon;
				CODE_SIGN_IDENTITY = "iPhone Developer: Xiaoyi Tian (65JXH7V6N9)";
				"CODE_SIGN_IDENTITY[sdk=iphoneos*]" = "iPhone Developer: Xiaoyi Tian (65JXH7V6N9)";
				FRAMEWORK_SEARCH_PATHS = (
					"$(inherited)",
					"$(PROJECT_DIR)/fineix/Vendors/BaiduMapSDK",
				);
				GCC_INPUT_FILETYPE = sourcecode.cpp.objcpp;
				INFOPLIST_FILE = fineix/Info.plist;
				IPHONEOS_DEPLOYMENT_TARGET = 8.0;
				LD_RUNPATH_SEARCH_PATHS = "$(inherited) @executable_path/Frameworks";
				PRODUCT_BUNDLE_IDENTIFIER = com.THN.fineix;
				PRODUCT_NAME = "$(TARGET_NAME)";
				PROVISIONING_PROFILE = "";
				USER_HEADER_SEARCH_PATHS = "$(SRCROOT)";
			};
			name = Debug;
		};
		800507501C7A9CDD005AF0BE /* Release */ = {
			isa = XCBuildConfiguration;
			baseConfigurationReference = BA7E5463E540D9166EC06720 /* Pods.release.xcconfig */;
			buildSettings = {
				ASSETCATALOG_COMPILER_APPICON_NAME = AppIcon;
				CODE_SIGN_IDENTITY = "iPhone Developer: Xiaoyi Tian (65JXH7V6N9)";
				"CODE_SIGN_IDENTITY[sdk=iphoneos*]" = "iPhone Developer: Xiaoyi Tian (65JXH7V6N9)";
				FRAMEWORK_SEARCH_PATHS = (
					"$(inherited)",
					"$(PROJECT_DIR)/fineix/Vendors/BaiduMapSDK",
				);
				GCC_INPUT_FILETYPE = sourcecode.cpp.objcpp;
				INFOPLIST_FILE = fineix/Info.plist;
				IPHONEOS_DEPLOYMENT_TARGET = 8.0;
				LD_RUNPATH_SEARCH_PATHS = "$(inherited) @executable_path/Frameworks";
				PRODUCT_BUNDLE_IDENTIFIER = com.THN.fineix;
				PRODUCT_NAME = "$(TARGET_NAME)";
				PROVISIONING_PROFILE = "";
				USER_HEADER_SEARCH_PATHS = "$(SRCROOT)";
			};
			name = Release;
		};
/* End XCBuildConfiguration section */

/* Begin XCConfigurationList section */
		8005072F1C7A9CDD005AF0BE /* Build configuration list for PBXProject "fineix" */ = {
			isa = XCConfigurationList;
			buildConfigurations = (
				8005074C1C7A9CDD005AF0BE /* Debug */,
				8005074D1C7A9CDD005AF0BE /* Release */,
			);
			defaultConfigurationIsVisible = 0;
			defaultConfigurationName = Release;
		};
		8005074E1C7A9CDD005AF0BE /* Build configuration list for PBXNativeTarget "fineix" */ = {
			isa = XCConfigurationList;
			buildConfigurations = (
				8005074F1C7A9CDD005AF0BE /* Debug */,
				800507501C7A9CDD005AF0BE /* Release */,
			);
			defaultConfigurationIsVisible = 0;
			defaultConfigurationName = Release;
		};
/* End XCConfigurationList section */

/* Begin XCVersionGroup section */
		800507431C7A9CDD005AF0BE /* fineix.xcdatamodeld */ = {
			isa = XCVersionGroup;
			children = (
				800507441C7A9CDD005AF0BE /* fineix.xcdatamodel */,
			);
			currentVersion = 800507441C7A9CDD005AF0BE /* fineix.xcdatamodel */;
			path = fineix.xcdatamodeld;
			sourceTree = "<group>";
			versionGroupType = wrapper.xcdatamodel;
		};
/* End XCVersionGroup section */
	};
	rootObject = 8005072C1C7A9CDD005AF0BE /* Project object */;
}
